{
  "version": 4,
  "terraform_version": "1.10.0",
  "serial": 1332,
  "lineage": "8ba07c4a-ff91-9c32-3a6f-7dab6ac9edf3",
  "outputs": {
    "ec2_instance_id": {
      "value": "i-05eccdeebd4fbcde3",
      "type": "string"
    },
    "ec2_public_ip": {
      "value": "54.90.167.236",
      "type": "string"
    },
    "lambda_function_name": {
      "value": "Lambda_process_s3_files",
      "type": "string"
    },
    "private_subnets": {
      "value": [
        "subnet-0234af756bc5d1d79",
        "subnet-084d2723e1df1f04b"
      ],
      "type": [
        "tuple",
        [
          "string",
          "string"
        ]
      ]
    },
    "public_subnets": {
      "value": [
        "subnet-05438b747ff8fd48a",
        "subnet-07eaaa84291837728"
      ],
      "type": [
        "tuple",
        [
          "string",
          "string"
        ]
      ]
    },
    "rds_endpoint": {
      "value": "terraform-20241210001317834100000003.cubztwhxubed.us-east-1.rds.amazonaws.com:3306",
      "type": "string"
    },
    "rds_port": {
      "value": 3306,
      "type": "number"
    },
    "rds_secret_arn": {
      "value": "arn:aws:secretsmanager:us-east-1:243558588266:secret:rds_credentials_ajt4um-BKEZCx",
      "type": "string"
    },
    "rds_subnet_group": {
      "value": "rds-subnet-group",
      "type": "string"
    },
    "s3_bucket_arn": {
      "value": "arn:aws:s3:::thebucket8i4mzhiq1182001",
      "type": "string"
    },
    "s3_bucket_name": {
      "value": "thebucket8i4mzhiq1182001",
      "type": "string"
    },
    "sns_topic_arn": {
      "value": "arn:aws:sns:us-east-1:243558588266:data-notification-topic",
      "type": "string"
    },
    "sqs_queue_url": {
      "value": "https://sqs.us-east-1.amazonaws.com/243558588266/data-processing-queue",
      "type": "string"
    },
    "vpc_id": {
      "value": "vpc-01a1ff6d5cbaefe06",
      "type": "string"
    }
  },
  "resources": [
    {
      "module": "module.ec2",
      "mode": "managed",
      "type": "aws_instance",
      "name": "web",
      "provider": "provider[\"registry.terraform.io/hashicorp/aws\"]",
      "instances": [
        {
          "schema_version": 1,
          "attributes": {
            "ami": "ami-0453ec754f44f9a4a",
            "arn": "arn:aws:ec2:us-east-1:243558588266:instance/i-05eccdeebd4fbcde3",
            "associate_public_ip_address": true,
            "availability_zone": "us-east-1a",
            "capacity_reservation_specification": [
              {
                "capacity_reservation_preference": "open",
                "capacity_reservation_target": []
              }
            ],
            "cpu_core_count": 1,
            "cpu_options": [
              {
                "amd_sev_snp": "",
                "core_count": 1,
                "threads_per_core": 1
              }
            ],
            "cpu_threads_per_core": 1,
            "credit_specification": [
              {
                "cpu_credits": "standard"
              }
            ],
            "disable_api_stop": false,
            "disable_api_termination": false,
            "ebs_block_device": [],
            "ebs_optimized": false,
            "enclave_options": [
              {
                "enabled": false
              }
            ],
            "ephemeral_block_device": [],
            "get_password_data": false,
            "hibernation": false,
            "host_id": "",
            "host_resource_group_arn": null,
            "iam_instance_profile": "ec2_ssm_profile",
            "id": "i-05eccdeebd4fbcde3",
            "instance_initiated_shutdown_behavior": "stop",
            "instance_lifecycle": "",
            "instance_market_options": [],
            "instance_state": "running",
            "instance_type": "t2.micro",
            "ipv6_address_count": 0,
            "ipv6_addresses": [],
            "key_name": "my-ssh-key",
            "launch_template": [],
            "maintenance_options": [
              {
                "auto_recovery": "default"
              }
            ],
            "metadata_options": [
              {
                "http_endpoint": "enabled",
                "http_protocol_ipv6": "disabled",
                "http_put_response_hop_limit": 2,
                "http_tokens": "required",
                "instance_metadata_tags": "disabled"
              }
            ],
            "monitoring": false,
            "network_interface": [],
            "outpost_arn": "",
            "password_data": "",
            "placement_group": "",
            "placement_partition_number": 0,
            "primary_network_interface_id": "eni-073776b5017409eae",
            "private_dns": "ip-10-0-0-158.ec2.internal",
            "private_dns_name_options": [
              {
                "enable_resource_name_dns_a_record": false,
                "enable_resource_name_dns_aaaa_record": false,
                "hostname_type": "ip-name"
              }
            ],
            "private_ip": "10.0.0.158",
            "public_dns": "",
            "public_ip": "54.90.167.236",
            "root_block_device": [
              {
                "delete_on_termination": true,
                "device_name": "/dev/xvda",
                "encrypted": false,
                "iops": 3000,
                "kms_key_id": "",
                "tags": {},
                "tags_all": {},
                "throughput": 125,
                "volume_id": "vol-03991b5ae7a2f41a7",
                "volume_size": 8,
                "volume_type": "gp3"
              }
            ],
            "secondary_private_ips": [],
            "security_groups": [],
            "source_dest_check": true,
            "spot_instance_request_id": "",
            "subnet_id": "subnet-05438b747ff8fd48a",
            "tags": {
              "Name": "Web Server with HTTPie"
            },
            "tags_all": {
              "Name": "Web Server with HTTPie"
            },
            "tenancy": "default",
            "timeouts": null,
            "user_data": "98ef8bd84e06271313231ea985d04060a162dfc5",
            "user_data_base64": null,
            "user_data_replace_on_change": false,
            "volume_tags": null,
            "vpc_security_group_ids": [
              "sg-08dac0f60f6e4d3df"
            ]
          },
          "sensitive_attributes": [],
          "private": "eyJlMmJmYjczMC1lY2FhLTExZTYtOGY4OC0zNDM2M2JjN2M0YzAiOnsiY3JlYXRlIjo2MDAwMDAwMDAwMDAsImRlbGV0ZSI6MTIwMDAwMDAwMDAwMCwicmVhZCI6OTAwMDAwMDAwMDAwLCJ1cGRhdGUiOjYwMDAwMDAwMDAwMH0sInNjaGVtYV92ZXJzaW9uIjoiMSJ9",
          "dependencies": [
            "module.ec2.aws_key_pair.ssh",
            "module.ec2.aws_security_group.web",
            "module.ec2.tls_private_key.ssh",
            "module.iam.aws_iam_instance_profile.ec2_ssm_profile",
            "module.iam.aws_iam_role.ec2_ssm_role",
            "module.vpc.aws_subnet.public",
            "module.vpc.aws_vpc.main",
            "module.vpc.data.aws_availability_zones.available"
          ]
        }
      ]
    },
    {
      "module": "module.ec2",
      "mode": "managed",
      "type": "aws_key_pair",
      "name": "ssh",
      "provider": "provider[\"registry.terraform.io/hashicorp/aws\"]",
      "instances": [
        {
          "schema_version": 1,
          "attributes": {
            "arn": "arn:aws:ec2:us-east-1:243558588266:key-pair/my-ssh-key",
            "fingerprint": "a4:96:6b:5a:31:9b:1a:56:83:82:70:40:9a:47:84:c4",
            "id": "my-ssh-key",
            "key_name": "my-ssh-key",
            "key_name_prefix": "",
            "key_pair_id": "key-0c62db8341fbfc282",
            "key_type": "rsa",
            "public_key": "ssh-rsa AAAAB3NzaC1yc2EAAAADAQABAAACAQDCxBQ9KaNgpWHRctfKfo+54lP59teS6O6n48e71bTWu2cWpt9JSBM/EstAp3tv+6moYgzbjku8bTZ08STknWPXZPrKHmUque4f9oNuK3FsdCLWWDoHDRcBnKpJI+nRlxazW7ZHTA4igaXpRicEZ90mhDf40aIbc44m6kTPoJCG2nmhWGsuv5vCwt1mdIiI7LL78pvCl8iTq71cuoGPQ/0ZfQ0PdKEEprag8ey6ecJoEC7Ve3HB6Dm9lxS/+iDiT08WDE+NXPzfcjSK8+uFHHBCkisToH/4dutjlK/lN/C8k+tEjf3jZZGugLQ/gQlyq8/XlObPOruBbjB5545Ny3W85RBc++Hj1T8KGW0D5Ss7pHV/gm7ARPn9/lWouncLItFKZ6ffJV/K3uuWUfRwZ3pnW85OxCIH+bCVLJlrV9QowC+Mfxx3BA6XT2HRiLP/xBl7b8Z/uoMoFSECISShz72gsVqhl4lcdTptnhy/IOGmocqoNWtJr+eSMjjEZoFba6WxavWqBQsJPzK9pPu55p+PzcP3AbCazdQxqN2tEZcRrhhexPQKq/kuHDcGkwtCGZtzjX2umctuz3AhALY9utyvsHQLF7FQNs4/EvFcrNShGdNa08frtRc7KTFinGWEF4udfjVLJWP6DGkow2dqTP8/8pYMwyxVz2uYGPGrmV7eLw==",
            "tags": null,
            "tags_all": {}
          },
          "sensitive_attributes": [],
          "private": "eyJzY2hlbWFfdmVyc2lvbiI6IjEifQ==",
          "dependencies": [
            "module.ec2.tls_private_key.ssh"
          ]
        }
      ]
    },
    {
      "module": "module.ec2",
      "mode": "managed",
      "type": "aws_security_group",
      "name": "web",
      "provider": "provider[\"registry.terraform.io/hashicorp/aws\"]",
      "instances": [
        {
          "schema_version": 1,
          "attributes": {
            "arn": "arn:aws:ec2:us-east-1:243558588266:security-group/sg-08dac0f60f6e4d3df",
            "description": "Allow SSH and HTTP inbound traffic",
            "egress": [
              {
                "cidr_blocks": [
                  "0.0.0.0/0"
                ],
                "description": "",
                "from_port": 0,
                "ipv6_cidr_blocks": [],
                "prefix_list_ids": [],
                "protocol": "-1",
                "security_groups": [],
                "self": false,
                "to_port": 0
              }
            ],
            "id": "sg-08dac0f60f6e4d3df",
            "ingress": [
              {
                "cidr_blocks": [
                  "0.0.0.0/0"
                ],
                "description": "HTTP from anywhere",
                "from_port": 80,
                "ipv6_cidr_blocks": [],
                "prefix_list_ids": [],
                "protocol": "tcp",
                "security_groups": [],
                "self": false,
                "to_port": 80
              },
              {
                "cidr_blocks": [
                  "0.0.0.0/0"
                ],
                "description": "SSH from anywhere",
                "from_port": 22,
                "ipv6_cidr_blocks": [],
                "prefix_list_ids": [],
                "protocol": "tcp",
                "security_groups": [],
                "self": false,
                "to_port": 22
              }
            ],
            "name": "allow-ssh-and-http",
            "name_prefix": "",
            "owner_id": "243558588266",
            "revoke_rules_on_delete": false,
            "tags": {
              "Name": "web-sg"
            },
            "tags_all": {
              "Name": "web-sg"
            },
            "timeouts": null,
            "vpc_id": "vpc-01a1ff6d5cbaefe06"
          },
          "sensitive_attributes": [],
          "private": "eyJlMmJmYjczMC1lY2FhLTExZTYtOGY4OC0zNDM2M2JjN2M0YzAiOnsiY3JlYXRlIjo2MDAwMDAwMDAwMDAsImRlbGV0ZSI6OTAwMDAwMDAwMDAwfSwic2NoZW1hX3ZlcnNpb24iOiIxIn0=",
          "dependencies": [
            "module.vpc.aws_vpc.main"
          ]
        }
      ]
    },
    {
      "module": "module.ec2",
      "mode": "managed",
      "type": "local_file",
      "name": "private_key_pem",
      "provider": "provider[\"registry.terraform.io/hashicorp/local\"]",
      "instances": [
        {
          "schema_version": 0,
          "attributes": {
            "content": "-----BEGIN RSA PRIVATE KEY-----\nMIIJKQIBAAKCAgEAwsQUPSmjYKVh0XLXyn6PueJT+fbXkujup+PHu9W01rtnFqbf\nSUgTPxLLQKd7b/upqGIM245LvG02dPEk5J1j12T6yh5lKrnuH/aDbitxbHQi1lg6\nBw0XAZyqSSPp0ZcWs1u2R0wOIoGl6UYnBGfdJoQ3+NGiG3OOJupEz6CQhtp5oVhr\nLr+bwsLdZnSIiOyy+/KbwpfIk6u9XLqBj0P9GX0ND3ShBKa2oPHsunnCaBAu1Xtx\nweg5vZcUv/og4k9PFgxPjVz833I0ivPrhRxwQpIrE6B/+HbrY5Sv5TfwvJPrRI39\n42WRroC0P4EJcqvP15Tmzzq7gW4weeeOTct1vOUQXPvh49U/ChltA+UrO6R1f4Ju\nwET5/f5VqLp3CyLRSmen3yVfyt7rllH0cGd6Z1vOTsQiB/mwlSyZa1fUKMAvjH8c\ndwQOl09h0Yiz/8QZe2/Gf7qDKBUhAiEkoc+9oLFaoZeJXHU6bZ4cvyDhpqHKqDVr\nSa/nkjI4xGaBW2ulsWr1qgULCT8yvaT7ueafj83D9wGwms3UMajdrRGXEa4YXsT0\nCqv5Lhw3BpMLQhmbc419rpnLbs9wIQC2Pbrcr7B0CxexUDbOPxLxXKzUoRnTWtPH\n67UXOykxYpxlhBeLnX41SyVj+gxpKMNnakz/P/KWDMMsVc9rmBjxq5le3i8CAwEA\nAQKCAgA52BJKt/sV0QhkND9ynHQDOPzH2E/eCeAXbMb9OlMjEzVivNzD3uwYZ3SG\nFzfJ4mxY3gYDjxdfNvBdeuECJNxqNEtni+9v6RiX1ZbjOXPOSg+uqTVSssiKagUJ\nA+mFneHYEvzn3+ayyN6FkZg07sP3lH0rINeMX51wYVNedsl1w50sFh5/G9ke1tD6\nhNGoGORvf3ZTLNEdSnxK9flUm1SoJUOju3e28ex7kF5GY7MhRO0j6i228Ul0zVIU\nUi1CCVvrqGxYB63yjvCb9CWWuwN8Qf0ZLynSmT7/rEExSpPs7eGJ0sH8r0W9Fexy\nj9hGflCULlz+XushXaB4FBVndW3ZzpD08xs8iA4ytvEW9OXeT6xJDTpfg/pP6DTh\nehQlXK1255Q49IcSyeCWhAL8IhA8uGOdRB+b7ADmvDppY24l3cGLeEfP4Zzc1MIa\nElCq9JJV49qKSsply6VzcWau3hgTP0ocPA6H8puFxdql6Il682oP2yUZOPm7HPZt\n0ytF1BcfHPDWCCOfdpxDgkCcljhos78dWMWYgKtszg03Z8UU2nXWxMAGQPnFdTi4\nkoCv3puqKLrXhUkXR1hKPOeAa+yakWgQWBQUE2Xj9YYNOx8vTBmkeWjhLh1l8Y1t\nqHyoGsuzSIIuAtQuqqcxU7DSt7iN2VBOAIwHtwQofkVE9s8fgQKCAQEAx1meV7/v\nuKs8fFVtepUvtuPpDmR+Srfe5trW9j60mTI5kk9/Dn/UUDcCSEDhVhxHYc5S4qur\nA9PYL2tKaSIvh4h4ZOHN3/xZi8vnuUIhgpwshZL5T5JoIONKyOZVFn0EkBXtpzTr\nT0fJqJPl9Im8SeieAUq8fQZ9nVFXSQ4j3ttU0mfZAEEmF4JEnlThkw8GHayyBEhy\n2Y1Fg4IK5JCpzuZDPuimepGE1yAoRSVBWyxvn5nHsRmztiOl3b4cQmrCqPBKXvm7\ngbiut0s8wJS1d3RoJQTuBmcl9X6ieUBSOy6qhXH0CoR7b5Zxg7DswmfkiZ6KEjc6\n3W4fX6qc/JNcVwKCAQEA+hz44Shgcd/yKZ2qVFI+JnVhFj59V+FEn0Fz0Z1AU0pr\n/iEgvLN2zthZDeP1RnI8518iLyfeVVam7jlQNFtcSX7eT6M/RV0StS877dE7ujZb\nkKdKlS1ZSQFv6l2m1ZIITeqWm0abAsI7+9ebycKq78ErEaezoRxe4lNYXZ6o4VJ5\nX2uUtwJlSF0cWMY3QAiAsIOhsKmw+Su0JkdBGPlnJC9AGygun3bwTnpUh2/qPHDL\nQ15E+U+bGzLJWhTkFQ0lI0ISlKx6aMYhnyx0SzSGXpjPtaLCdPDYSx4wv/9pvWDe\nFTSuehF0UPzbTScYu8qGoX6EQiJYq1Ytq4Xvn8rl6QKCAQEAmRJ8np64IVIDUOl7\n9jul9saMh0utGgyUMSnrFAxUOqoxQOKgCm8nhSyoKPkAzlFKkpSOWpU87OR3RPoa\nmh3w5x5oa/ZjUlGAJPM+jKd1+ceX/D0+CNa/9DjzjM4omesHXOgpo1HkOe1CsJpY\nYex9Uzc2VIGhuFMKk4kJAATGkHJUcHfjTem4qSaTMAy3ZWeM565axyUmY1yx+ugZ\nGybl7QQssJqOcuFYYqPDqEySIcM+NwwrJRc6QmqfC2TWaD14GabhRIp4a4R3TDGO\nhcXqjb4p1fsyFmKP6DED6xzzx5PuxicZIBZYfffEVD2/nwuNlgrRtGkKX0sW9iuY\n/ezdYwKCAQEAiAbXyMUH5wbwEnggWem8yXfPTKTB0NjAVIjpb5hBkssH/tePkXFd\nbVO241oWXLDmtMNFuTXKsskE0s0y9La3c3VffRqA372l3gqJYmcIP9cuZ3bElmtq\ngs0YS/ORN9hLUe0C6gI1bgOrUeXKYanRA8IgJWL6y+W9KQRBK/GNUbZkMmQ1Jm9U\nHE4fi5yKEfZN3zJH7ufrSyjcunDIU8fYs5JLIDnzWWD7gwL/FAXm8+Y4djQ/+QO1\njM5LOgXgoh5bE1js+BTyIieXw5UOzpQLfElJtjSF48nVKM2Ln/BOVuPnBMt5FQSH\nKUDMGKLpzcBxBkXjsoAxj0W4Yu/eCh70eQKCAQAenjmMCWktsMc/zTsH9yOvRDH4\nr2G7hGUt+BxfqcjzbI4YtY2v7eiQTWxZ5iZEfFXZNWcCYGJw0rjlhdZuwZ/YN9Zd\nbkXXcfxPGPW2FNrcGR8lgqMsJa+YH/FnO1o6hN/2Q9kbZQ0R8phxV21YQv91F4Bn\nAYvHQqDg97Y8hxS0G9QI/OGQ9qgGVGaT7ky6fJhZzxnyS+NSeQ7eEuj7H5n07S4c\nKgTDKL0VgnGJ+5LKd/FVXWojGWnOd9Q+t3ZAYKG57JCyQQca04OszsC7yGPZD0pY\nsTw5DpgZsW5EUprt6wjOqo8F8qGrTqWi3pp/5Cgh/ad2yBSPHGCu4gl4Mpsl\n-----END RSA PRIVATE KEY-----\n",
            "content_base64": null,
            "content_base64sha256": "D9jHmFAWFnnXZriJBeEWWp6gymYDQAMm/5rsk4HLIUs=",
            "content_base64sha512": "HZEqRzKFyGnrkq+OBl6XtrcxZv2uaB50oDYjFnqCawbkaTxj7FvvUBNf5DlUq4munz39dBqcRwynQRqC39sa6g==",
            "content_md5": "6ebc93c7efd206ec2a05068f1a3ac38e",
            "content_sha1": "cf91418a5b3780385a341374c0ffd756da9515f3",
            "content_sha256": "0fd8c79850161679d766b88905e1165a9ea0ca6603400326ff9aec9381cb214b",
            "content_sha512": "1d912a473285c869eb92af8e065e97b6b73166fdae681e74a03623167a826b06e4693c63ec5bef50135fe43954ab89ae9f3dfd741a9c470ca7411a82dfdb1aea",
            "directory_permission": "0777",
            "file_permission": "400",
            "filename": "modules/ec2/my-ssh-key.pem",
            "id": "cf91418a5b3780385a341374c0ffd756da9515f3",
            "sensitive_content": null,
            "source": null
          },
          "sensitive_attributes": [
            [
              {
                "type": "get_attr",
                "value": "sensitive_content"
              }
            ],
            [
              {
                "type": "get_attr",
                "value": "content"
              }
            ]
          ],
          "dependencies": [
            "module.ec2.tls_private_key.ssh"
          ]
        }
      ]
    },
    {
      "module": "module.ec2",
      "mode": "managed",
      "type": "tls_private_key",
      "name": "ssh",
      "provider": "provider[\"registry.terraform.io/hashicorp/tls\"]",
      "instances": [
        {
          "schema_version": 1,
          "attributes": {
            "algorithm": "RSA",
            "ecdsa_curve": "P224",
            "id": "57b2501e28671efa9fe180ea0390341e1c277d3a",
            "private_key_openssh": "-----BEGIN OPENSSH PRIVATE KEY-----\nb3BlbnNzaC1rZXktdjEAAAAABG5vbmUAAAAEbm9uZQAAAAAAAAABAAACFwAAAAdz\nc2gtcnNhAAAAAwEAAQAAAgEAwsQUPSmjYKVh0XLXyn6PueJT+fbXkujup+PHu9W0\n1rtnFqbfSUgTPxLLQKd7b/upqGIM245LvG02dPEk5J1j12T6yh5lKrnuH/aDbitx\nbHQi1lg6Bw0XAZyqSSPp0ZcWs1u2R0wOIoGl6UYnBGfdJoQ3+NGiG3OOJupEz6CQ\nhtp5oVhrLr+bwsLdZnSIiOyy+/KbwpfIk6u9XLqBj0P9GX0ND3ShBKa2oPHsunnC\naBAu1Xtxweg5vZcUv/og4k9PFgxPjVz833I0ivPrhRxwQpIrE6B/+HbrY5Sv5Tfw\nvJPrRI3942WRroC0P4EJcqvP15Tmzzq7gW4weeeOTct1vOUQXPvh49U/ChltA+Ur\nO6R1f4JuwET5/f5VqLp3CyLRSmen3yVfyt7rllH0cGd6Z1vOTsQiB/mwlSyZa1fU\nKMAvjH8cdwQOl09h0Yiz/8QZe2/Gf7qDKBUhAiEkoc+9oLFaoZeJXHU6bZ4cvyDh\npqHKqDVrSa/nkjI4xGaBW2ulsWr1qgULCT8yvaT7ueafj83D9wGwms3UMajdrRGX\nEa4YXsT0Cqv5Lhw3BpMLQhmbc419rpnLbs9wIQC2Pbrcr7B0CxexUDbOPxLxXKzU\noRnTWtPH67UXOykxYpxlhBeLnX41SyVj+gxpKMNnakz/P/KWDMMsVc9rmBjxq5le\n3i8AAAc41UoJFdVKCRUAAAAHc3NoLXJzYQAAAgEAwsQUPSmjYKVh0XLXyn6PueJT\n+fbXkujup+PHu9W01rtnFqbfSUgTPxLLQKd7b/upqGIM245LvG02dPEk5J1j12T6\nyh5lKrnuH/aDbitxbHQi1lg6Bw0XAZyqSSPp0ZcWs1u2R0wOIoGl6UYnBGfdJoQ3\n+NGiG3OOJupEz6CQhtp5oVhrLr+bwsLdZnSIiOyy+/KbwpfIk6u9XLqBj0P9GX0N\nD3ShBKa2oPHsunnCaBAu1Xtxweg5vZcUv/og4k9PFgxPjVz833I0ivPrhRxwQpIr\nE6B/+HbrY5Sv5TfwvJPrRI3942WRroC0P4EJcqvP15Tmzzq7gW4weeeOTct1vOUQ\nXPvh49U/ChltA+UrO6R1f4JuwET5/f5VqLp3CyLRSmen3yVfyt7rllH0cGd6Z1vO\nTsQiB/mwlSyZa1fUKMAvjH8cdwQOl09h0Yiz/8QZe2/Gf7qDKBUhAiEkoc+9oLFa\noZeJXHU6bZ4cvyDhpqHKqDVrSa/nkjI4xGaBW2ulsWr1qgULCT8yvaT7ueafj83D\n9wGwms3UMajdrRGXEa4YXsT0Cqv5Lhw3BpMLQhmbc419rpnLbs9wIQC2Pbrcr7B0\nCxexUDbOPxLxXKzUoRnTWtPH67UXOykxYpxlhBeLnX41SyVj+gxpKMNnakz/P/KW\nDMMsVc9rmBjxq5le3i8AAAADAQABAAACADnYEkq3+xXRCGQ0P3KcdAM4/MfYT94J\n4Bdsxv06UyMTNWK83MPe7BhndIYXN8nibFjeBgOPF1828F164QIk3Go0S2eL72/p\nGJfVluM5c85KD66pNVKyyIpqBQkD6YWd4dgS/Off5rLI3oWRmDTuw/eUfSsg14xf\nnXBhU152yXXDnSwWHn8b2R7W0PqE0agY5G9/dlMs0R1KfEr1+VSbVKglQ6O7d7bx\n7HuQXkZjsyFE7SPqLbbxSXTNUhRSLUIJW+uobFgHrfKO8Jv0JZa7A3xB/RkvKdKZ\nPv+sQTFKk+zt4YnSwfyvRb0V7HKP2EZ+UJQuXP5e6yFdoHgUFWd1bdnOkPTzGzyI\nDjK28Rb05d5PrEkNOl+D+k/oNOF6FCVcrXbnlDj0hxLJ4JaEAvwiEDy4Y51EH5vs\nAOa8OmljbiXdwYt4R8/hnNzUwhoSUKr0klXj2opKymXLpXNxZq7eGBM/Shw8Dofy\nm4XF2qXoiXrzag/bJRk4+bsc9m3TK0XUFx8c8NYII592nEOCQJyWOGizvx1YxZiA\nq2zODTdnxRTaddbEwAZA+cV1OLiSgK/em6oouteFSRdHWEo854Br7JqRaBBYFBQT\nZeP1hg07Hy9MGaR5aOEuHWXxjW2ofKgay7NIgi4C1C6qpzFTsNK3uI3ZUE4AjAe3\nBCh+RUT2zx+BAAABAB6eOYwJaS2wxz/NOwf3I69EMfivYbuEZS34HF+pyPNsjhi1\nja/t6JBNbFnmJkR8Vdk1ZwJgYnDSuOWF1m7Bn9g31l1uRddx/E8Y9bYU2twZHyWC\noywlr5gf8Wc7WjqE3/ZD2RtlDRHymHFXbVhC/3UXgGcBi8dCoOD3tjyHFLQb1Aj8\n4ZD2qAZUZpPuTLp8mFnPGfJL41J5Dt4S6PsfmfTtLhwqBMMovRWCcYn7ksp38VVd\naiMZac531D63dkBgobnskLJBBxrTg6zOwLvIY9kPSlixPDkOmBmxbkRSmu3rCM6q\njwXyoatOpaLemn/kKCH9p3bIFI8cYK7iCXgymyUAAAEBAMdZnle/77irPHxVbXqV\nL7bj6Q5kfkq33uba1vY+tJkyOZJPfw5/1FA3AkhA4VYcR2HOUuKrqwPT2C9rSmki\nL4eIeGThzd/8WYvL57lCIYKcLIWS+U+SaCDjSsjmVRZ9BJAV7ac0609HyaiT5fSJ\nvEnongFKvH0GfZ1RV0kOI97bVNJn2QBBJheCRJ5U4ZMPBh2ssgRIctmNRYOCCuSQ\nqc7mQz7opnqRhNcgKEUlQVssb5+Zx7EZs7Yjpd2+HEJqwqjwSl75u4G4rrdLPMCU\ntXd0aCUE7gZnJfV+onlAUjsuqoVx9AqEe2+WcYOw7MJn5ImeihI3Ot1uH1+qnPyT\nXFcAAAEBAPoc+OEoYHHf8imdqlRSPiZ1YRY+fVfhRJ9Bc9GdQFNKa/4hILyzds7Y\nWQ3j9UZyPOdfIi8n3lVWpu45UDRbXEl+3k+jP0VdErUvO+3RO7o2W5CnSpUtWUkB\nb+pdptWSCE3qlptGmwLCO/vXm8nCqu/BKxGns6EcXuJTWF2eqOFSeV9rlLcCZUhd\nHFjGN0AIgLCDobCpsPkrtCZHQRj5ZyQvQBsoLp928E56VIdv6jxwy0NeRPlPmxsy\nyVoU5BUNJSNCEpSsemjGIZ8sdEs0hl6Yz7WiwnTw2EseML//ab1g3hU0rnoRdFD8\n200nGLvKhqF+hEIiWKtWLauF75/K5ekAAAAAAQID\n-----END OPENSSH PRIVATE KEY-----\n",
            "private_key_pem": "-----BEGIN RSA PRIVATE KEY-----\nMIIJKQIBAAKCAgEAwsQUPSmjYKVh0XLXyn6PueJT+fbXkujup+PHu9W01rtnFqbf\nSUgTPxLLQKd7b/upqGIM245LvG02dPEk5J1j12T6yh5lKrnuH/aDbitxbHQi1lg6\nBw0XAZyqSSPp0ZcWs1u2R0wOIoGl6UYnBGfdJoQ3+NGiG3OOJupEz6CQhtp5oVhr\nLr+bwsLdZnSIiOyy+/KbwpfIk6u9XLqBj0P9GX0ND3ShBKa2oPHsunnCaBAu1Xtx\nweg5vZcUv/og4k9PFgxPjVz833I0ivPrhRxwQpIrE6B/+HbrY5Sv5TfwvJPrRI39\n42WRroC0P4EJcqvP15Tmzzq7gW4weeeOTct1vOUQXPvh49U/ChltA+UrO6R1f4Ju\nwET5/f5VqLp3CyLRSmen3yVfyt7rllH0cGd6Z1vOTsQiB/mwlSyZa1fUKMAvjH8c\ndwQOl09h0Yiz/8QZe2/Gf7qDKBUhAiEkoc+9oLFaoZeJXHU6bZ4cvyDhpqHKqDVr\nSa/nkjI4xGaBW2ulsWr1qgULCT8yvaT7ueafj83D9wGwms3UMajdrRGXEa4YXsT0\nCqv5Lhw3BpMLQhmbc419rpnLbs9wIQC2Pbrcr7B0CxexUDbOPxLxXKzUoRnTWtPH\n67UXOykxYpxlhBeLnX41SyVj+gxpKMNnakz/P/KWDMMsVc9rmBjxq5le3i8CAwEA\nAQKCAgA52BJKt/sV0QhkND9ynHQDOPzH2E/eCeAXbMb9OlMjEzVivNzD3uwYZ3SG\nFzfJ4mxY3gYDjxdfNvBdeuECJNxqNEtni+9v6RiX1ZbjOXPOSg+uqTVSssiKagUJ\nA+mFneHYEvzn3+ayyN6FkZg07sP3lH0rINeMX51wYVNedsl1w50sFh5/G9ke1tD6\nhNGoGORvf3ZTLNEdSnxK9flUm1SoJUOju3e28ex7kF5GY7MhRO0j6i228Ul0zVIU\nUi1CCVvrqGxYB63yjvCb9CWWuwN8Qf0ZLynSmT7/rEExSpPs7eGJ0sH8r0W9Fexy\nj9hGflCULlz+XushXaB4FBVndW3ZzpD08xs8iA4ytvEW9OXeT6xJDTpfg/pP6DTh\nehQlXK1255Q49IcSyeCWhAL8IhA8uGOdRB+b7ADmvDppY24l3cGLeEfP4Zzc1MIa\nElCq9JJV49qKSsply6VzcWau3hgTP0ocPA6H8puFxdql6Il682oP2yUZOPm7HPZt\n0ytF1BcfHPDWCCOfdpxDgkCcljhos78dWMWYgKtszg03Z8UU2nXWxMAGQPnFdTi4\nkoCv3puqKLrXhUkXR1hKPOeAa+yakWgQWBQUE2Xj9YYNOx8vTBmkeWjhLh1l8Y1t\nqHyoGsuzSIIuAtQuqqcxU7DSt7iN2VBOAIwHtwQofkVE9s8fgQKCAQEAx1meV7/v\nuKs8fFVtepUvtuPpDmR+Srfe5trW9j60mTI5kk9/Dn/UUDcCSEDhVhxHYc5S4qur\nA9PYL2tKaSIvh4h4ZOHN3/xZi8vnuUIhgpwshZL5T5JoIONKyOZVFn0EkBXtpzTr\nT0fJqJPl9Im8SeieAUq8fQZ9nVFXSQ4j3ttU0mfZAEEmF4JEnlThkw8GHayyBEhy\n2Y1Fg4IK5JCpzuZDPuimepGE1yAoRSVBWyxvn5nHsRmztiOl3b4cQmrCqPBKXvm7\ngbiut0s8wJS1d3RoJQTuBmcl9X6ieUBSOy6qhXH0CoR7b5Zxg7DswmfkiZ6KEjc6\n3W4fX6qc/JNcVwKCAQEA+hz44Shgcd/yKZ2qVFI+JnVhFj59V+FEn0Fz0Z1AU0pr\n/iEgvLN2zthZDeP1RnI8518iLyfeVVam7jlQNFtcSX7eT6M/RV0StS877dE7ujZb\nkKdKlS1ZSQFv6l2m1ZIITeqWm0abAsI7+9ebycKq78ErEaezoRxe4lNYXZ6o4VJ5\nX2uUtwJlSF0cWMY3QAiAsIOhsKmw+Su0JkdBGPlnJC9AGygun3bwTnpUh2/qPHDL\nQ15E+U+bGzLJWhTkFQ0lI0ISlKx6aMYhnyx0SzSGXpjPtaLCdPDYSx4wv/9pvWDe\nFTSuehF0UPzbTScYu8qGoX6EQiJYq1Ytq4Xvn8rl6QKCAQEAmRJ8np64IVIDUOl7\n9jul9saMh0utGgyUMSnrFAxUOqoxQOKgCm8nhSyoKPkAzlFKkpSOWpU87OR3RPoa\nmh3w5x5oa/ZjUlGAJPM+jKd1+ceX/D0+CNa/9DjzjM4omesHXOgpo1HkOe1CsJpY\nYex9Uzc2VIGhuFMKk4kJAATGkHJUcHfjTem4qSaTMAy3ZWeM565axyUmY1yx+ugZ\nGybl7QQssJqOcuFYYqPDqEySIcM+NwwrJRc6QmqfC2TWaD14GabhRIp4a4R3TDGO\nhcXqjb4p1fsyFmKP6DED6xzzx5PuxicZIBZYfffEVD2/nwuNlgrRtGkKX0sW9iuY\n/ezdYwKCAQEAiAbXyMUH5wbwEnggWem8yXfPTKTB0NjAVIjpb5hBkssH/tePkXFd\nbVO241oWXLDmtMNFuTXKsskE0s0y9La3c3VffRqA372l3gqJYmcIP9cuZ3bElmtq\ngs0YS/ORN9hLUe0C6gI1bgOrUeXKYanRA8IgJWL6y+W9KQRBK/GNUbZkMmQ1Jm9U\nHE4fi5yKEfZN3zJH7ufrSyjcunDIU8fYs5JLIDnzWWD7gwL/FAXm8+Y4djQ/+QO1\njM5LOgXgoh5bE1js+BTyIieXw5UOzpQLfElJtjSF48nVKM2Ln/BOVuPnBMt5FQSH\nKUDMGKLpzcBxBkXjsoAxj0W4Yu/eCh70eQKCAQAenjmMCWktsMc/zTsH9yOvRDH4\nr2G7hGUt+BxfqcjzbI4YtY2v7eiQTWxZ5iZEfFXZNWcCYGJw0rjlhdZuwZ/YN9Zd\nbkXXcfxPGPW2FNrcGR8lgqMsJa+YH/FnO1o6hN/2Q9kbZQ0R8phxV21YQv91F4Bn\nAYvHQqDg97Y8hxS0G9QI/OGQ9qgGVGaT7ky6fJhZzxnyS+NSeQ7eEuj7H5n07S4c\nKgTDKL0VgnGJ+5LKd/FVXWojGWnOd9Q+t3ZAYKG57JCyQQca04OszsC7yGPZD0pY\nsTw5DpgZsW5EUprt6wjOqo8F8qGrTqWi3pp/5Cgh/ad2yBSPHGCu4gl4Mpsl\n-----END RSA PRIVATE KEY-----\n",
            "private_key_pem_pkcs8": "-----BEGIN PRIVATE KEY-----\nMIIJQwIBADANBgkqhkiG9w0BAQEFAASCCS0wggkpAgEAAoICAQDCxBQ9KaNgpWHR\nctfKfo+54lP59teS6O6n48e71bTWu2cWpt9JSBM/EstAp3tv+6moYgzbjku8bTZ0\n8STknWPXZPrKHmUque4f9oNuK3FsdCLWWDoHDRcBnKpJI+nRlxazW7ZHTA4igaXp\nRicEZ90mhDf40aIbc44m6kTPoJCG2nmhWGsuv5vCwt1mdIiI7LL78pvCl8iTq71c\nuoGPQ/0ZfQ0PdKEEprag8ey6ecJoEC7Ve3HB6Dm9lxS/+iDiT08WDE+NXPzfcjSK\n8+uFHHBCkisToH/4dutjlK/lN/C8k+tEjf3jZZGugLQ/gQlyq8/XlObPOruBbjB5\n545Ny3W85RBc++Hj1T8KGW0D5Ss7pHV/gm7ARPn9/lWouncLItFKZ6ffJV/K3uuW\nUfRwZ3pnW85OxCIH+bCVLJlrV9QowC+Mfxx3BA6XT2HRiLP/xBl7b8Z/uoMoFSEC\nISShz72gsVqhl4lcdTptnhy/IOGmocqoNWtJr+eSMjjEZoFba6WxavWqBQsJPzK9\npPu55p+PzcP3AbCazdQxqN2tEZcRrhhexPQKq/kuHDcGkwtCGZtzjX2umctuz3Ah\nALY9utyvsHQLF7FQNs4/EvFcrNShGdNa08frtRc7KTFinGWEF4udfjVLJWP6DGko\nw2dqTP8/8pYMwyxVz2uYGPGrmV7eLwIDAQABAoICADnYEkq3+xXRCGQ0P3KcdAM4\n/MfYT94J4Bdsxv06UyMTNWK83MPe7BhndIYXN8nibFjeBgOPF1828F164QIk3Go0\nS2eL72/pGJfVluM5c85KD66pNVKyyIpqBQkD6YWd4dgS/Off5rLI3oWRmDTuw/eU\nfSsg14xfnXBhU152yXXDnSwWHn8b2R7W0PqE0agY5G9/dlMs0R1KfEr1+VSbVKgl\nQ6O7d7bx7HuQXkZjsyFE7SPqLbbxSXTNUhRSLUIJW+uobFgHrfKO8Jv0JZa7A3xB\n/RkvKdKZPv+sQTFKk+zt4YnSwfyvRb0V7HKP2EZ+UJQuXP5e6yFdoHgUFWd1bdnO\nkPTzGzyIDjK28Rb05d5PrEkNOl+D+k/oNOF6FCVcrXbnlDj0hxLJ4JaEAvwiEDy4\nY51EH5vsAOa8OmljbiXdwYt4R8/hnNzUwhoSUKr0klXj2opKymXLpXNxZq7eGBM/\nShw8Dofym4XF2qXoiXrzag/bJRk4+bsc9m3TK0XUFx8c8NYII592nEOCQJyWOGiz\nvx1YxZiAq2zODTdnxRTaddbEwAZA+cV1OLiSgK/em6oouteFSRdHWEo854Br7JqR\naBBYFBQTZeP1hg07Hy9MGaR5aOEuHWXxjW2ofKgay7NIgi4C1C6qpzFTsNK3uI3Z\nUE4AjAe3BCh+RUT2zx+BAoIBAQDHWZ5Xv++4qzx8VW16lS+24+kOZH5Kt97m2tb2\nPrSZMjmST38Of9RQNwJIQOFWHEdhzlLiq6sD09gva0ppIi+HiHhk4c3f/FmLy+e5\nQiGCnCyFkvlPkmgg40rI5lUWfQSQFe2nNOtPR8mok+X0ibxJ6J4BSrx9Bn2dUVdJ\nDiPe21TSZ9kAQSYXgkSeVOGTDwYdrLIESHLZjUWDggrkkKnO5kM+6KZ6kYTXIChF\nJUFbLG+fmcexGbO2I6XdvhxCasKo8Epe+buBuK63SzzAlLV3dGglBO4GZyX1fqJ5\nQFI7LqqFcfQKhHtvlnGDsOzCZ+SJnooSNzrdbh9fqpz8k1xXAoIBAQD6HPjhKGBx\n3/IpnapUUj4mdWEWPn1X4USfQXPRnUBTSmv+ISC8s3bO2FkN4/VGcjznXyIvJ95V\nVqbuOVA0W1xJft5Poz9FXRK1Lzvt0Tu6NluQp0qVLVlJAW/qXabVkghN6pabRpsC\nwjv715vJwqrvwSsRp7OhHF7iU1hdnqjhUnlfa5S3AmVIXRxYxjdACICwg6GwqbD5\nK7QmR0EY+WckL0AbKC6fdvBOelSHb+o8cMtDXkT5T5sbMslaFOQVDSUjQhKUrHpo\nxiGfLHRLNIZemM+1osJ08NhLHjC//2m9YN4VNK56EXRQ/NtNJxi7yoahfoRCIlir\nVi2rhe+fyuXpAoIBAQCZEnyenrghUgNQ6Xv2O6X2xoyHS60aDJQxKesUDFQ6qjFA\n4qAKbyeFLKgo+QDOUUqSlI5alTzs5HdE+hqaHfDnHmhr9mNSUYAk8z6Mp3X5x5f8\nPT4I1r/0OPOMziiZ6wdc6CmjUeQ57UKwmlhh7H1TNzZUgaG4UwqTiQkABMaQclRw\nd+NN6bipJpMwDLdlZ4znrlrHJSZjXLH66BkbJuXtBCywmo5y4Vhio8OoTJIhwz43\nDCslFzpCap8LZNZoPXgZpuFEinhrhHdMMY6FxeqNvinV+zIWYo/oMQPrHPPHk+7G\nJxkgFlh998RUPb+fC42WCtG0aQpfSxb2K5j97N1jAoIBAQCIBtfIxQfnBvASeCBZ\n6bzJd89MpMHQ2MBUiOlvmEGSywf+14+RcV1tU7bjWhZcsOa0w0W5NcqyyQTSzTL0\ntrdzdV99GoDfvaXeColiZwg/1y5ndsSWa2qCzRhL85E32EtR7QLqAjVuA6tR5cph\nqdEDwiAlYvrL5b0pBEEr8Y1RtmQyZDUmb1QcTh+LnIoR9k3fMkfu5+tLKNy6cMhT\nx9izkksgOfNZYPuDAv8UBebz5jh2ND/5A7WMzks6BeCiHlsTWOz4FPIiJ5fDlQ7O\nlAt8SUm2NIXjydUozYuf8E5W4+cEy3kVBIcpQMwYounNwHEGReOygDGPRbhi794K\nHvR5AoIBAB6eOYwJaS2wxz/NOwf3I69EMfivYbuEZS34HF+pyPNsjhi1ja/t6JBN\nbFnmJkR8Vdk1ZwJgYnDSuOWF1m7Bn9g31l1uRddx/E8Y9bYU2twZHyWCoywlr5gf\n8Wc7WjqE3/ZD2RtlDRHymHFXbVhC/3UXgGcBi8dCoOD3tjyHFLQb1Aj84ZD2qAZU\nZpPuTLp8mFnPGfJL41J5Dt4S6PsfmfTtLhwqBMMovRWCcYn7ksp38VVdaiMZac53\n1D63dkBgobnskLJBBxrTg6zOwLvIY9kPSlixPDkOmBmxbkRSmu3rCM6qjwXyoatO\npaLemn/kKCH9p3bIFI8cYK7iCXgymyU=\n-----END PRIVATE KEY-----\n",
            "public_key_fingerprint_md5": "85:d8:e2:77:27:d5:61:a9:0d:40:31:92:c5:9f:ff:17",
            "public_key_fingerprint_sha256": "SHA256:v7jTA2dppIjlc+cgjf1AJWiA6cuoqIz1Z4wKOq4P4UA",
            "public_key_openssh": "ssh-rsa AAAAB3NzaC1yc2EAAAADAQABAAACAQDCxBQ9KaNgpWHRctfKfo+54lP59teS6O6n48e71bTWu2cWpt9JSBM/EstAp3tv+6moYgzbjku8bTZ08STknWPXZPrKHmUque4f9oNuK3FsdCLWWDoHDRcBnKpJI+nRlxazW7ZHTA4igaXpRicEZ90mhDf40aIbc44m6kTPoJCG2nmhWGsuv5vCwt1mdIiI7LL78pvCl8iTq71cuoGPQ/0ZfQ0PdKEEprag8ey6ecJoEC7Ve3HB6Dm9lxS/+iDiT08WDE+NXPzfcjSK8+uFHHBCkisToH/4dutjlK/lN/C8k+tEjf3jZZGugLQ/gQlyq8/XlObPOruBbjB5545Ny3W85RBc++Hj1T8KGW0D5Ss7pHV/gm7ARPn9/lWouncLItFKZ6ffJV/K3uuWUfRwZ3pnW85OxCIH+bCVLJlrV9QowC+Mfxx3BA6XT2HRiLP/xBl7b8Z/uoMoFSECISShz72gsVqhl4lcdTptnhy/IOGmocqoNWtJr+eSMjjEZoFba6WxavWqBQsJPzK9pPu55p+PzcP3AbCazdQxqN2tEZcRrhhexPQKq/kuHDcGkwtCGZtzjX2umctuz3AhALY9utyvsHQLF7FQNs4/EvFcrNShGdNa08frtRc7KTFinGWEF4udfjVLJWP6DGkow2dqTP8/8pYMwyxVz2uYGPGrmV7eLw==\n",
            "public_key_pem": "-----BEGIN PUBLIC KEY-----\nMIICIjANBgkqhkiG9w0BAQEFAAOCAg8AMIICCgKCAgEAwsQUPSmjYKVh0XLXyn6P\nueJT+fbXkujup+PHu9W01rtnFqbfSUgTPxLLQKd7b/upqGIM245LvG02dPEk5J1j\n12T6yh5lKrnuH/aDbitxbHQi1lg6Bw0XAZyqSSPp0ZcWs1u2R0wOIoGl6UYnBGfd\nJoQ3+NGiG3OOJupEz6CQhtp5oVhrLr+bwsLdZnSIiOyy+/KbwpfIk6u9XLqBj0P9\nGX0ND3ShBKa2oPHsunnCaBAu1Xtxweg5vZcUv/og4k9PFgxPjVz833I0ivPrhRxw\nQpIrE6B/+HbrY5Sv5TfwvJPrRI3942WRroC0P4EJcqvP15Tmzzq7gW4weeeOTct1\nvOUQXPvh49U/ChltA+UrO6R1f4JuwET5/f5VqLp3CyLRSmen3yVfyt7rllH0cGd6\nZ1vOTsQiB/mwlSyZa1fUKMAvjH8cdwQOl09h0Yiz/8QZe2/Gf7qDKBUhAiEkoc+9\noLFaoZeJXHU6bZ4cvyDhpqHKqDVrSa/nkjI4xGaBW2ulsWr1qgULCT8yvaT7ueaf\nj83D9wGwms3UMajdrRGXEa4YXsT0Cqv5Lhw3BpMLQhmbc419rpnLbs9wIQC2Pbrc\nr7B0CxexUDbOPxLxXKzUoRnTWtPH67UXOykxYpxlhBeLnX41SyVj+gxpKMNnakz/\nP/KWDMMsVc9rmBjxq5le3i8CAwEAAQ==\n-----END PUBLIC KEY-----\n",
            "rsa_bits": 4096
          },
          "sensitive_attributes": [
            [
              {
                "type": "get_attr",
                "value": "private_key_pem_pkcs8"
              }
            ],
            [
              {
                "type": "get_attr",
                "value": "private_key_openssh"
              }
            ],
            [
              {
                "type": "get_attr",
                "value": "private_key_pem"
              }
            ]
          ]
        }
      ]
    },
    {
      "module": "module.iam",
      "mode": "managed",
      "type": "aws_iam_instance_profile",
      "name": "ec2_ssm_profile",
      "provider": "provider[\"registry.terraform.io/hashicorp/aws\"]",
      "instances": [
        {
          "schema_version": 0,
          "attributes": {
            "arn": "arn:aws:iam::243558588266:instance-profile/ec2_ssm_profile",
            "create_date": "2024-12-10T00:14:14Z",
            "id": "ec2_ssm_profile",
            "name": "ec2_ssm_profile",
            "name_prefix": "",
            "path": "/",
            "role": "ec2_ssm_role",
            "tags": null,
            "tags_all": {},
            "unique_id": "AIPATRNJZD5VEY4Y2X4RS"
          },
          "sensitive_attributes": [],
          "private": "bnVsbA==",
          "dependencies": [
            "module.iam.aws_iam_role.ec2_ssm_role"
          ]
        }
      ]
    },
    {
      "module": "module.iam",
      "mode": "managed",
      "type": "aws_iam_policy",
      "name": "lambda_policy",
      "provider": "provider[\"registry.terraform.io/hashicorp/aws\"]",
      "instances": [
        {
          "schema_version": 0,
          "attributes": {
            "arn": "arn:aws:iam::243558588266:policy/lambda_policy",
            "attachment_count": 0,
            "description": "IAM policy for Lambda function",
            "id": "arn:aws:iam::243558588266:policy/lambda_policy",
            "name": "lambda_policy",
            "name_prefix": "",
            "path": "/",
            "policy": "{\"Statement\":[{\"Action\":[\"s3:PutObject\",\"s3:GetObject\",\"s3:ListBucket\"],\"Effect\":\"Allow\",\"Resource\":[\"arn:aws:s3:::my-s3-bucket\",\"arn:aws:s3:::my-s3-bucket/*\"]},{\"Action\":[\"sns:Publish\"],\"Effect\":\"Allow\",\"Resource\":\"arn:aws:sns:us-east-1:243558588266:my-sns-topic\"},{\"Action\":[\"sqs:SendMessage\",\"sqs:ReceiveMessage\",\"sqs:DeleteMessage\"],\"Effect\":\"Allow\",\"Resource\":\"arn:aws:sqs:us-east-1:243558588266:my-sqs-queue\"},{\"Action\":[\"rds:DescribeDBInstances\",\"rds:DescribeDBClusters\",\"rds-data:*\"],\"Effect\":\"Allow\",\"Resource\":\"*\"}],\"Version\":\"2012-10-17\"}",
            "policy_id": "ANPATRNJZD5VHPWOZGCTX",
            "tags": null,
            "tags_all": {}
          },
          "sensitive_attributes": [],
          "private": "bnVsbA=="
        }
      ]
    },
    {
      "module": "module.iam",
      "mode": "managed",
      "type": "aws_iam_policy",
      "name": "secrets_manager_access",
      "provider": "provider[\"registry.terraform.io/hashicorp/aws\"]",
      "instances": [
        {
          "schema_version": 0,
          "attributes": {
            "arn": "arn:aws:iam::243558588266:policy/SecretsManagerAccessPolicy",
            "attachment_count": 0,
            "description": "IAM policy for accessing Secrets Manager",
            "id": "arn:aws:iam::243558588266:policy/SecretsManagerAccessPolicy",
            "name": "SecretsManagerAccessPolicy",
            "name_prefix": "",
            "path": "/",
            "policy": "{\"Statement\":[{\"Action\":[\"secretsmanager:GetSecretValue\"],\"Effect\":\"Allow\",\"Resource\":\"arn:aws:secretsmanager:region:243558588266:secret:secret-name\"}],\"Version\":\"2012-10-17\"}",
            "policy_id": "ANPATRNJZD5VJERANTAYG",
            "tags": null,
            "tags_all": {}
          },
          "sensitive_attributes": [],
          "private": "bnVsbA=="
        }
      ]
    },
    {
      "module": "module.iam",
      "mode": "managed",
      "type": "aws_iam_policy",
      "name": "ssm_secrets_policy",
      "provider": "provider[\"registry.terraform.io/hashicorp/aws\"]",
      "instances": [
        {
          "schema_version": 0,
          "attributes": {
            "arn": "arn:aws:iam::243558588266:policy/SSMSecretsAccess",
            "attachment_count": 0,
            "description": "Policy to allow access to Secrets Manager",
            "id": "arn:aws:iam::243558588266:policy/SSMSecretsAccess",
            "name": "SSMSecretsAccess",
            "name_prefix": "",
            "path": "/",
            "policy": "{\"Statement\":[{\"Action\":[\"secretsmanager:GetSecretValue\"],\"Effect\":\"Allow\",\"Resource\":\"arn:aws:secretsmanager:us-east-1:243558588266:secret:my-rds-secret\"}],\"Version\":\"2012-10-17\"}",
            "policy_id": "ANPATRNJZD5VFA7NO3TTV",
            "tags": null,
            "tags_all": {}
          },
          "sensitive_attributes": [],
          "private": "bnVsbA=="
        }
      ]
    },
    {
      "module": "module.iam",
      "mode": "managed",
      "type": "aws_iam_role",
      "name": "ec2_ssm_role",
      "provider": "provider[\"registry.terraform.io/hashicorp/aws\"]",
      "instances": [
        {
          "schema_version": 0,
          "attributes": {
            "arn": "arn:aws:iam::243558588266:role/ec2_ssm_role",
            "assume_role_policy": "{\"Statement\":[{\"Action\":\"sts:AssumeRole\",\"Effect\":\"Allow\",\"Principal\":{\"Service\":\"ec2.amazonaws.com\"}}],\"Version\":\"2012-10-17\"}",
            "create_date": "2024-12-10T00:14:13Z",
            "description": "",
            "force_detach_policies": false,
            "id": "ec2_ssm_role",
            "inline_policy": [],
            "managed_policy_arns": [],
            "max_session_duration": 3600,
            "name": "ec2_ssm_role",
            "name_prefix": "",
            "path": "/",
            "permissions_boundary": "",
            "tags": null,
            "tags_all": {},
            "unique_id": "AROATRNJZD5VL3GPLS4AN"
          },
          "sensitive_attributes": [],
          "private": "bnVsbA=="
        }
      ]
    },
    {
      "module": "module.iam",
      "mode": "managed",
      "type": "aws_iam_role",
      "name": "lambda_role",
      "provider": "provider[\"registry.terraform.io/hashicorp/aws\"]",
      "instances": [
        {
          "schema_version": 0,
          "attributes": {
            "arn": "arn:aws:iam::243558588266:role/lambda_execution_role_004d1e2d",
            "assume_role_policy": "{\"Statement\":[{\"Action\":\"sts:AssumeRole\",\"Effect\":\"Allow\",\"Principal\":{\"Service\":\"lambda.amazonaws.com\"},\"Sid\":\"\"}],\"Version\":\"2012-10-17\"}",
            "create_date": "2024-12-10T00:14:13Z",
            "description": "",
            "force_detach_policies": false,
            "id": "lambda_execution_role_004d1e2d",
            "inline_policy": [],
            "managed_policy_arns": [],
            "max_session_duration": 3600,
            "name": "lambda_execution_role_004d1e2d",
            "name_prefix": "",
            "path": "/",
            "permissions_boundary": "",
            "tags": null,
            "tags_all": {},
            "unique_id": "AROATRNJZD5VKAHA3U2ID"
          },
          "sensitive_attributes": [],
          "private": "bnVsbA==",
          "dependencies": [
            "module.iam.random_id.unique_id"
          ]
        }
      ]
    },
    {
      "module": "module.iam",
      "mode": "managed",
      "type": "aws_iam_role_policy_attachment",
      "name": "attach_ssm_secrets_policy",
      "provider": "provider[\"registry.terraform.io/hashicorp/aws\"]",
      "instances": [
        {
          "schema_version": 0,
          "attributes": {
            "id": "ec2_ssm_role-20241210001318846500000005",
            "policy_arn": "arn:aws:iam::243558588266:policy/SSMSecretsAccess",
            "role": "ec2_ssm_role"
          },
          "sensitive_attributes": [],
          "private": "bnVsbA==",
          "dependencies": [
            "module.iam.aws_iam_policy.ssm_secrets_policy",
            "module.iam.aws_iam_role.ec2_ssm_role"
          ]
        }
      ]
    },
    {
      "module": "module.iam",
      "mode": "managed",
      "type": "aws_iam_role_policy_attachment",
      "name": "lambda_role_policy_attachment",
      "provider": "provider[\"registry.terraform.io/hashicorp/aws\"]",
      "instances": [
        {
          "schema_version": 0,
          "attributes": {
            "id": "lambda_execution_role_004d1e2d-20241210001319254100000008",
            "policy_arn": "arn:aws:iam::aws:policy/service-role/AWSLambdaBasicExecutionRole",
            "role": "lambda_execution_role_004d1e2d"
          },
          "sensitive_attributes": [],
          "private": "bnVsbA==",
          "dependencies": [
            "module.iam.aws_iam_role.lambda_role",
            "module.iam.random_id.unique_id"
          ]
        }
      ]
    },
    {
      "module": "module.iam",
      "mode": "managed",
      "type": "aws_iam_role_policy_attachment",
      "name": "lambda_secrets_manager_access",
      "provider": "provider[\"registry.terraform.io/hashicorp/aws\"]",
      "instances": [
        {
          "schema_version": 0,
          "attributes": {
            "id": "lambda_execution_role_004d1e2d-20241210001319491400000009",
            "policy_arn": "arn:aws:iam::aws:policy/SecretsManagerReadWrite",
            "role": "lambda_execution_role_004d1e2d"
          },
          "sensitive_attributes": [],
          "private": "bnVsbA==",
          "dependencies": [
            "module.iam.aws_iam_role.lambda_role",
            "module.iam.random_id.unique_id"
          ]
        }
      ]
    },
    {
      "module": "module.iam",
      "mode": "managed",
      "type": "random_id",
      "name": "unique_id",
      "provider": "provider[\"registry.terraform.io/hashicorp/random\"]",
      "instances": [
        {
          "schema_version": 0,
          "attributes": {
            "b64_std": "AE0eLQ==",
            "b64_url": "AE0eLQ",
            "byte_length": 4,
            "dec": "5053997",
            "hex": "004d1e2d",
            "id": "AE0eLQ",
            "keepers": null,
            "prefix": null
          },
          "sensitive_attributes": []
        }
      ]
    },
    {
      "module": "module.iam",
      "mode": "managed",
      "type": "random_string",
      "name": "suffix",
      "provider": "provider[\"registry.terraform.io/hashicorp/random\"]",
      "instances": [
        {
          "schema_version": 2,
          "attributes": {
            "id": "z3bjnq",
            "keepers": null,
            "length": 6,
            "lower": true,
            "min_lower": 0,
            "min_numeric": 0,
            "min_special": 0,
            "min_upper": 0,
            "number": true,
            "numeric": true,
            "override_special": null,
            "result": "z3bjnq",
            "special": false,
            "upper": false
          },
          "sensitive_attributes": []
        }
      ]
    },
    {
      "module": "module.lambda",
      "mode": "managed",
      "type": "aws_iam_role",
      "name": "lambda_role",
      "provider": "provider[\"registry.terraform.io/hashicorp/aws\"]",
      "instances": [
        {
          "schema_version": 0,
          "attributes": {
            "arn": "arn:aws:iam::243558588266:role/lambda_execution_role_d3da92dc",
            "assume_role_policy": "{\"Statement\":[{\"Action\":\"sts:AssumeRole\",\"Effect\":\"Allow\",\"Principal\":{\"Service\":\"lambda.amazonaws.com\"},\"Sid\":\"\"}],\"Version\":\"2012-10-17\"}",
            "create_date": "2024-12-10T00:14:13Z",
            "description": "",
            "force_detach_policies": false,
            "id": "lambda_execution_role_d3da92dc",
            "inline_policy": [],
            "managed_policy_arns": [],
            "max_session_duration": 3600,
            "name": "lambda_execution_role_d3da92dc",
            "name_prefix": "",
            "path": "/",
            "permissions_boundary": "",
            "tags": null,
            "tags_all": {},
            "unique_id": "AROATRNJZD5VNT3RUZLEH"
          },
          "sensitive_attributes": [],
          "private": "bnVsbA==",
          "dependencies": [
            "module.lambda.random_id.unique_id"
          ]
        }
      ]
    },
    {
      "module": "module.lambda",
      "mode": "managed",
      "type": "aws_iam_role_policy_attachment",
      "name": "lambda_role_policy_attachment",
      "provider": "provider[\"registry.terraform.io/hashicorp/aws\"]",
      "instances": [
        {
          "schema_version": 0,
          "attributes": {
            "id": "lambda_execution_role_d3da92dc-20241210001319235800000007",
            "policy_arn": "arn:aws:iam::aws:policy/service-role/AWSLambdaBasicExecutionRole",
            "role": "lambda_execution_role_d3da92dc"
          },
          "sensitive_attributes": [],
          "private": "bnVsbA==",
          "dependencies": [
            "module.lambda.aws_iam_role.lambda_role",
            "module.lambda.random_id.unique_id"
          ]
        }
      ]
    },
    {
      "module": "module.lambda",
      "mode": "managed",
      "type": "aws_iam_role_policy_attachment",
      "name": "lambda_secrets_manager_access",
      "provider": "provider[\"registry.terraform.io/hashicorp/aws\"]",
      "instances": [
        {
          "schema_version": 0,
          "attributes": {
            "id": "lambda_execution_role_d3da92dc-20241210001318844500000004",
            "policy_arn": "arn:aws:iam::aws:policy/SecretsManagerReadWrite",
            "role": "lambda_execution_role_d3da92dc"
          },
          "sensitive_attributes": [],
          "private": "bnVsbA==",
          "dependencies": [
            "module.lambda.aws_iam_role.lambda_role",
            "module.lambda.random_id.unique_id"
          ]
        }
      ]
    },
    {
      "module": "module.lambda",
      "mode": "managed",
      "type": "aws_lambda_function",
      "name": "my_lambda",
      "provider": "provider[\"registry.terraform.io/hashicorp/aws\"]",
      "instances": [
        {
          "schema_version": 0,
          "attributes": {
            "architectures": [
              "x86_64"
            ],
            "arn": "arn:aws:lambda:us-east-1:243558588266:function:Lambda_process_s3_files",
            "code_sha256": "Zn3Lxo0dHIKRnBTA5YvuGkP4GWtiyrVWwipsP3C1mls=",
            "code_signing_config_arn": "",
            "dead_letter_config": [],
            "description": "",
            "environment": [
              {
                "variables": {
                  "RDS_DBNAME": "",
                  "RDS_ENDPOINT": "terraform-20241210001317834100000003.cubztwhxubed.us-east-1.rds.amazonaws.com:3306",
                  "RDS_PASSWORD": "",
                  "RDS_PORT": "3306",
                  "RDS_USER": ""
                }
              }
            ],
            "ephemeral_storage": [
              {
                "size": 512
              }
            ],
            "file_system_config": [],
            "filename": null,
            "function_name": "Lambda_process_s3_files",
            "handler": "lambda_function.lambda_handler",
            "id": "Lambda_process_s3_files",
            "image_config": [],
            "image_uri": "",
            "invoke_arn": "arn:aws:apigateway:us-east-1:lambda:path/2015-03-31/functions/arn:aws:lambda:us-east-1:243558588266:function:Lambda_process_s3_files/invocations",
            "kms_key_arn": "",
            "last_modified": "2024-12-10T00:19:13.768+0000",
            "layers": [
              "arn:aws:lambda:us-east-1:243558588266:layer:pandas-layer:6",
              "arn:aws:lambda:us-east-1:243558588266:layer:lambda-code-layer:6"
            ],
            "logging_config": [
              {
                "application_log_level": "",
                "log_format": "Text",
                "log_group": "/aws/lambda/Lambda_process_s3_files",
                "system_log_level": ""
              }
            ],
            "memory_size": 128,
            "package_type": "Zip",
            "publish": false,
            "qualified_arn": "arn:aws:lambda:us-east-1:243558588266:function:Lambda_process_s3_files:$LATEST",
            "qualified_invoke_arn": "arn:aws:apigateway:us-east-1:lambda:path/2015-03-31/functions/arn:aws:lambda:us-east-1:243558588266:function:Lambda_process_s3_files:$LATEST/invocations",
            "replace_security_groups_on_destroy": null,
            "replacement_security_group_ids": null,
            "reserved_concurrent_executions": -1,
            "role": "arn:aws:iam::243558588266:role/lambda_execution_role_004d1e2d",
            "runtime": "python3.8",
            "s3_bucket": "thebucket8i4mzhiq1182001",
            "s3_key": "lambda.zip",
            "s3_object_version": null,
            "signing_job_arn": "",
            "signing_profile_version_arn": "",
            "skip_destroy": false,
            "snap_start": [],
            "source_code_hash": "",
            "source_code_size": 1451,
            "tags": null,
            "tags_all": {},
            "timeout": 3,
            "timeouts": null,
            "tracing_config": [
              {
                "mode": "PassThrough"
              }
            ],
            "version": "$LATEST",
            "vpc_config": []
          },
          "sensitive_attributes": [
            [
              {
                "type": "get_attr",
                "value": "environment"
              },
              {
                "type": "index",
                "value": {
                  "value": 0,
                  "type": "number"
                }
              },
              {
                "type": "get_attr",
                "value": "variables"
              },
              {
                "type": "index",
                "value": {
                  "value": "RDS_PASSWORD",
                  "type": "string"
                }
              }
            ]
          ],
          "private": "eyJlMmJmYjczMC1lY2FhLTExZTYtOGY4OC0zNDM2M2JjN2M0YzAiOnsiY3JlYXRlIjo2MDAwMDAwMDAwMDAsImRlbGV0ZSI6NjAwMDAwMDAwMDAwLCJ1cGRhdGUiOjYwMDAwMDAwMDAwMH19",
          "dependencies": [
            "module.iam.aws_iam_role.lambda_role",
            "module.iam.random_id.unique_id",
            "module.lambda.aws_lambda_layer_version.lambda_code_layer",
            "module.lambda.aws_lambda_layer_version.pandas_layer",
            "module.lambda.aws_s3_object.lambda_zip",
            "module.lambda.aws_s3_object.pandas_layer_zip",
            "module.rds.aws_db_instance.default",
            "module.rds.random_password.rds_password",
            "module.s3.aws_s3_bucket.my_bucket",
            "module.s3.random_string.bucket_suffix"
          ]
        }
      ]
    },
    {
      "module": "module.lambda",
      "mode": "managed",
      "type": "aws_lambda_layer_version",
      "name": "lambda_code_layer",
      "provider": "provider[\"registry.terraform.io/hashicorp/aws\"]",
      "instances": [
        {
          "schema_version": 0,
          "attributes": {
            "arn": "arn:aws:lambda:us-east-1:243558588266:layer:lambda-code-layer:6",
            "code_sha256": "Zn3Lxo0dHIKRnBTA5YvuGkP4GWtiyrVWwipsP3C1mls=",
            "compatible_architectures": null,
            "compatible_runtimes": [
              "python3.8"
            ],
            "created_date": "2024-12-10T00:14:19.391+0000",
            "description": "A layer for Lambda code",
            "filename": null,
            "id": "arn:aws:lambda:us-east-1:243558588266:layer:lambda-code-layer:6",
            "layer_arn": "arn:aws:lambda:us-east-1:243558588266:layer:lambda-code-layer",
            "layer_name": "lambda-code-layer",
            "license_info": "",
            "s3_bucket": "thebucket8i4mzhiq1182001",
            "s3_key": "lambda.zip",
            "s3_object_version": null,
            "signing_job_arn": "",
            "signing_profile_version_arn": "",
            "skip_destroy": false,
            "source_code_hash": "",
            "source_code_size": 1451,
            "version": "6"
          },
          "sensitive_attributes": [],
          "private": "bnVsbA==",
          "dependencies": [
            "module.lambda.aws_s3_object.lambda_zip",
            "module.s3.aws_s3_bucket.my_bucket",
            "module.s3.random_string.bucket_suffix"
          ]
        }
      ]
    },
    {
      "module": "module.lambda",
      "mode": "managed",
      "type": "aws_lambda_layer_version",
      "name": "pandas_layer",
      "provider": "provider[\"registry.terraform.io/hashicorp/aws\"]",
      "instances": [
        {
          "schema_version": 0,
          "attributes": {
            "arn": "arn:aws:lambda:us-east-1:243558588266:layer:pandas-layer:6",
            "code_sha256": "9dQiFoi2XnoN53O5pTK+ae2fLirsCEXwfYMxOUPB6i0=",
            "compatible_architectures": null,
            "compatible_runtimes": [
              "python3.8"
            ],
            "created_date": "2024-12-10T00:14:29.513+0000",
            "description": "A layer that includes pandas library",
            "filename": null,
            "id": "arn:aws:lambda:us-east-1:243558588266:layer:pandas-layer:6",
            "layer_arn": "arn:aws:lambda:us-east-1:243558588266:layer:pandas-layer",
            "layer_name": "pandas-layer",
            "license_info": "",
            "s3_bucket": "thebucket8i4mzhiq1182001",
            "s3_key": "pandas_layer.zip",
            "s3_object_version": null,
            "signing_job_arn": "",
            "signing_profile_version_arn": "",
            "skip_destroy": false,
            "source_code_hash": "",
            "source_code_size": 41025538,
            "version": "6"
          },
          "sensitive_attributes": [],
          "private": "bnVsbA==",
          "dependencies": [
            "module.lambda.aws_s3_object.pandas_layer_zip",
            "module.s3.aws_s3_bucket.my_bucket",
            "module.s3.random_string.bucket_suffix"
          ]
        }
      ]
    },
    {
      "module": "module.lambda",
      "mode": "managed",
      "type": "aws_lambda_permission",
      "name": "s3_trigger",
      "provider": "provider[\"registry.terraform.io/hashicorp/aws\"]",
      "instances": [
        {
          "schema_version": 0,
          "attributes": {
            "action": "lambda:InvokeFunction",
            "event_source_token": null,
            "function_name": "Lambda_process_s3_files",
            "function_url_auth_type": null,
            "id": "AllowS3Invoke",
            "principal": "s3.amazonaws.com",
            "principal_org_id": null,
            "qualifier": "",
            "source_account": null,
            "source_arn": "arn:aws:s3:::thebucket8i4mzhiq1182001",
            "statement_id": "AllowS3Invoke",
            "statement_id_prefix": ""
          },
          "sensitive_attributes": [],
          "private": "bnVsbA==",
          "dependencies": [
            "module.iam.aws_iam_role.lambda_role",
            "module.iam.random_id.unique_id",
            "module.lambda.aws_lambda_function.my_lambda",
            "module.lambda.aws_lambda_layer_version.lambda_code_layer",
            "module.lambda.aws_lambda_layer_version.pandas_layer",
            "module.lambda.aws_s3_object.lambda_zip",
            "module.lambda.aws_s3_object.pandas_layer_zip",
            "module.rds.aws_db_instance.default",
            "module.rds.random_password.rds_password",
            "module.s3.aws_s3_bucket.my_bucket",
            "module.s3.random_string.bucket_suffix"
          ]
        }
      ]
    },
    {
      "module": "module.lambda",
      "mode": "managed",
      "type": "aws_s3_bucket_notification",
      "name": "bucket_notification",
      "provider": "provider[\"registry.terraform.io/hashicorp/aws\"]",
      "instances": [
        {
          "schema_version": 0,
          "attributes": {
            "bucket": "thebucket8i4mzhiq1182001",
            "eventbridge": false,
            "id": "thebucket8i4mzhiq1182001",
            "lambda_function": [
              {
                "events": [
                  "s3:ObjectCreated:*"
                ],
                "filter_prefix": "",
                "filter_suffix": "",
                "id": "tf-s3-lambda-20241210001825873600000010",
                "lambda_function_arn": "arn:aws:lambda:us-east-1:243558588266:function:Lambda_process_s3_files"
              }
            ],
            "queue": [],
            "topic": []
          },
          "sensitive_attributes": [],
          "private": "bnVsbA==",
          "dependencies": [
            "module.iam.aws_iam_role.lambda_role",
            "module.iam.random_id.unique_id",
            "module.lambda.aws_lambda_function.my_lambda",
            "module.lambda.aws_lambda_layer_version.lambda_code_layer",
            "module.lambda.aws_lambda_layer_version.pandas_layer",
            "module.lambda.aws_lambda_permission.s3_trigger",
            "module.lambda.aws_s3_object.lambda_zip",
            "module.lambda.aws_s3_object.pandas_layer_zip",
            "module.rds.aws_db_instance.default",
            "module.rds.random_password.rds_password",
            "module.s3.aws_s3_bucket.my_bucket",
            "module.s3.random_string.bucket_suffix"
          ]
        }
      ]
    },
    {
      "module": "module.lambda",
      "mode": "managed",
      "type": "aws_s3_object",
      "name": "lambda_zip",
      "provider": "provider[\"registry.terraform.io/hashicorp/aws\"]",
      "instances": [
        {
          "schema_version": 0,
          "attributes": {
            "acl": null,
            "arn": "arn:aws:s3:::thebucket8i4mzhiq1182001/lambda.zip",
            "bucket": "thebucket8i4mzhiq1182001",
            "bucket_key_enabled": false,
            "cache_control": "",
            "checksum_algorithm": null,
            "checksum_crc32": "",
            "checksum_crc32c": "",
            "checksum_sha1": "",
            "checksum_sha256": "",
            "content": null,
            "content_base64": null,
            "content_disposition": "",
            "content_encoding": "",
            "content_language": "",
            "content_type": "application/octet-stream",
            "etag": "8e8969984d3061aafecc4512b802cf57",
            "force_destroy": false,
            "id": "lambda.zip",
            "key": "lambda.zip",
            "kms_key_id": null,
            "metadata": null,
            "object_lock_legal_hold_status": "",
            "object_lock_mode": "",
            "object_lock_retain_until_date": "",
            "override_provider": [],
            "server_side_encryption": "AES256",
            "source": "lambda.zip",
            "source_hash": null,
            "storage_class": "STANDARD",
            "tags": null,
            "tags_all": {},
            "version_id": "",
            "website_redirect": ""
          },
          "sensitive_attributes": [],
          "private": "bnVsbA==",
          "dependencies": [
            "module.s3.aws_s3_bucket.my_bucket",
            "module.s3.random_string.bucket_suffix"
          ]
        }
      ]
    },
    {
      "module": "module.lambda",
      "mode": "managed",
      "type": "aws_s3_object",
      "name": "pandas_layer_zip",
      "provider": "provider[\"registry.terraform.io/hashicorp/aws\"]",
      "instances": [
        {
          "schema_version": 0,
          "attributes": {
            "acl": null,
            "arn": "arn:aws:s3:::thebucket8i4mzhiq1182001/pandas_layer.zip",
            "bucket": "thebucket8i4mzhiq1182001",
            "bucket_key_enabled": false,
            "cache_control": "",
            "checksum_algorithm": null,
            "checksum_crc32": "",
            "checksum_crc32c": "",
            "checksum_sha1": "",
            "checksum_sha256": "",
            "content": null,
            "content_base64": null,
            "content_disposition": "",
            "content_encoding": "",
            "content_language": "",
            "content_type": "binary/octet-stream",
            "etag": "cf15cb5f59e754e42567a5556e974b4d-8",
            "force_destroy": false,
            "id": "pandas_layer.zip",
            "key": "pandas_layer.zip",
            "kms_key_id": null,
            "metadata": null,
            "object_lock_legal_hold_status": "",
            "object_lock_mode": "",
            "object_lock_retain_until_date": "",
            "override_provider": [],
            "server_side_encryption": "AES256",
            "source": "pandas_layer.zip",
            "source_hash": null,
            "storage_class": "STANDARD",
            "tags": null,
            "tags_all": {},
            "version_id": "",
            "website_redirect": ""
          },
          "sensitive_attributes": [],
          "private": "bnVsbA==",
          "dependencies": [
            "module.s3.aws_s3_bucket.my_bucket",
            "module.s3.random_string.bucket_suffix"
          ]
        }
      ]
    },
    {
      "module": "module.lambda",
      "mode": "managed",
      "type": "random_id",
      "name": "unique_id",
      "provider": "provider[\"registry.terraform.io/hashicorp/random\"]",
      "instances": [
        {
          "schema_version": 0,
          "attributes": {
            "b64_std": "09qS3A==",
            "b64_url": "09qS3A",
            "byte_length": 4,
            "dec": "3554317020",
            "hex": "d3da92dc",
            "id": "09qS3A",
            "keepers": null,
            "prefix": null
          },
          "sensitive_attributes": []
        }
      ]
    },
    {
      "module": "module.rds",
      "mode": "managed",
      "type": "aws_db_instance",
      "name": "default",
      "provider": "provider[\"registry.terraform.io/hashicorp/aws\"]",
      "instances": [
        {
          "schema_version": 2,
          "attributes": {
            "address": "terraform-20241210001317834100000003.cubztwhxubed.us-east-1.rds.amazonaws.com",
            "allocated_storage": 10,
            "allow_major_version_upgrade": null,
            "apply_immediately": false,
            "arn": "arn:aws:rds:us-east-1:243558588266:db:terraform-20241210001317834100000003",
            "auto_minor_version_upgrade": true,
            "availability_zone": "us-east-1d",
            "backup_retention_period": 0,
            "backup_target": "region",
            "backup_window": "09:44-10:14",
            "blue_green_update": [],
            "ca_cert_identifier": "rds-ca-rsa2048-g1",
            "character_set_name": "",
            "copy_tags_to_snapshot": false,
            "custom_iam_instance_profile": "",
            "customer_owned_ip_enabled": false,
            "db_name": "meudb1182001",
            "db_subnet_group_name": "default",
            "dedicated_log_volume": false,
            "delete_automated_backups": true,
            "deletion_protection": false,
            "domain": "",
            "domain_auth_secret_arn": "",
            "domain_dns_ips": null,
            "domain_fqdn": "",
            "domain_iam_role_name": "",
            "domain_ou": "",
            "enabled_cloudwatch_logs_exports": null,
            "endpoint": "terraform-20241210001317834100000003.cubztwhxubed.us-east-1.rds.amazonaws.com:3306",
            "engine": "mysql",
            "engine_lifecycle_support": "open-source-rds-extended-support",
            "engine_version": "5.7",
            "engine_version_actual": "5.7.44-rds.20240808",
            "final_snapshot_identifier": null,
            "hosted_zone_id": "Z2R2ITUGPM61AM",
            "iam_database_authentication_enabled": false,
            "id": "db-PQZB7H6QJNWLIEOYTXYW7O25GI",
            "identifier": "terraform-20241210001317834100000003",
            "identifier_prefix": "terraform-",
            "instance_class": "db.t3.micro",
            "iops": 0,
            "kms_key_id": "",
            "latest_restorable_time": "",
            "license_model": "general-public-license",
            "listener_endpoint": [],
            "maintenance_window": "sat:05:50-sat:06:20",
            "manage_master_user_password": null,
            "master_user_secret": [],
            "master_user_secret_kms_key_id": null,
            "max_allocated_storage": 0,
            "monitoring_interval": 0,
            "monitoring_role_arn": "",
            "multi_az": false,
            "nchar_character_set_name": "",
            "network_type": "IPV4",
            "option_group_name": "default:mysql-5-7",
            "parameter_group_name": "default.mysql5.7",
            "password": "swqy5Z#mmkppf5DI",
            "performance_insights_enabled": false,
            "performance_insights_kms_key_id": "",
            "performance_insights_retention_period": 0,
            "port": 3306,
            "publicly_accessible": false,
            "replica_mode": "",
            "replicas": [],
            "replicate_source_db": "",
            "resource_id": "db-PQZB7H6QJNWLIEOYTXYW7O25GI",
            "restore_to_point_in_time": [],
            "s3_import": [],
            "skip_final_snapshot": true,
            "snapshot_identifier": null,
            "status": "available",
            "storage_encrypted": false,
            "storage_throughput": 0,
            "storage_type": "gp2",
            "tags": null,
            "tags_all": {},
            "timeouts": null,
            "timezone": "",
            "upgrade_storage_config": null,
            "username": "admin",
            "vpc_security_group_ids": [
              "sg-0b9ca93f4919f2238"
            ]
          },
          "sensitive_attributes": [
            [
              {
                "type": "get_attr",
                "value": "password"
              }
            ]
          ],
          "private": "eyJlMmJmYjczMC1lY2FhLTExZTYtOGY4OC0zNDM2M2JjN2M0YzAiOnsiY3JlYXRlIjoyNDAwMDAwMDAwMDAwLCJkZWxldGUiOjM2MDAwMDAwMDAwMDAsInVwZGF0ZSI6NDgwMDAwMDAwMDAwMH0sInNjaGVtYV92ZXJzaW9uIjoiMiJ9",
          "dependencies": [
            "module.rds.random_password.rds_password"
          ]
        }
      ]
    },
    {
      "module": "module.rds",
      "mode": "managed",
      "type": "random_password",
      "name": "rds_password",
      "provider": "provider[\"registry.terraform.io/hashicorp/random\"]",
      "instances": [
        {
          "schema_version": 3,
          "attributes": {
            "bcrypt_hash": "$2a$10$Vm9C0nkX64ucSeaGu/tqveni5Qp20xGbOe7tMEDVc0fUPkjID0UMa",
            "id": "none",
            "keepers": null,
            "length": 16,
            "lower": true,
            "min_lower": 0,
            "min_numeric": 0,
            "min_special": 0,
            "min_upper": 0,
            "number": true,
            "numeric": true,
            "override_special": "!#$%\u0026*()-_=+[]{}:?",
            "result": "swqy5Z#mmkppf5DI",
            "special": true,
            "upper": true
          },
          "sensitive_attributes": [
            [
              {
                "type": "get_attr",
                "value": "bcrypt_hash"
              }
            ],
            [
              {
                "type": "get_attr",
                "value": "result"
              }
            ]
          ]
        }
      ]
    },
    {
      "module": "module.s3",
      "mode": "managed",
      "type": "aws_s3_bucket",
      "name": "my_bucket",
      "provider": "provider[\"registry.terraform.io/hashicorp/aws\"]",
      "instances": [
        {
          "schema_version": 0,
          "attributes": {
            "acceleration_status": "",
            "acl": null,
            "arn": "arn:aws:s3:::thebucket8i4mzhiq1182001",
            "bucket": "thebucket8i4mzhiq1182001",
            "bucket_domain_name": "thebucket8i4mzhiq1182001.s3.amazonaws.com",
            "bucket_prefix": "",
            "bucket_regional_domain_name": "thebucket8i4mzhiq1182001.s3.us-east-1.amazonaws.com",
            "cors_rule": [],
            "force_destroy": true,
            "grant": [
              {
                "id": "50c1dc3e3fa85e4677510b6f4081e736c972f8a0dde79603bf686ddedaf8272b",
                "permissions": [
                  "FULL_CONTROL"
                ],
                "type": "CanonicalUser",
                "uri": ""
              }
            ],
            "hosted_zone_id": "Z3AQBSTGFYJSTF",
            "id": "thebucket8i4mzhiq1182001",
            "lifecycle_rule": [],
            "logging": [],
            "object_lock_configuration": [],
            "object_lock_enabled": false,
            "policy": "",
            "region": "us-east-1",
            "replication_configuration": [],
            "request_payer": "BucketOwner",
            "server_side_encryption_configuration": [
              {
                "rule": [
                  {
                    "apply_server_side_encryption_by_default": [
                      {
                        "kms_master_key_id": "",
                        "sse_algorithm": "AES256"
                      }
                    ],
                    "bucket_key_enabled": false
                  }
                ]
              }
            ],
            "tags": null,
            "tags_all": {},
            "timeouts": null,
            "versioning": [
              {
                "enabled": false,
                "mfa_delete": false
              }
            ],
            "website": [],
            "website_domain": null,
            "website_endpoint": null
          },
          "sensitive_attributes": [],
          "private": "eyJlMmJmYjczMC1lY2FhLTExZTYtOGY4OC0zNDM2M2JjN2M0YzAiOnsiY3JlYXRlIjoxMjAwMDAwMDAwMDAwLCJkZWxldGUiOjM2MDAwMDAwMDAwMDAsInJlYWQiOjEyMDAwMDAwMDAwMDAsInVwZGF0ZSI6MTIwMDAwMDAwMDAwMH19",
          "dependencies": [
            "module.s3.random_string.bucket_suffix"
          ]
        }
      ]
    },
    {
      "module": "module.s3",
      "mode": "managed",
      "type": "random_string",
      "name": "bucket_suffix",
      "provider": "provider[\"registry.terraform.io/hashicorp/random\"]",
      "instances": [
        {
          "schema_version": 2,
          "attributes": {
            "id": "8i4mzhiq",
            "keepers": null,
            "length": 8,
            "lower": true,
            "min_lower": 0,
            "min_numeric": 0,
            "min_special": 0,
            "min_upper": 0,
            "number": true,
            "numeric": true,
            "override_special": null,
            "result": "8i4mzhiq",
            "special": false,
            "upper": false
          },
          "sensitive_attributes": []
        }
      ]
    },
    {
      "module": "module.secrets_manager",
      "mode": "managed",
      "type": "aws_secretsmanager_secret",
      "name": "rds_credentials",
      "provider": "provider[\"registry.terraform.io/hashicorp/aws\"]",
      "instances": [
        {
          "schema_version": 0,
          "attributes": {
            "arn": "arn:aws:secretsmanager:us-east-1:243558588266:secret:rds_credentials_ajt4um-BKEZCx",
            "description": "",
            "force_overwrite_replica_secret": false,
            "id": "arn:aws:secretsmanager:us-east-1:243558588266:secret:rds_credentials_ajt4um-BKEZCx",
            "kms_key_id": "",
            "name": "rds_credentials_ajt4um",
            "name_prefix": "",
            "policy": "",
            "recovery_window_in_days": 30,
            "replica": [],
            "tags": null,
            "tags_all": {}
          },
          "sensitive_attributes": [],
          "private": "bnVsbA==",
          "dependencies": [
            "module.secrets_manager.random_string.suffix"
          ]
        }
      ]
    },
    {
      "module": "module.secrets_manager",
      "mode": "managed",
      "type": "aws_secretsmanager_secret",
      "name": "rds_password",
      "provider": "provider[\"registry.terraform.io/hashicorp/aws\"]",
      "instances": [
        {
          "schema_version": 0,
          "attributes": {
            "arn": "arn:aws:secretsmanager:us-east-1:243558588266:secret:rds_password_ajt4um-NGwBmt",
            "description": "",
            "force_overwrite_replica_secret": false,
            "id": "arn:aws:secretsmanager:us-east-1:243558588266:secret:rds_password_ajt4um-NGwBmt",
            "kms_key_id": "",
            "name": "rds_password_ajt4um",
            "name_prefix": "",
            "policy": "",
            "recovery_window_in_days": 30,
            "replica": [],
            "tags": null,
            "tags_all": {}
          },
          "sensitive_attributes": [],
          "private": "bnVsbA==",
          "dependencies": [
            "module.secrets_manager.random_string.suffix"
          ]
        }
      ]
    },
    {
      "module": "module.secrets_manager",
      "mode": "managed",
      "type": "aws_secretsmanager_secret_version",
      "name": "rds_password_version",
      "provider": "provider[\"registry.terraform.io/hashicorp/aws\"]",
      "instances": [
        {
          "schema_version": 0,
          "attributes": {
            "arn": "arn:aws:secretsmanager:us-east-1:243558588266:secret:rds_password_ajt4um-NGwBmt",
            "id": "arn:aws:secretsmanager:us-east-1:243558588266:secret:rds_password_ajt4um-NGwBmt|terraform-20241210001319037700000006",
            "secret_binary": "",
            "secret_id": "arn:aws:secretsmanager:us-east-1:243558588266:secret:rds_password_ajt4um-NGwBmt",
            "secret_string": "{\"password\":\"\",\"username\":\"admin\"}",
            "version_id": "terraform-20241210001319037700000006",
            "version_stages": [
              "AWSCURRENT"
            ]
          },
          "sensitive_attributes": [
            [
              {
                "type": "get_attr",
                "value": "secret_binary"
              }
            ],
            [
              {
                "type": "get_attr",
                "value": "secret_string"
              }
            ]
          ],
          "private": "bnVsbA==",
          "dependencies": [
            "module.secrets_manager.aws_secretsmanager_secret.rds_password",
            "module.secrets_manager.random_string.suffix"
          ]
        }
      ]
    },
    {
      "module": "module.secrets_manager",
      "mode": "managed",
      "type": "random_string",
      "name": "suffix",
      "provider": "provider[\"registry.terraform.io/hashicorp/random\"]",
      "instances": [
        {
          "schema_version": 2,
          "attributes": {
            "id": "ajt4um",
            "keepers": null,
            "length": 6,
            "lower": true,
            "min_lower": 0,
            "min_numeric": 0,
            "min_special": 0,
            "min_upper": 0,
            "number": true,
            "numeric": true,
            "override_special": null,
            "result": "ajt4um",
            "special": false,
            "upper": false
          },
          "sensitive_attributes": []
        }
      ]
    },
    {
      "module": "module.sns",
      "mode": "managed",
      "type": "aws_sns_topic",
      "name": "data_notification",
      "provider": "provider[\"registry.terraform.io/hashicorp/aws\"]",
      "instances": [
        {
          "schema_version": 0,
          "attributes": {
            "application_failure_feedback_role_arn": "",
            "application_success_feedback_role_arn": "",
            "application_success_feedback_sample_rate": 0,
            "archive_policy": "",
            "arn": "arn:aws:sns:us-east-1:243558588266:data-notification-topic",
            "beginning_archive_time": "",
            "content_based_deduplication": false,
            "delivery_policy": "",
            "display_name": "",
            "fifo_topic": false,
            "firehose_failure_feedback_role_arn": "",
            "firehose_success_feedback_role_arn": "",
            "firehose_success_feedback_sample_rate": 0,
            "http_failure_feedback_role_arn": "",
            "http_success_feedback_role_arn": "",
            "http_success_feedback_sample_rate": 0,
            "id": "arn:aws:sns:us-east-1:243558588266:data-notification-topic",
            "kms_master_key_id": "",
            "lambda_failure_feedback_role_arn": "",
            "lambda_success_feedback_role_arn": "",
            "lambda_success_feedback_sample_rate": 0,
            "name": "data-notification-topic",
            "name_prefix": "",
            "owner": "243558588266",
            "policy": "{\"Id\":\"__default_policy_ID\",\"Statement\":[{\"Action\":[\"SNS:GetTopicAttributes\",\"SNS:SetTopicAttributes\",\"SNS:AddPermission\",\"SNS:RemovePermission\",\"SNS:DeleteTopic\",\"SNS:Subscribe\",\"SNS:ListSubscriptionsByTopic\",\"SNS:Publish\"],\"Condition\":{\"StringEquals\":{\"AWS:SourceOwner\":\"243558588266\"}},\"Effect\":\"Allow\",\"Principal\":{\"AWS\":\"*\"},\"Resource\":\"arn:aws:sns:us-east-1:243558588266:data-notification-topic\",\"Sid\":\"__default_statement_ID\"}],\"Version\":\"2008-10-17\"}",
            "signature_version": 0,
            "sqs_failure_feedback_role_arn": "",
            "sqs_success_feedback_role_arn": "",
            "sqs_success_feedback_sample_rate": 0,
            "tags": null,
            "tags_all": {},
            "tracing_config": ""
          },
          "sensitive_attributes": [],
          "private": "bnVsbA=="
        }
      ]
    },
    {
      "module": "module.sns",
      "mode": "managed",
      "type": "aws_sns_topic_subscription",
      "name": "email-subscription",
      "provider": "provider[\"registry.terraform.io/hashicorp/aws\"]",
      "instances": [
        {
          "schema_version": 0,
          "attributes": {
            "arn": "arn:aws:sns:us-east-1:243558588266:data-notification-topic:4040e93e-c94d-43d2-a52f-3f61ed86d59b",
            "confirmation_timeout_in_minutes": 1,
            "confirmation_was_authenticated": false,
            "delivery_policy": "",
            "endpoint": "vapeprosper@gmail.com",
            "endpoint_auto_confirms": false,
            "filter_policy": "",
            "filter_policy_scope": "",
            "id": "arn:aws:sns:us-east-1:243558588266:data-notification-topic:4040e93e-c94d-43d2-a52f-3f61ed86d59b",
            "owner_id": "243558588266",
            "pending_confirmation": true,
            "protocol": "email",
            "raw_message_delivery": false,
            "redrive_policy": "",
            "replay_policy": "",
            "subscription_role_arn": "",
            "topic_arn": "arn:aws:sns:us-east-1:243558588266:data-notification-topic"
          },
          "sensitive_attributes": [],
          "private": "bnVsbA==",
          "dependencies": [
            "module.sns.aws_sns_topic.data_notification"
          ]
        }
      ]
    },
    {
      "module": "module.sqs",
      "mode": "managed",
      "type": "aws_sqs_queue",
      "name": "my_queue",
      "provider": "provider[\"registry.terraform.io/hashicorp/aws\"]",
      "instances": [
        {
          "schema_version": 0,
          "attributes": {
            "arn": "arn:aws:sqs:us-east-1:243558588266:data-processing-queue",
            "content_based_deduplication": false,
            "deduplication_scope": "",
            "delay_seconds": 0,
            "fifo_queue": false,
            "fifo_throughput_limit": "",
            "id": "https://sqs.us-east-1.amazonaws.com/243558588266/data-processing-queue",
            "kms_data_key_reuse_period_seconds": 300,
            "kms_master_key_id": "",
            "max_message_size": 262144,
            "message_retention_seconds": 345600,
            "name": "data-processing-queue",
            "name_prefix": "",
            "policy": "",
            "receive_wait_time_seconds": 0,
            "redrive_allow_policy": "",
            "redrive_policy": "",
            "sqs_managed_sse_enabled": true,
            "tags": null,
            "tags_all": {},
            "url": "https://sqs.us-east-1.amazonaws.com/243558588266/data-processing-queue",
            "visibility_timeout_seconds": 30
          },
          "sensitive_attributes": [],
          "private": "bnVsbA=="
        }
      ]
    },
    {
      "module": "module.vpc",
      "mode": "data",
      "type": "aws_availability_zones",
      "name": "available",
      "provider": "provider[\"registry.terraform.io/hashicorp/aws\"]",
      "instances": [
        {
          "schema_version": 0,
          "attributes": {
            "all_availability_zones": null,
            "exclude_names": null,
            "exclude_zone_ids": null,
            "filter": null,
            "group_names": [
              "us-east-1"
            ],
            "id": "us-east-1",
            "names": [
              "us-east-1a",
              "us-east-1b",
              "us-east-1c",
              "us-east-1d",
              "us-east-1e",
              "us-east-1f"
            ],
            "state": "available",
            "timeouts": null,
            "zone_ids": [
              "use1-az4",
              "use1-az6",
              "use1-az1",
              "use1-az2",
              "use1-az3",
              "use1-az5"
            ]
          },
          "sensitive_attributes": []
        }
      ]
    },
    {
      "module": "module.vpc",
      "mode": "managed",
      "type": "aws_db_subnet_group",
      "name": "rds_subnet_group",
      "provider": "provider[\"registry.terraform.io/hashicorp/aws\"]",
      "instances": [
        {
          "schema_version": 0,
          "attributes": {
            "arn": "arn:aws:rds:us-east-1:243558588266:subgrp:rds-subnet-group",
            "description": "Managed by Terraform",
            "id": "rds-subnet-group",
            "name": "rds-subnet-group",
            "name_prefix": "",
            "subnet_ids": [
              "subnet-0234af756bc5d1d79",
              "subnet-084d2723e1df1f04b"
            ],
            "supported_network_types": [
              "IPV4"
            ],
            "tags": {
              "Name": "RDS Subnet Group"
            },
            "tags_all": {
              "Name": "RDS Subnet Group"
            },
            "vpc_id": "vpc-01a1ff6d5cbaefe06"
          },
          "sensitive_attributes": [],
          "private": "bnVsbA==",
          "dependencies": [
            "module.vpc.aws_subnet.private",
            "module.vpc.aws_vpc.main",
            "module.vpc.data.aws_availability_zones.available"
          ]
        }
      ]
    },
    {
      "module": "module.vpc",
      "mode": "managed",
      "type": "aws_eip",
      "name": "nat",
      "provider": "provider[\"registry.terraform.io/hashicorp/aws\"]",
      "instances": [
        {
          "index_key": 0,
          "schema_version": 0,
          "attributes": {
            "address": null,
            "allocation_id": "eipalloc-07d612d6dcb008fc8",
            "arn": "arn:aws:ec2:us-east-1:243558588266:elastic-ip/eipalloc-07d612d6dcb008fc8",
            "associate_with_private_ip": null,
            "association_id": "",
            "carrier_ip": "",
            "customer_owned_ip": "",
            "customer_owned_ipv4_pool": "",
            "domain": "vpc",
            "id": "eipalloc-07d612d6dcb008fc8",
            "instance": "",
            "ipam_pool_id": null,
            "network_border_group": "us-east-1",
            "network_interface": "",
            "private_dns": null,
            "private_ip": "",
            "ptr_record": "",
            "public_dns": "ec2-100-28-69-47.compute-1.amazonaws.com",
            "public_ip": "100.28.69.47",
            "public_ipv4_pool": "amazon",
            "tags": null,
            "tags_all": {},
            "timeouts": null,
            "vpc": true
          },
          "sensitive_attributes": [],
          "private": "eyJlMmJmYjczMC1lY2FhLTExZTYtOGY4OC0zNDM2M2JjN2M0YzAiOnsiZGVsZXRlIjoxODAwMDAwMDAwMDAsInJlYWQiOjkwMDAwMDAwMDAwMCwidXBkYXRlIjozMDAwMDAwMDAwMDB9fQ=="
        },
        {
          "index_key": 1,
          "schema_version": 0,
          "attributes": {
            "address": null,
            "allocation_id": "eipalloc-00a1c348e173849e1",
            "arn": "arn:aws:ec2:us-east-1:243558588266:elastic-ip/eipalloc-00a1c348e173849e1",
            "associate_with_private_ip": null,
            "association_id": "",
            "carrier_ip": "",
            "customer_owned_ip": "",
            "customer_owned_ipv4_pool": "",
            "domain": "vpc",
            "id": "eipalloc-00a1c348e173849e1",
            "instance": "",
            "ipam_pool_id": null,
            "network_border_group": "us-east-1",
            "network_interface": "",
            "private_dns": null,
            "private_ip": "",
            "ptr_record": "",
            "public_dns": "ec2-52-22-89-149.compute-1.amazonaws.com",
            "public_ip": "52.22.89.149",
            "public_ipv4_pool": "amazon",
            "tags": null,
            "tags_all": {},
            "timeouts": null,
            "vpc": true
          },
          "sensitive_attributes": [],
          "private": "eyJlMmJmYjczMC1lY2FhLTExZTYtOGY4OC0zNDM2M2JjN2M0YzAiOnsiZGVsZXRlIjoxODAwMDAwMDAwMDAsInJlYWQiOjkwMDAwMDAwMDAwMCwidXBkYXRlIjozMDAwMDAwMDAwMDB9fQ=="
        }
      ]
    },
    {
      "module": "module.vpc",
      "mode": "managed",
      "type": "aws_internet_gateway",
      "name": "gw",
      "provider": "provider[\"registry.terraform.io/hashicorp/aws\"]",
      "instances": [
        {
          "schema_version": 0,
          "attributes": {
            "arn": "arn:aws:ec2:us-east-1:243558588266:internet-gateway/igw-0e24a20264804a4fd",
            "id": "igw-0e24a20264804a4fd",
            "owner_id": "243558588266",
            "tags": {
              "Name": "main-vpc-1182001-igw"
            },
            "tags_all": {
              "Name": "main-vpc-1182001-igw"
            },
            "timeouts": null,
            "vpc_id": "vpc-01a1ff6d5cbaefe06"
          },
          "sensitive_attributes": [],
          "private": "eyJlMmJmYjczMC1lY2FhLTExZTYtOGY4OC0zNDM2M2JjN2M0YzAiOnsiY3JlYXRlIjoxMjAwMDAwMDAwMDAwLCJkZWxldGUiOjEyMDAwMDAwMDAwMDAsInVwZGF0ZSI6MTIwMDAwMDAwMDAwMH19",
          "dependencies": [
            "module.vpc.aws_vpc.main"
          ]
        }
      ]
    },
    {
      "module": "module.vpc",
      "mode": "managed",
      "type": "aws_nat_gateway",
      "name": "nat",
      "provider": "provider[\"registry.terraform.io/hashicorp/aws\"]",
      "instances": [
        {
          "index_key": 0,
          "schema_version": 0,
          "attributes": {
            "allocation_id": "eipalloc-07d612d6dcb008fc8",
            "association_id": "eipassoc-0e80c24bfeaf45f3c",
            "connectivity_type": "public",
            "id": "nat-0bfa9c361567f7fa8",
            "network_interface_id": "eni-058cdb8023fa7eadb",
            "private_ip": "10.0.0.223",
            "public_ip": "100.28.69.47",
            "secondary_allocation_ids": null,
            "secondary_private_ip_address_count": 0,
            "secondary_private_ip_addresses": [],
            "subnet_id": "subnet-05438b747ff8fd48a",
            "tags": {
              "Name": "NAT Gateway 1"
            },
            "tags_all": {
              "Name": "NAT Gateway 1"
            },
            "timeouts": null
          },
          "sensitive_attributes": [],
          "private": "eyJlMmJmYjczMC1lY2FhLTExZTYtOGY4OC0zNDM2M2JjN2M0YzAiOnsiY3JlYXRlIjo2MDAwMDAwMDAwMDAsImRlbGV0ZSI6MTgwMDAwMDAwMDAwMCwidXBkYXRlIjo2MDAwMDAwMDAwMDB9fQ==",
          "dependencies": [
            "module.vpc.aws_eip.nat",
            "module.vpc.aws_subnet.public",
            "module.vpc.aws_vpc.main",
            "module.vpc.data.aws_availability_zones.available"
          ]
        },
        {
          "index_key": 1,
          "schema_version": 0,
          "attributes": {
            "allocation_id": "eipalloc-00a1c348e173849e1",
            "association_id": "eipassoc-09ac10bc576379906",
            "connectivity_type": "public",
            "id": "nat-07101091efc19582c",
            "network_interface_id": "eni-0ebe83df74860a3b7",
            "private_ip": "10.0.1.29",
            "public_ip": "52.22.89.149",
            "secondary_allocation_ids": null,
            "secondary_private_ip_address_count": 0,
            "secondary_private_ip_addresses": [],
            "subnet_id": "subnet-07eaaa84291837728",
            "tags": {
              "Name": "NAT Gateway 2"
            },
            "tags_all": {
              "Name": "NAT Gateway 2"
            },
            "timeouts": null
          },
          "sensitive_attributes": [],
          "private": "eyJlMmJmYjczMC1lY2FhLTExZTYtOGY4OC0zNDM2M2JjN2M0YzAiOnsiY3JlYXRlIjo2MDAwMDAwMDAwMDAsImRlbGV0ZSI6MTgwMDAwMDAwMDAwMCwidXBkYXRlIjo2MDAwMDAwMDAwMDB9fQ==",
          "dependencies": [
            "module.vpc.aws_eip.nat",
            "module.vpc.aws_subnet.public",
            "module.vpc.aws_vpc.main",
            "module.vpc.data.aws_availability_zones.available"
          ]
        }
      ]
    },
    {
      "module": "module.vpc",
      "mode": "managed",
      "type": "aws_route_table",
      "name": "private",
      "provider": "provider[\"registry.terraform.io/hashicorp/aws\"]",
      "instances": [
        {
          "index_key": 0,
          "schema_version": 0,
          "attributes": {
            "arn": "arn:aws:ec2:us-east-1:243558588266:route-table/rtb-0ca48586a2ee2ef77",
            "id": "rtb-0ca48586a2ee2ef77",
            "owner_id": "243558588266",
            "propagating_vgws": [],
            "route": [
              {
                "carrier_gateway_id": "",
                "cidr_block": "0.0.0.0/0",
                "core_network_arn": "",
                "destination_prefix_list_id": "",
                "egress_only_gateway_id": "",
                "gateway_id": "",
                "ipv6_cidr_block": "",
                "local_gateway_id": "",
                "nat_gateway_id": "nat-0bfa9c361567f7fa8",
                "network_interface_id": "",
                "transit_gateway_id": "",
                "vpc_endpoint_id": "",
                "vpc_peering_connection_id": ""
              }
            ],
            "tags": {
              "Name": "Private Route Table 1"
            },
            "tags_all": {
              "Name": "Private Route Table 1"
            },
            "timeouts": null,
            "vpc_id": "vpc-01a1ff6d5cbaefe06"
          },
          "sensitive_attributes": [],
          "private": "eyJlMmJmYjczMC1lY2FhLTExZTYtOGY4OC0zNDM2M2JjN2M0YzAiOnsiY3JlYXRlIjozMDAwMDAwMDAwMDAsImRlbGV0ZSI6MzAwMDAwMDAwMDAwLCJ1cGRhdGUiOjEyMDAwMDAwMDAwMH19",
          "dependencies": [
            "module.vpc.aws_eip.nat",
            "module.vpc.aws_nat_gateway.nat",
            "module.vpc.aws_subnet.public",
            "module.vpc.aws_vpc.main",
            "module.vpc.data.aws_availability_zones.available"
          ]
        },
        {
          "index_key": 1,
          "schema_version": 0,
          "attributes": {
            "arn": "arn:aws:ec2:us-east-1:243558588266:route-table/rtb-03a1c106de8e87429",
            "id": "rtb-03a1c106de8e87429",
            "owner_id": "243558588266",
            "propagating_vgws": [],
            "route": [
              {
                "carrier_gateway_id": "",
                "cidr_block": "0.0.0.0/0",
                "core_network_arn": "",
                "destination_prefix_list_id": "",
                "egress_only_gateway_id": "",
                "gateway_id": "",
                "ipv6_cidr_block": "",
                "local_gateway_id": "",
                "nat_gateway_id": "nat-07101091efc19582c",
                "network_interface_id": "",
                "transit_gateway_id": "",
                "vpc_endpoint_id": "",
                "vpc_peering_connection_id": ""
              }
            ],
            "tags": {
              "Name": "Private Route Table 2"
            },
            "tags_all": {
              "Name": "Private Route Table 2"
            },
            "timeouts": null,
            "vpc_id": "vpc-01a1ff6d5cbaefe06"
          },
          "sensitive_attributes": [],
          "private": "eyJlMmJmYjczMC1lY2FhLTExZTYtOGY4OC0zNDM2M2JjN2M0YzAiOnsiY3JlYXRlIjozMDAwMDAwMDAwMDAsImRlbGV0ZSI6MzAwMDAwMDAwMDAwLCJ1cGRhdGUiOjEyMDAwMDAwMDAwMH19",
          "dependencies": [
            "module.vpc.aws_eip.nat",
            "module.vpc.aws_nat_gateway.nat",
            "module.vpc.aws_subnet.public",
            "module.vpc.aws_vpc.main",
            "module.vpc.data.aws_availability_zones.available"
          ]
        }
      ]
    },
    {
      "module": "module.vpc",
      "mode": "managed",
      "type": "aws_route_table",
      "name": "public",
      "provider": "provider[\"registry.terraform.io/hashicorp/aws\"]",
      "instances": [
        {
          "schema_version": 0,
          "attributes": {
            "arn": "arn:aws:ec2:us-east-1:243558588266:route-table/rtb-0620adc6a882450fe",
            "id": "rtb-0620adc6a882450fe",
            "owner_id": "243558588266",
            "propagating_vgws": [],
            "route": [
              {
                "carrier_gateway_id": "",
                "cidr_block": "0.0.0.0/0",
                "core_network_arn": "",
                "destination_prefix_list_id": "",
                "egress_only_gateway_id": "",
                "gateway_id": "igw-0e24a20264804a4fd",
                "ipv6_cidr_block": "",
                "local_gateway_id": "",
                "nat_gateway_id": "",
                "network_interface_id": "",
                "transit_gateway_id": "",
                "vpc_endpoint_id": "",
                "vpc_peering_connection_id": ""
              }
            ],
            "tags": {
              "Name": "Public Route Table"
            },
            "tags_all": {
              "Name": "Public Route Table"
            },
            "timeouts": null,
            "vpc_id": "vpc-01a1ff6d5cbaefe06"
          },
          "sensitive_attributes": [],
          "private": "eyJlMmJmYjczMC1lY2FhLTExZTYtOGY4OC0zNDM2M2JjN2M0YzAiOnsiY3JlYXRlIjozMDAwMDAwMDAwMDAsImRlbGV0ZSI6MzAwMDAwMDAwMDAwLCJ1cGRhdGUiOjEyMDAwMDAwMDAwMH19",
          "dependencies": [
            "module.vpc.aws_internet_gateway.gw",
            "module.vpc.aws_vpc.main"
          ]
        }
      ]
    },
    {
      "module": "module.vpc",
      "mode": "managed",
      "type": "aws_route_table_association",
      "name": "private",
      "provider": "provider[\"registry.terraform.io/hashicorp/aws\"]",
      "instances": [
        {
          "index_key": 0,
          "schema_version": 0,
          "attributes": {
            "gateway_id": "",
            "id": "rtbassoc-026e83835cd7b0094",
            "route_table_id": "rtb-0ca48586a2ee2ef77",
            "subnet_id": "subnet-0234af756bc5d1d79",
            "timeouts": null
          },
          "sensitive_attributes": [],
          "private": "eyJlMmJmYjczMC1lY2FhLTExZTYtOGY4OC0zNDM2M2JjN2M0YzAiOnsiY3JlYXRlIjozMDAwMDAwMDAwMDAsImRlbGV0ZSI6MzAwMDAwMDAwMDAwLCJ1cGRhdGUiOjEyMDAwMDAwMDAwMH19",
          "dependencies": [
            "module.vpc.aws_eip.nat",
            "module.vpc.aws_nat_gateway.nat",
            "module.vpc.aws_route_table.private",
            "module.vpc.aws_subnet.private",
            "module.vpc.aws_subnet.public",
            "module.vpc.aws_vpc.main",
            "module.vpc.data.aws_availability_zones.available"
          ]
        },
        {
          "index_key": 1,
          "schema_version": 0,
          "attributes": {
            "gateway_id": "",
            "id": "rtbassoc-09a2c322e94e97648",
            "route_table_id": "rtb-03a1c106de8e87429",
            "subnet_id": "subnet-084d2723e1df1f04b",
            "timeouts": null
          },
          "sensitive_attributes": [],
          "private": "eyJlMmJmYjczMC1lY2FhLTExZTYtOGY4OC0zNDM2M2JjN2M0YzAiOnsiY3JlYXRlIjozMDAwMDAwMDAwMDAsImRlbGV0ZSI6MzAwMDAwMDAwMDAwLCJ1cGRhdGUiOjEyMDAwMDAwMDAwMH19",
          "dependencies": [
            "module.vpc.aws_eip.nat",
            "module.vpc.aws_nat_gateway.nat",
            "module.vpc.aws_route_table.private",
            "module.vpc.aws_subnet.private",
            "module.vpc.aws_subnet.public",
            "module.vpc.aws_vpc.main",
            "module.vpc.data.aws_availability_zones.available"
          ]
        }
      ]
    },
    {
      "module": "module.vpc",
      "mode": "managed",
      "type": "aws_route_table_association",
      "name": "public",
      "provider": "provider[\"registry.terraform.io/hashicorp/aws\"]",
      "instances": [
        {
          "index_key": 0,
          "schema_version": 0,
          "attributes": {
            "gateway_id": "",
            "id": "rtbassoc-03cd9a8a16f28800d",
            "route_table_id": "rtb-0620adc6a882450fe",
            "subnet_id": "subnet-05438b747ff8fd48a",
            "timeouts": null
          },
          "sensitive_attributes": [],
          "private": "eyJlMmJmYjczMC1lY2FhLTExZTYtOGY4OC0zNDM2M2JjN2M0YzAiOnsiY3JlYXRlIjozMDAwMDAwMDAwMDAsImRlbGV0ZSI6MzAwMDAwMDAwMDAwLCJ1cGRhdGUiOjEyMDAwMDAwMDAwMH19",
          "dependencies": [
            "module.vpc.aws_internet_gateway.gw",
            "module.vpc.aws_route_table.public",
            "module.vpc.aws_subnet.public",
            "module.vpc.aws_vpc.main",
            "module.vpc.data.aws_availability_zones.available"
          ]
        },
        {
          "index_key": 1,
          "schema_version": 0,
          "attributes": {
            "gateway_id": "",
            "id": "rtbassoc-058b6a57e8feb91ba",
            "route_table_id": "rtb-0620adc6a882450fe",
            "subnet_id": "subnet-07eaaa84291837728",
            "timeouts": null
          },
          "sensitive_attributes": [],
          "private": "eyJlMmJmYjczMC1lY2FhLTExZTYtOGY4OC0zNDM2M2JjN2M0YzAiOnsiY3JlYXRlIjozMDAwMDAwMDAwMDAsImRlbGV0ZSI6MzAwMDAwMDAwMDAwLCJ1cGRhdGUiOjEyMDAwMDAwMDAwMH19",
          "dependencies": [
            "module.vpc.aws_internet_gateway.gw",
            "module.vpc.aws_route_table.public",
            "module.vpc.aws_subnet.public",
            "module.vpc.aws_vpc.main",
            "module.vpc.data.aws_availability_zones.available"
          ]
        }
      ]
    },
    {
      "module": "module.vpc",
      "mode": "managed",
      "type": "aws_subnet",
      "name": "private",
      "provider": "provider[\"registry.terraform.io/hashicorp/aws\"]",
      "instances": [
        {
          "index_key": 0,
          "schema_version": 1,
          "attributes": {
            "arn": "arn:aws:ec2:us-east-1:243558588266:subnet/subnet-0234af756bc5d1d79",
            "assign_ipv6_address_on_creation": false,
            "availability_zone": "us-east-1a",
            "availability_zone_id": "use1-az4",
            "cidr_block": "10.0.10.0/24",
            "customer_owned_ipv4_pool": "",
            "enable_dns64": false,
            "enable_lni_at_device_index": 0,
            "enable_resource_name_dns_a_record_on_launch": false,
            "enable_resource_name_dns_aaaa_record_on_launch": false,
            "id": "subnet-0234af756bc5d1d79",
            "ipv6_cidr_block": "",
            "ipv6_cidr_block_association_id": "",
            "ipv6_native": false,
            "map_customer_owned_ip_on_launch": false,
            "map_public_ip_on_launch": false,
            "outpost_arn": "",
            "owner_id": "243558588266",
            "private_dns_hostname_type_on_launch": "ip-name",
            "tags": {
              "Name": "Private Subnet 1"
            },
            "tags_all": {
              "Name": "Private Subnet 1"
            },
            "timeouts": null,
            "vpc_id": "vpc-01a1ff6d5cbaefe06"
          },
          "sensitive_attributes": [],
          "private": "eyJlMmJmYjczMC1lY2FhLTExZTYtOGY4OC0zNDM2M2JjN2M0YzAiOnsiY3JlYXRlIjo2MDAwMDAwMDAwMDAsImRlbGV0ZSI6MTIwMDAwMDAwMDAwMH0sInNjaGVtYV92ZXJzaW9uIjoiMSJ9",
          "dependencies": [
            "module.vpc.aws_vpc.main",
            "module.vpc.data.aws_availability_zones.available"
          ]
        },
        {
          "index_key": 1,
          "schema_version": 1,
          "attributes": {
            "arn": "arn:aws:ec2:us-east-1:243558588266:subnet/subnet-084d2723e1df1f04b",
            "assign_ipv6_address_on_creation": false,
            "availability_zone": "us-east-1b",
            "availability_zone_id": "use1-az6",
            "cidr_block": "10.0.11.0/24",
            "customer_owned_ipv4_pool": "",
            "enable_dns64": false,
            "enable_lni_at_device_index": 0,
            "enable_resource_name_dns_a_record_on_launch": false,
            "enable_resource_name_dns_aaaa_record_on_launch": false,
            "id": "subnet-084d2723e1df1f04b",
            "ipv6_cidr_block": "",
            "ipv6_cidr_block_association_id": "",
            "ipv6_native": false,
            "map_customer_owned_ip_on_launch": false,
            "map_public_ip_on_launch": false,
            "outpost_arn": "",
            "owner_id": "243558588266",
            "private_dns_hostname_type_on_launch": "ip-name",
            "tags": {
              "Name": "Private Subnet 2"
            },
            "tags_all": {
              "Name": "Private Subnet 2"
            },
            "timeouts": null,
            "vpc_id": "vpc-01a1ff6d5cbaefe06"
          },
          "sensitive_attributes": [],
          "private": "eyJlMmJmYjczMC1lY2FhLTExZTYtOGY4OC0zNDM2M2JjN2M0YzAiOnsiY3JlYXRlIjo2MDAwMDAwMDAwMDAsImRlbGV0ZSI6MTIwMDAwMDAwMDAwMH0sInNjaGVtYV92ZXJzaW9uIjoiMSJ9",
          "dependencies": [
            "module.vpc.aws_vpc.main",
            "module.vpc.data.aws_availability_zones.available"
          ]
        }
      ]
    },
    {
      "module": "module.vpc",
      "mode": "managed",
      "type": "aws_subnet",
      "name": "public",
      "provider": "provider[\"registry.terraform.io/hashicorp/aws\"]",
      "instances": [
        {
          "index_key": 0,
          "schema_version": 1,
          "attributes": {
            "arn": "arn:aws:ec2:us-east-1:243558588266:subnet/subnet-05438b747ff8fd48a",
            "assign_ipv6_address_on_creation": false,
            "availability_zone": "us-east-1a",
            "availability_zone_id": "use1-az4",
            "cidr_block": "10.0.0.0/24",
            "customer_owned_ipv4_pool": "",
            "enable_dns64": false,
            "enable_lni_at_device_index": 0,
            "enable_resource_name_dns_a_record_on_launch": false,
            "enable_resource_name_dns_aaaa_record_on_launch": false,
            "id": "subnet-05438b747ff8fd48a",
            "ipv6_cidr_block": "",
            "ipv6_cidr_block_association_id": "",
            "ipv6_native": false,
            "map_customer_owned_ip_on_launch": false,
            "map_public_ip_on_launch": true,
            "outpost_arn": "",
            "owner_id": "243558588266",
            "private_dns_hostname_type_on_launch": "ip-name",
            "tags": {
              "Name": "Public Subnet 1"
            },
            "tags_all": {
              "Name": "Public Subnet 1"
            },
            "timeouts": null,
            "vpc_id": "vpc-01a1ff6d5cbaefe06"
          },
          "sensitive_attributes": [],
          "private": "eyJlMmJmYjczMC1lY2FhLTExZTYtOGY4OC0zNDM2M2JjN2M0YzAiOnsiY3JlYXRlIjo2MDAwMDAwMDAwMDAsImRlbGV0ZSI6MTIwMDAwMDAwMDAwMH0sInNjaGVtYV92ZXJzaW9uIjoiMSJ9",
          "dependencies": [
            "module.vpc.aws_vpc.main",
            "module.vpc.data.aws_availability_zones.available"
          ]
        },
        {
          "index_key": 1,
          "schema_version": 1,
          "attributes": {
            "arn": "arn:aws:ec2:us-east-1:243558588266:subnet/subnet-07eaaa84291837728",
            "assign_ipv6_address_on_creation": false,
            "availability_zone": "us-east-1b",
            "availability_zone_id": "use1-az6",
            "cidr_block": "10.0.1.0/24",
            "customer_owned_ipv4_pool": "",
            "enable_dns64": false,
            "enable_lni_at_device_index": 0,
            "enable_resource_name_dns_a_record_on_launch": false,
            "enable_resource_name_dns_aaaa_record_on_launch": false,
            "id": "subnet-07eaaa84291837728",
            "ipv6_cidr_block": "",
            "ipv6_cidr_block_association_id": "",
            "ipv6_native": false,
            "map_customer_owned_ip_on_launch": false,
            "map_public_ip_on_launch": true,
            "outpost_arn": "",
            "owner_id": "243558588266",
            "private_dns_hostname_type_on_launch": "ip-name",
            "tags": {
              "Name": "Public Subnet 2"
            },
            "tags_all": {
              "Name": "Public Subnet 2"
            },
            "timeouts": null,
            "vpc_id": "vpc-01a1ff6d5cbaefe06"
          },
          "sensitive_attributes": [],
          "private": "eyJlMmJmYjczMC1lY2FhLTExZTYtOGY4OC0zNDM2M2JjN2M0YzAiOnsiY3JlYXRlIjo2MDAwMDAwMDAwMDAsImRlbGV0ZSI6MTIwMDAwMDAwMDAwMH0sInNjaGVtYV92ZXJzaW9uIjoiMSJ9",
          "dependencies": [
            "module.vpc.aws_vpc.main",
            "module.vpc.data.aws_availability_zones.available"
          ]
        }
      ]
    },
    {
      "module": "module.vpc",
      "mode": "managed",
      "type": "aws_vpc",
      "name": "main",
      "provider": "provider[\"registry.terraform.io/hashicorp/aws\"]",
      "instances": [
        {
          "schema_version": 1,
          "attributes": {
            "arn": "arn:aws:ec2:us-east-1:243558588266:vpc/vpc-01a1ff6d5cbaefe06",
            "assign_generated_ipv6_cidr_block": false,
            "cidr_block": "10.0.0.0/16",
            "default_network_acl_id": "acl-03ba1dad527d6b7b0",
            "default_route_table_id": "rtb-09976ea765419b834",
            "default_security_group_id": "sg-0052564e4fbe30061",
            "dhcp_options_id": "dopt-05df1535f8874b120",
            "enable_dns_hostnames": false,
            "enable_dns_support": true,
            "enable_network_address_usage_metrics": false,
            "id": "vpc-01a1ff6d5cbaefe06",
            "instance_tenancy": "default",
            "ipv4_ipam_pool_id": null,
            "ipv4_netmask_length": null,
            "ipv6_association_id": "",
            "ipv6_cidr_block": "",
            "ipv6_cidr_block_network_border_group": "",
            "ipv6_ipam_pool_id": "",
            "ipv6_netmask_length": 0,
            "main_route_table_id": "rtb-09976ea765419b834",
            "owner_id": "243558588266",
            "tags": {
              "Name": "main-vpc-1182001"
            },
            "tags_all": {
              "Name": "main-vpc-1182001"
            }
          },
          "sensitive_attributes": [],
          "private": "eyJzY2hlbWFfdmVyc2lvbiI6IjEifQ=="
        }
      ]
    }
  ],
  "check_results": null
}
