{
  "version": 4,
  "terraform_version": "1.10.0",
  "serial": 1445,
  "lineage": "8ba07c4a-ff91-9c32-3a6f-7dab6ac9edf3",
  "outputs": {
    "ec2_instance_id": {
      "value": "i-0e55a755d3e7431c8",
      "type": "string"
    },
    "ec2_public_ip": {
      "value": "34.229.122.141",
      "type": "string"
    },
    "lambda_function_name": {
      "value": "Lambda_process_s3_files",
      "type": "string"
    },
    "private_subnets": {
      "value": [
        "subnet-0543199fb4a580f5c",
        "subnet-0c09f3e8bb28d1d18"
      ],
      "type": [
        "tuple",
        [
          "string",
          "string"
        ]
      ]
    },
    "public_subnets": {
      "value": [
        "subnet-07a4fabf446a2df5a",
        "subnet-008653bcee0a945f7"
      ],
      "type": [
        "tuple",
        [
          "string",
          "string"
        ]
      ]
    },
    "rds_secret_arn": {
      "value": "arn:aws:secretsmanager:us-east-1:243558588266:secret:rds_credentials_mw210b-xl14ke",
      "type": "string"
    },
    "rds_subnet_group": {
      "value": "rds-subnet-group",
      "type": "string"
    },
    "s3_bucket_arn": {
      "value": "arn:aws:s3:::thebucketabxdwn4q1182001",
      "type": "string"
    },
    "s3_bucket_name": {
      "value": "thebucketabxdwn4q1182001",
      "type": "string"
    },
    "sns_topic_arn": {
      "value": "arn:aws:sns:us-east-1:243558588266:data-notification-topic",
      "type": "string"
    },
    "sqs_queue_url": {
      "value": "https://sqs.us-east-1.amazonaws.com/243558588266/data-processing-queue",
      "type": "string"
    },
    "vpc_id": {
      "value": "vpc-0c1daf08995698303",
      "type": "string"
    }
  },
  "resources": [
    {
      "module": "module.ec2",
      "mode": "managed",
      "type": "aws_instance",
      "name": "web",
      "provider": "provider[\"registry.terraform.io/hashicorp/aws\"]",
      "instances": [
        {
          "schema_version": 1,
          "attributes": {
            "ami": "ami-0453ec754f44f9a4a",
            "arn": "arn:aws:ec2:us-east-1:243558588266:instance/i-0e55a755d3e7431c8",
            "associate_public_ip_address": true,
            "availability_zone": "us-east-1a",
            "capacity_reservation_specification": [
              {
                "capacity_reservation_preference": "open",
                "capacity_reservation_target": []
              }
            ],
            "cpu_core_count": 1,
            "cpu_options": [
              {
                "amd_sev_snp": "",
                "core_count": 1,
                "threads_per_core": 1
              }
            ],
            "cpu_threads_per_core": 1,
            "credit_specification": [
              {
                "cpu_credits": "standard"
              }
            ],
            "disable_api_stop": false,
            "disable_api_termination": false,
            "ebs_block_device": [],
            "ebs_optimized": false,
            "enclave_options": [
              {
                "enabled": false
              }
            ],
            "ephemeral_block_device": [],
            "get_password_data": false,
            "hibernation": false,
            "host_id": "",
            "host_resource_group_arn": null,
            "iam_instance_profile": "ec2_ssm_profile",
            "id": "i-0e55a755d3e7431c8",
            "instance_initiated_shutdown_behavior": "stop",
            "instance_lifecycle": "",
            "instance_market_options": [],
            "instance_state": "running",
            "instance_type": "t2.micro",
            "ipv6_address_count": 0,
            "ipv6_addresses": [],
            "key_name": "my-ssh-key",
            "launch_template": [],
            "maintenance_options": [
              {
                "auto_recovery": "default"
              }
            ],
            "metadata_options": [
              {
                "http_endpoint": "enabled",
                "http_protocol_ipv6": "disabled",
                "http_put_response_hop_limit": 2,
                "http_tokens": "required",
                "instance_metadata_tags": "disabled"
              }
            ],
            "monitoring": false,
            "network_interface": [],
            "outpost_arn": "",
            "password_data": "",
            "placement_group": "",
            "placement_partition_number": 0,
            "primary_network_interface_id": "eni-0ee363613111cd9b3",
            "private_dns": "ip-10-0-0-55.ec2.internal",
            "private_dns_name_options": [
              {
                "enable_resource_name_dns_a_record": false,
                "enable_resource_name_dns_aaaa_record": false,
                "hostname_type": "ip-name"
              }
            ],
            "private_ip": "10.0.0.55",
            "public_dns": "",
            "public_ip": "34.229.122.141",
            "root_block_device": [
              {
                "delete_on_termination": true,
                "device_name": "/dev/xvda",
                "encrypted": false,
                "iops": 3000,
                "kms_key_id": "",
                "tags": {},
                "tags_all": {},
                "throughput": 125,
                "volume_id": "vol-0de3b1d8d2711bf1b",
                "volume_size": 8,
                "volume_type": "gp3"
              }
            ],
            "secondary_private_ips": [],
            "security_groups": [],
            "source_dest_check": true,
            "spot_instance_request_id": "",
            "subnet_id": "subnet-07a4fabf446a2df5a",
            "tags": {
              "Name": "Web Server with HTTPie"
            },
            "tags_all": {
              "Name": "Web Server with HTTPie"
            },
            "tenancy": "default",
            "timeouts": null,
            "user_data": "98ef8bd84e06271313231ea985d04060a162dfc5",
            "user_data_base64": null,
            "user_data_replace_on_change": false,
            "volume_tags": null,
            "vpc_security_group_ids": [
              "sg-086c4dc07d8658f7d"
            ]
          },
          "sensitive_attributes": [],
          "private": "eyJlMmJmYjczMC1lY2FhLTExZTYtOGY4OC0zNDM2M2JjN2M0YzAiOnsiY3JlYXRlIjo2MDAwMDAwMDAwMDAsImRlbGV0ZSI6MTIwMDAwMDAwMDAwMCwicmVhZCI6OTAwMDAwMDAwMDAwLCJ1cGRhdGUiOjYwMDAwMDAwMDAwMH0sInNjaGVtYV92ZXJzaW9uIjoiMSJ9",
          "dependencies": [
            "module.ec2.aws_key_pair.ssh",
            "module.ec2.aws_security_group.web",
            "module.ec2.tls_private_key.ssh",
            "module.iam.aws_iam_instance_profile.ec2_ssm_profile",
            "module.iam.aws_iam_role.ec2_ssm_role",
            "module.vpc.aws_subnet.public",
            "module.vpc.aws_vpc.main",
            "module.vpc.data.aws_availability_zones.available"
          ]
        }
      ]
    },
    {
      "module": "module.ec2",
      "mode": "managed",
      "type": "aws_key_pair",
      "name": "ssh",
      "provider": "provider[\"registry.terraform.io/hashicorp/aws\"]",
      "instances": [
        {
          "schema_version": 1,
          "attributes": {
            "arn": "arn:aws:ec2:us-east-1:243558588266:key-pair/my-ssh-key",
            "fingerprint": "e1:7d:26:66:2b:3b:41:74:63:3d:d9:5c:17:89:4d:6f",
            "id": "my-ssh-key",
            "key_name": "my-ssh-key",
            "key_name_prefix": "",
            "key_pair_id": "key-077a933397665dfa3",
            "key_type": "rsa",
            "public_key": "ssh-rsa AAAAB3NzaC1yc2EAAAADAQABAAACAQCc789zSrusB1X8shTa/H1tjjjd6HWFdkq7S1RdpoeFulxLhajzuQ5zDLiVfDksMJkOUFXpu3qBSTxxDAOkif2lX9gAZw7AB1cDu7TbTBsJS9Ha1PV+3AJemGrC++4+V/gI36kWWydTvB69JQcsifNwV2LrMWKQHygiMjzfknwOG7DTYfoh1MXqU6eq1GnTxbdB9zbVngSUFvBfEP7rO7KrzMxdwL9AzA6KrcapHIuDPphQMLNBsd4FjDJyVHzouHRSlGK2V9qZ9rz4v3xVfRUT4YQHTxj7CTnYTxBO9/OjXzmte2ev78tYoMtO4ATcu9d08YkCGDO9odxdijNvoreMUk7uyUlDkx7KjAdIcKEQhiFmHpNm4mwqtP+2a68/YAySmGDGJCk9qVwzDu8DhOtRIDqelcw6Pi0B2DeQUFjfjhdMscyQNpvWYcXp0cZ9UrmOsc95NFq9uI9krWWkbm/wgq3KES+lgLQqGnrkTiDveGJgA0zkrZUCLfe0d/5s7t4BECiKwjLyHkOsBAghYFakOn0E2ERzMDciJHILkRVOGsuz5GHnAWzaG/6YToZpi2/UHYW3Y3yZKoHe2R1WOP+1hW2DpLqrn8hCHK7MbO/D3+uR9xML0m7WgMjWhueN2gnBvrJC75u7lk1eZk8MPtsykueacYc1jIbMYuC5yhjZrw==",
            "tags": null,
            "tags_all": {}
          },
          "sensitive_attributes": [],
          "private": "eyJzY2hlbWFfdmVyc2lvbiI6IjEifQ==",
          "dependencies": [
            "module.ec2.tls_private_key.ssh"
          ]
        }
      ]
    },
    {
      "module": "module.ec2",
      "mode": "managed",
      "type": "aws_security_group",
      "name": "web",
      "provider": "provider[\"registry.terraform.io/hashicorp/aws\"]",
      "instances": [
        {
          "schema_version": 1,
          "attributes": {
            "arn": "arn:aws:ec2:us-east-1:243558588266:security-group/sg-086c4dc07d8658f7d",
            "description": "Allow SSH and HTTP inbound traffic",
            "egress": [
              {
                "cidr_blocks": [
                  "0.0.0.0/0"
                ],
                "description": "",
                "from_port": 0,
                "ipv6_cidr_blocks": [],
                "prefix_list_ids": [],
                "protocol": "-1",
                "security_groups": [],
                "self": false,
                "to_port": 0
              }
            ],
            "id": "sg-086c4dc07d8658f7d",
            "ingress": [
              {
                "cidr_blocks": [
                  "0.0.0.0/0"
                ],
                "description": "HTTP from anywhere",
                "from_port": 80,
                "ipv6_cidr_blocks": [],
                "prefix_list_ids": [],
                "protocol": "tcp",
                "security_groups": [],
                "self": false,
                "to_port": 80
              },
              {
                "cidr_blocks": [
                  "0.0.0.0/0"
                ],
                "description": "SSH from anywhere",
                "from_port": 22,
                "ipv6_cidr_blocks": [],
                "prefix_list_ids": [],
                "protocol": "tcp",
                "security_groups": [],
                "self": false,
                "to_port": 22
              }
            ],
            "name": "allow-ssh-and-http",
            "name_prefix": "",
            "owner_id": "243558588266",
            "revoke_rules_on_delete": false,
            "tags": {
              "Name": "web-sg"
            },
            "tags_all": {
              "Name": "web-sg"
            },
            "timeouts": null,
            "vpc_id": "vpc-0c1daf08995698303"
          },
          "sensitive_attributes": [],
          "private": "eyJlMmJmYjczMC1lY2FhLTExZTYtOGY4OC0zNDM2M2JjN2M0YzAiOnsiY3JlYXRlIjo2MDAwMDAwMDAwMDAsImRlbGV0ZSI6OTAwMDAwMDAwMDAwfSwic2NoZW1hX3ZlcnNpb24iOiIxIn0=",
          "dependencies": [
            "module.vpc.aws_vpc.main"
          ]
        }
      ]
    },
    {
      "module": "module.ec2",
      "mode": "managed",
      "type": "local_file",
      "name": "private_key_pem",
      "provider": "provider[\"registry.terraform.io/hashicorp/local\"]",
      "instances": [
        {
          "schema_version": 0,
          "attributes": {
            "content": "-----BEGIN RSA PRIVATE KEY-----\nMIIJKAIBAAKCAgEAnO/Pc0q7rAdV/LIU2vx9bY443eh1hXZKu0tUXaaHhbpcS4Wo\n87kOcwy4lXw5LDCZDlBV6bt6gUk8cQwDpIn9pV/YAGcOwAdXA7u020wbCUvR2tT1\nftwCXphqwvvuPlf4CN+pFlsnU7wevSUHLInzcFdi6zFikB8oIjI835J8Dhuw02H6\nIdTF6lOnqtRp08W3Qfc21Z4ElBbwXxD+6zuyq8zMXcC/QMwOiq3GqRyLgz6YUDCz\nQbHeBYwyclR86Lh0UpRitlfamfa8+L98VX0VE+GEB08Y+wk52E8QTvfzo185rXtn\nr+/LWKDLTuAE3LvXdPGJAhgzvaHcXYozb6K3jFJO7slJQ5MeyowHSHChEIYhZh6T\nZuJsKrT/tmuvP2AMkphgxiQpPalcMw7vA4TrUSA6npXMOj4tAdg3kFBY344XTLHM\nkDab1mHF6dHGfVK5jrHPeTRavbiPZK1lpG5v8IKtyhEvpYC0Khp65E4g73hiYANM\n5K2VAi33tHf+bO7eARAoisIy8h5DrAQIIWBWpDp9BNhEczA3IiRyC5EVThrLs+Rh\n5wFs2hv+mE6GaYtv1B2Ft2N8mSqB3tkdVjj/tYVtg6S6q5/IQhyuzGzvw9/rkfcT\nC9Ju1oDI1obnjdoJwb6yQu+bu5ZNXmZPDD7bMpLnmnGHNYyGzGLgucoY2a8CAwEA\nAQKCAgB2p/6yzgttezJxV/faxtLS1Zh7d7n7ib/hMoh8Ml//JTOJSmq+s+mP5Ute\ngsj7d1cR8n2ytjResg/H7WyHqGml8vxu+Xy2hhYtVWvd7wH2GmR1z1Q6cYA9I4J9\nIFw2uO5pTyoaJBts/SxEmE1/SGJOS1QYPYOnMld224MZCzlOtXMRr9+eWrC1hkCc\nMfQ90RzI/HByPQJ7MYjWaBRFqSJjMPpH3Gb+SAqqoc81p8Z4GgixgNDX1/LlQOYX\neXfjwSr6EQU9ltlKVbr1XFpWjLc2C+l2WUCq9YPN36GWA3UrzeDfIRH5fRXDUffG\nECy89C1oVwLfGYttUoc6FjbjriSV/buoUgVctlK7X1zADHc1eWp2fk01AkJscCeA\nLEvY3ydMlxHxv1+RL6Tbb4jx1dgB8ZQAgOFpgNu6gJ8HM108p9KeRi1Wum1+eX7h\nhd5pIB4PGUYMYPoYBTaIRaQ06AJb0crQcmaC5ZMQkWGmyZfCV64wLy8a2QHQrqPK\n1UlZ67ZvEyj8OfGvLmiWMO7d36xWN03C7FJPl2Wkfnrrdi3wgoW6LE9q6gEExHv6\ncq7VP7g9umVVW3/IrbBG1AsjIbjhVQBd3VamN+6r1GFg5fzitkK3tGcwDQoIb4w1\nBRxiXJA0A0hoZXKZCraYSvBqx08NKersoz9eYh4HKCyRnFsdcQKCAQEAxk6QxHod\numOoC68Jv7KVPzEQQNJnfscXp+B4o5BcAwRpcTZaFpgPlP7OIsxLQ5OhFU64+8zn\nTBAM2V+rXj5ZKYLVFL4Pqh2h6NdihOZwAsstiVBbrA7X37BYNDJC7TrbvZnNzHd7\nOUTnoFHAQ9FKdtddysJt93RZw1HK3DkElG7ovZWYdzaQ9nLZRBfLf0qiz1M1R+GX\nv567fyk8vwr497in3F/BjIhUZKk2barNbWczimJb/FyeYC90L0UPQzbGgtPQ1nay\n1yofMZBf7bO3IK7VRv/enloCupa16WdorYF/4Ntu8uzUHi0cj/5bGvKCqwtGpoqV\nQBTSu+KfeaJLhwKCAQEAypgX+XclFWcgJ8LV95tESbanMRBE5+RWponWfbV/fJZb\nU70U2lsu4RaQA2Xe4VteA0aGfSS7XMMEwE0oKeSrnc/VclUjOBalJXYus/3aDxJA\n/D7g0m03Rzz0rRbpRXJAiz3/T3HugN/xc0h5Xf+rSo/kQPyG9t6Q2Fv0Ag3wBGwI\nTbzqjybXae+5uzyyHfpvaboonzPBcFnt8pzkKY6YB3LOxJrD/t3iezf7EaCNmiDB\n1Sy1oS3QeE4/93r8mILAyCjhbxe7+OH7k3mdSVr44vs3jzzkkra5XaKPio74ZvoM\nn9XJPzIGVOiYK4aqrwZ6snnRGlkHbs4F/7tj56IamQKCAQAwZuS20AeJguF1WJfM\njk4XSmZpK/HO49FGTGelpIqQwfbqhxWeBidnenndzHdiWxoqFTjZXL3nttMsC0nM\nivNASoqvsWQpZWorZsbJIWWdiPHoXhDCAi12j5g3xTzIomEX+f5dNZyB8euHGe0P\noHnIX/ComKQ2jdOK9N/KuLABesCb5XN9RXhEbuvQzu4Ad7sdV3XdwZZEUv34n5wQ\nFSGHdS6jf0vCfVP77cE3K0VQuqu9zxwckI6nc22sS/LZuPji3chPUFF+au2KL276\nma7M719nIPS5OccIu9hSy8ak8sK/o0+FQ4DSjLg3/SFHhoGWNf5cj9618V8uNLYv\n/gjpAoIBAQC9jUxxJl7WBaT6TrtvbiCYb4NCzpwJ84R3UWQUPirH4M4WLUVDgCj+\nhOO9qiS86YWuvt+6WxHKmtTpL8eyWrePchOdY7cOFXHy+P59fbf2ffe7iwFDINil\nmIy9HkCnr1xga2Nja4/hmKYKXPbhUgNsQfEoNJ36gQc4x+Anw+6b1JB4W5eC1K6b\n+aXnX8Svc8+mNn0nZ39HpXySkOSRVU89ONfo730OC4CKFTidp4CVgqyYzboq0fjJ\ndz02SiXoc/33yPgTvzsqhBWkSBc3uRxBExdKt4iNFNWenCh9VYNopfAF5DrlG+L8\nspsdrmQoWoGWV4+jfUUNEUpfmW7CHNORAoIBAF2lBcBuGUntcTfgXQzo/aXWmOvd\nZqnhVA3L1Dj7m33aM6htiqbZhddM3z7JSnREhddcFmkJ2eahHYlPS9RIlXEfj8x7\nnJp/9m8h+lhAHgNRijMDr/Ix7EuTI0hl1C1PgMK4Aa2npLm7sAR9E0jWsRRuC1yb\nN5lGDpxGgfzKVcmUKctcQgxsci6DrikAgUoC0642PqIrvwczCIq+QQAPcbuElzs3\nW9PCdufV8EY9TyY4vLoGoJMGl1+hTtqqQY4E8oA7sAjCkX4bpJTzk+13g4Tg99Ar\nmcEHfx2WqobQcTzzHaMJSlkzqWymCveQ5iZC3Z/yGOY8LhkzgHwU96D3sD8=\n-----END RSA PRIVATE KEY-----\n",
            "content_base64": null,
            "content_base64sha256": "KQByWwxBxLhlapoRiyRNii2fXUVxNUSNeT9x+lZJcxc=",
            "content_base64sha512": "2FPYuhZjfeJSsfxb6w/m4vrwXqYV5JLrTHU8xuP+SS3ybnZWsbcUxR783CWv7Ka0MpfXU+Ij0ZcMU6F+F4mVzA==",
            "content_md5": "0aa544cf9ac21ab4541e30b0ff13cf86",
            "content_sha1": "cefe8525f748505e086b055b60bfa4b3a1d1bd84",
            "content_sha256": "2900725b0c41c4b8656a9a118b244d8a2d9f5d457135448d793f71fa56497317",
            "content_sha512": "d853d8ba16637de252b1fc5beb0fe6e2faf05ea615e492eb4c753cc6e3fe492df26e7656b1b714c51efcdc25afeca6b43297d753e223d1970c53a17e178995cc",
            "directory_permission": "0777",
            "file_permission": "400",
            "filename": "modules/ec2/my-ssh-key.pem",
            "id": "cefe8525f748505e086b055b60bfa4b3a1d1bd84",
            "sensitive_content": null,
            "source": null
          },
          "sensitive_attributes": [
            [
              {
                "type": "get_attr",
                "value": "sensitive_content"
              }
            ],
            [
              {
                "type": "get_attr",
                "value": "content"
              }
            ]
          ],
          "dependencies": [
            "module.ec2.tls_private_key.ssh"
          ]
        }
      ]
    },
    {
      "module": "module.ec2",
      "mode": "managed",
      "type": "tls_private_key",
      "name": "ssh",
      "provider": "provider[\"registry.terraform.io/hashicorp/tls\"]",
      "instances": [
        {
          "schema_version": 1,
          "attributes": {
            "algorithm": "RSA",
            "ecdsa_curve": "P224",
            "id": "6d2093d0159d45eb6a81ba8a9a470b44a25427da",
            "private_key_openssh": "-----BEGIN OPENSSH PRIVATE KEY-----\nb3BlbnNzaC1rZXktdjEAAAAABG5vbmUAAAAEbm9uZQAAAAAAAAABAAACFwAAAAdz\nc2gtcnNhAAAAAwEAAQAAAgEAnO/Pc0q7rAdV/LIU2vx9bY443eh1hXZKu0tUXaaH\nhbpcS4Wo87kOcwy4lXw5LDCZDlBV6bt6gUk8cQwDpIn9pV/YAGcOwAdXA7u020wb\nCUvR2tT1ftwCXphqwvvuPlf4CN+pFlsnU7wevSUHLInzcFdi6zFikB8oIjI835J8\nDhuw02H6IdTF6lOnqtRp08W3Qfc21Z4ElBbwXxD+6zuyq8zMXcC/QMwOiq3GqRyL\ngz6YUDCzQbHeBYwyclR86Lh0UpRitlfamfa8+L98VX0VE+GEB08Y+wk52E8QTvfz\no185rXtnr+/LWKDLTuAE3LvXdPGJAhgzvaHcXYozb6K3jFJO7slJQ5MeyowHSHCh\nEIYhZh6TZuJsKrT/tmuvP2AMkphgxiQpPalcMw7vA4TrUSA6npXMOj4tAdg3kFBY\n344XTLHMkDab1mHF6dHGfVK5jrHPeTRavbiPZK1lpG5v8IKtyhEvpYC0Khp65E4g\n73hiYANM5K2VAi33tHf+bO7eARAoisIy8h5DrAQIIWBWpDp9BNhEczA3IiRyC5EV\nThrLs+Rh5wFs2hv+mE6GaYtv1B2Ft2N8mSqB3tkdVjj/tYVtg6S6q5/IQhyuzGzv\nw9/rkfcTC9Ju1oDI1obnjdoJwb6yQu+bu5ZNXmZPDD7bMpLnmnGHNYyGzGLgucoY\n2a8AAAc4/tHLLP7RyywAAAAHc3NoLXJzYQAAAgEAnO/Pc0q7rAdV/LIU2vx9bY44\n3eh1hXZKu0tUXaaHhbpcS4Wo87kOcwy4lXw5LDCZDlBV6bt6gUk8cQwDpIn9pV/Y\nAGcOwAdXA7u020wbCUvR2tT1ftwCXphqwvvuPlf4CN+pFlsnU7wevSUHLInzcFdi\n6zFikB8oIjI835J8Dhuw02H6IdTF6lOnqtRp08W3Qfc21Z4ElBbwXxD+6zuyq8zM\nXcC/QMwOiq3GqRyLgz6YUDCzQbHeBYwyclR86Lh0UpRitlfamfa8+L98VX0VE+GE\nB08Y+wk52E8QTvfzo185rXtnr+/LWKDLTuAE3LvXdPGJAhgzvaHcXYozb6K3jFJO\n7slJQ5MeyowHSHChEIYhZh6TZuJsKrT/tmuvP2AMkphgxiQpPalcMw7vA4TrUSA6\nnpXMOj4tAdg3kFBY344XTLHMkDab1mHF6dHGfVK5jrHPeTRavbiPZK1lpG5v8IKt\nyhEvpYC0Khp65E4g73hiYANM5K2VAi33tHf+bO7eARAoisIy8h5DrAQIIWBWpDp9\nBNhEczA3IiRyC5EVThrLs+Rh5wFs2hv+mE6GaYtv1B2Ft2N8mSqB3tkdVjj/tYVt\ng6S6q5/IQhyuzGzvw9/rkfcTC9Ju1oDI1obnjdoJwb6yQu+bu5ZNXmZPDD7bMpLn\nmnGHNYyGzGLgucoY2a8AAAADAQABAAACAHan/rLOC217MnFX99rG0tLVmHt3ufuJ\nv+EyiHwyX/8lM4lKar6z6Y/lS16CyPt3VxHyfbK2NF6yD8ftbIeoaaXy/G75fLaG\nFi1Va93vAfYaZHXPVDpxgD0jgn0gXDa47mlPKhokG2z9LESYTX9IYk5LVBg9g6cy\nV3bbgxkLOU61cxGv355asLWGQJwx9D3RHMj8cHI9AnsxiNZoFEWpImMw+kfcZv5I\nCqqhzzWnxngaCLGA0NfX8uVA5hd5d+PBKvoRBT2W2UpVuvVcWlaMtzYL6XZZQKr1\ng83foZYDdSvN4N8hEfl9FcNR98YQLLz0LWhXAt8Zi21ShzoWNuOuJJX9u6hSBVy2\nUrtfXMAMdzV5anZ+TTUCQmxwJ4AsS9jfJ0yXEfG/X5EvpNtviPHV2AHxlACA4WmA\n27qAnwczXTyn0p5GLVa6bX55fuGF3mkgHg8ZRgxg+hgFNohFpDToAlvRytByZoLl\nkxCRYabJl8JXrjAvLxrZAdCuo8rVSVnrtm8TKPw58a8uaJYw7t3frFY3TcLsUk+X\nZaR+eut2LfCChbosT2rqAQTEe/pyrtU/uD26ZVVbf8itsEbUCyMhuOFVAF3dVqY3\n7qvUYWDl/OK2Qre0ZzANCghvjDUFHGJckDQDSGhlcpkKtphK8GrHTw0p6uyjP15i\nHgcoLJGcWx1xAAABAF2lBcBuGUntcTfgXQzo/aXWmOvdZqnhVA3L1Dj7m33aM6ht\niqbZhddM3z7JSnREhddcFmkJ2eahHYlPS9RIlXEfj8x7nJp/9m8h+lhAHgNRijMD\nr/Ix7EuTI0hl1C1PgMK4Aa2npLm7sAR9E0jWsRRuC1ybN5lGDpxGgfzKVcmUKctc\nQgxsci6DrikAgUoC0642PqIrvwczCIq+QQAPcbuElzs3W9PCdufV8EY9TyY4vLoG\noJMGl1+hTtqqQY4E8oA7sAjCkX4bpJTzk+13g4Tg99ArmcEHfx2WqobQcTzzHaMJ\nSlkzqWymCveQ5iZC3Z/yGOY8LhkzgHwU96D3sD8AAAEBAMZOkMR6HbpjqAuvCb+y\nlT8xEEDSZ37HF6fgeKOQXAMEaXE2WhaYD5T+ziLMS0OToRVOuPvM50wQDNlfq14+\nWSmC1RS+D6odoejXYoTmcALLLYlQW6wO19+wWDQyQu06272Zzcx3ezlE56BRwEPR\nSnbXXcrCbfd0WcNRytw5BJRu6L2VmHc2kPZy2UQXy39Kos9TNUfhl7+eu38pPL8K\n+Pe4p9xfwYyIVGSpNm2qzW1nM4piW/xcnmAvdC9FD0M2xoLT0NZ2stcqHzGQX+2z\ntyCu1Ub/3p5aArqWtelnaK2Bf+DbbvLs1B4tHI/+WxrygqsLRqaKlUAU0rvin3mi\nS4cAAAEBAMqYF/l3JRVnICfC1febREm2pzEQROfkVqaJ1n21f3yWW1O9FNpbLuEW\nkANl3uFbXgNGhn0ku1zDBMBNKCnkq53P1XJVIzgWpSV2LrP92g8SQPw+4NJtN0c8\n9K0W6UVyQIs9/09x7oDf8XNIeV3/q0qP5ED8hvbekNhb9AIN8ARsCE286o8m12nv\nubs8sh36b2m6KJ8zwXBZ7fKc5CmOmAdyzsSaw/7d4ns3+xGgjZogwdUstaEt0HhO\nP/d6/JiCwMgo4W8Xu/jh+5N5nUla+OL7N4885JK2uV2ij4qO+Gb6DJ/VyT8yBlTo\nmCuGqq8GerJ50RpZB27OBf+7Y+eiGpkAAAAAAQID\n-----END OPENSSH PRIVATE KEY-----\n",
            "private_key_pem": "-----BEGIN RSA PRIVATE KEY-----\nMIIJKAIBAAKCAgEAnO/Pc0q7rAdV/LIU2vx9bY443eh1hXZKu0tUXaaHhbpcS4Wo\n87kOcwy4lXw5LDCZDlBV6bt6gUk8cQwDpIn9pV/YAGcOwAdXA7u020wbCUvR2tT1\nftwCXphqwvvuPlf4CN+pFlsnU7wevSUHLInzcFdi6zFikB8oIjI835J8Dhuw02H6\nIdTF6lOnqtRp08W3Qfc21Z4ElBbwXxD+6zuyq8zMXcC/QMwOiq3GqRyLgz6YUDCz\nQbHeBYwyclR86Lh0UpRitlfamfa8+L98VX0VE+GEB08Y+wk52E8QTvfzo185rXtn\nr+/LWKDLTuAE3LvXdPGJAhgzvaHcXYozb6K3jFJO7slJQ5MeyowHSHChEIYhZh6T\nZuJsKrT/tmuvP2AMkphgxiQpPalcMw7vA4TrUSA6npXMOj4tAdg3kFBY344XTLHM\nkDab1mHF6dHGfVK5jrHPeTRavbiPZK1lpG5v8IKtyhEvpYC0Khp65E4g73hiYANM\n5K2VAi33tHf+bO7eARAoisIy8h5DrAQIIWBWpDp9BNhEczA3IiRyC5EVThrLs+Rh\n5wFs2hv+mE6GaYtv1B2Ft2N8mSqB3tkdVjj/tYVtg6S6q5/IQhyuzGzvw9/rkfcT\nC9Ju1oDI1obnjdoJwb6yQu+bu5ZNXmZPDD7bMpLnmnGHNYyGzGLgucoY2a8CAwEA\nAQKCAgB2p/6yzgttezJxV/faxtLS1Zh7d7n7ib/hMoh8Ml//JTOJSmq+s+mP5Ute\ngsj7d1cR8n2ytjResg/H7WyHqGml8vxu+Xy2hhYtVWvd7wH2GmR1z1Q6cYA9I4J9\nIFw2uO5pTyoaJBts/SxEmE1/SGJOS1QYPYOnMld224MZCzlOtXMRr9+eWrC1hkCc\nMfQ90RzI/HByPQJ7MYjWaBRFqSJjMPpH3Gb+SAqqoc81p8Z4GgixgNDX1/LlQOYX\neXfjwSr6EQU9ltlKVbr1XFpWjLc2C+l2WUCq9YPN36GWA3UrzeDfIRH5fRXDUffG\nECy89C1oVwLfGYttUoc6FjbjriSV/buoUgVctlK7X1zADHc1eWp2fk01AkJscCeA\nLEvY3ydMlxHxv1+RL6Tbb4jx1dgB8ZQAgOFpgNu6gJ8HM108p9KeRi1Wum1+eX7h\nhd5pIB4PGUYMYPoYBTaIRaQ06AJb0crQcmaC5ZMQkWGmyZfCV64wLy8a2QHQrqPK\n1UlZ67ZvEyj8OfGvLmiWMO7d36xWN03C7FJPl2Wkfnrrdi3wgoW6LE9q6gEExHv6\ncq7VP7g9umVVW3/IrbBG1AsjIbjhVQBd3VamN+6r1GFg5fzitkK3tGcwDQoIb4w1\nBRxiXJA0A0hoZXKZCraYSvBqx08NKersoz9eYh4HKCyRnFsdcQKCAQEAxk6QxHod\numOoC68Jv7KVPzEQQNJnfscXp+B4o5BcAwRpcTZaFpgPlP7OIsxLQ5OhFU64+8zn\nTBAM2V+rXj5ZKYLVFL4Pqh2h6NdihOZwAsstiVBbrA7X37BYNDJC7TrbvZnNzHd7\nOUTnoFHAQ9FKdtddysJt93RZw1HK3DkElG7ovZWYdzaQ9nLZRBfLf0qiz1M1R+GX\nv567fyk8vwr497in3F/BjIhUZKk2barNbWczimJb/FyeYC90L0UPQzbGgtPQ1nay\n1yofMZBf7bO3IK7VRv/enloCupa16WdorYF/4Ntu8uzUHi0cj/5bGvKCqwtGpoqV\nQBTSu+KfeaJLhwKCAQEAypgX+XclFWcgJ8LV95tESbanMRBE5+RWponWfbV/fJZb\nU70U2lsu4RaQA2Xe4VteA0aGfSS7XMMEwE0oKeSrnc/VclUjOBalJXYus/3aDxJA\n/D7g0m03Rzz0rRbpRXJAiz3/T3HugN/xc0h5Xf+rSo/kQPyG9t6Q2Fv0Ag3wBGwI\nTbzqjybXae+5uzyyHfpvaboonzPBcFnt8pzkKY6YB3LOxJrD/t3iezf7EaCNmiDB\n1Sy1oS3QeE4/93r8mILAyCjhbxe7+OH7k3mdSVr44vs3jzzkkra5XaKPio74ZvoM\nn9XJPzIGVOiYK4aqrwZ6snnRGlkHbs4F/7tj56IamQKCAQAwZuS20AeJguF1WJfM\njk4XSmZpK/HO49FGTGelpIqQwfbqhxWeBidnenndzHdiWxoqFTjZXL3nttMsC0nM\nivNASoqvsWQpZWorZsbJIWWdiPHoXhDCAi12j5g3xTzIomEX+f5dNZyB8euHGe0P\noHnIX/ComKQ2jdOK9N/KuLABesCb5XN9RXhEbuvQzu4Ad7sdV3XdwZZEUv34n5wQ\nFSGHdS6jf0vCfVP77cE3K0VQuqu9zxwckI6nc22sS/LZuPji3chPUFF+au2KL276\nma7M719nIPS5OccIu9hSy8ak8sK/o0+FQ4DSjLg3/SFHhoGWNf5cj9618V8uNLYv\n/gjpAoIBAQC9jUxxJl7WBaT6TrtvbiCYb4NCzpwJ84R3UWQUPirH4M4WLUVDgCj+\nhOO9qiS86YWuvt+6WxHKmtTpL8eyWrePchOdY7cOFXHy+P59fbf2ffe7iwFDINil\nmIy9HkCnr1xga2Nja4/hmKYKXPbhUgNsQfEoNJ36gQc4x+Anw+6b1JB4W5eC1K6b\n+aXnX8Svc8+mNn0nZ39HpXySkOSRVU89ONfo730OC4CKFTidp4CVgqyYzboq0fjJ\ndz02SiXoc/33yPgTvzsqhBWkSBc3uRxBExdKt4iNFNWenCh9VYNopfAF5DrlG+L8\nspsdrmQoWoGWV4+jfUUNEUpfmW7CHNORAoIBAF2lBcBuGUntcTfgXQzo/aXWmOvd\nZqnhVA3L1Dj7m33aM6htiqbZhddM3z7JSnREhddcFmkJ2eahHYlPS9RIlXEfj8x7\nnJp/9m8h+lhAHgNRijMDr/Ix7EuTI0hl1C1PgMK4Aa2npLm7sAR9E0jWsRRuC1yb\nN5lGDpxGgfzKVcmUKctcQgxsci6DrikAgUoC0642PqIrvwczCIq+QQAPcbuElzs3\nW9PCdufV8EY9TyY4vLoGoJMGl1+hTtqqQY4E8oA7sAjCkX4bpJTzk+13g4Tg99Ar\nmcEHfx2WqobQcTzzHaMJSlkzqWymCveQ5iZC3Z/yGOY8LhkzgHwU96D3sD8=\n-----END RSA PRIVATE KEY-----\n",
            "private_key_pem_pkcs8": "-----BEGIN PRIVATE KEY-----\nMIIJQgIBADANBgkqhkiG9w0BAQEFAASCCSwwggkoAgEAAoICAQCc789zSrusB1X8\nshTa/H1tjjjd6HWFdkq7S1RdpoeFulxLhajzuQ5zDLiVfDksMJkOUFXpu3qBSTxx\nDAOkif2lX9gAZw7AB1cDu7TbTBsJS9Ha1PV+3AJemGrC++4+V/gI36kWWydTvB69\nJQcsifNwV2LrMWKQHygiMjzfknwOG7DTYfoh1MXqU6eq1GnTxbdB9zbVngSUFvBf\nEP7rO7KrzMxdwL9AzA6KrcapHIuDPphQMLNBsd4FjDJyVHzouHRSlGK2V9qZ9rz4\nv3xVfRUT4YQHTxj7CTnYTxBO9/OjXzmte2ev78tYoMtO4ATcu9d08YkCGDO9odxd\nijNvoreMUk7uyUlDkx7KjAdIcKEQhiFmHpNm4mwqtP+2a68/YAySmGDGJCk9qVwz\nDu8DhOtRIDqelcw6Pi0B2DeQUFjfjhdMscyQNpvWYcXp0cZ9UrmOsc95NFq9uI9k\nrWWkbm/wgq3KES+lgLQqGnrkTiDveGJgA0zkrZUCLfe0d/5s7t4BECiKwjLyHkOs\nBAghYFakOn0E2ERzMDciJHILkRVOGsuz5GHnAWzaG/6YToZpi2/UHYW3Y3yZKoHe\n2R1WOP+1hW2DpLqrn8hCHK7MbO/D3+uR9xML0m7WgMjWhueN2gnBvrJC75u7lk1e\nZk8MPtsykueacYc1jIbMYuC5yhjZrwIDAQABAoICAHan/rLOC217MnFX99rG0tLV\nmHt3ufuJv+EyiHwyX/8lM4lKar6z6Y/lS16CyPt3VxHyfbK2NF6yD8ftbIeoaaXy\n/G75fLaGFi1Va93vAfYaZHXPVDpxgD0jgn0gXDa47mlPKhokG2z9LESYTX9IYk5L\nVBg9g6cyV3bbgxkLOU61cxGv355asLWGQJwx9D3RHMj8cHI9AnsxiNZoFEWpImMw\n+kfcZv5ICqqhzzWnxngaCLGA0NfX8uVA5hd5d+PBKvoRBT2W2UpVuvVcWlaMtzYL\n6XZZQKr1g83foZYDdSvN4N8hEfl9FcNR98YQLLz0LWhXAt8Zi21ShzoWNuOuJJX9\nu6hSBVy2UrtfXMAMdzV5anZ+TTUCQmxwJ4AsS9jfJ0yXEfG/X5EvpNtviPHV2AHx\nlACA4WmA27qAnwczXTyn0p5GLVa6bX55fuGF3mkgHg8ZRgxg+hgFNohFpDToAlvR\nytByZoLlkxCRYabJl8JXrjAvLxrZAdCuo8rVSVnrtm8TKPw58a8uaJYw7t3frFY3\nTcLsUk+XZaR+eut2LfCChbosT2rqAQTEe/pyrtU/uD26ZVVbf8itsEbUCyMhuOFV\nAF3dVqY37qvUYWDl/OK2Qre0ZzANCghvjDUFHGJckDQDSGhlcpkKtphK8GrHTw0p\n6uyjP15iHgcoLJGcWx1xAoIBAQDGTpDEeh26Y6gLrwm/spU/MRBA0md+xxen4Hij\nkFwDBGlxNloWmA+U/s4izEtDk6EVTrj7zOdMEAzZX6tePlkpgtUUvg+qHaHo12KE\n5nACyy2JUFusDtffsFg0MkLtOtu9mc3Md3s5ROegUcBD0Up2113Kwm33dFnDUcrc\nOQSUbui9lZh3NpD2ctlEF8t/SqLPUzVH4Ze/nrt/KTy/Cvj3uKfcX8GMiFRkqTZt\nqs1tZzOKYlv8XJ5gL3QvRQ9DNsaC09DWdrLXKh8xkF/ts7cgrtVG/96eWgK6lrXp\nZ2itgX/g227y7NQeLRyP/lsa8oKrC0amipVAFNK74p95okuHAoIBAQDKmBf5dyUV\nZyAnwtX3m0RJtqcxEETn5FamidZ9tX98lltTvRTaWy7hFpADZd7hW14DRoZ9JLtc\nwwTATSgp5Kudz9VyVSM4FqUldi6z/doPEkD8PuDSbTdHPPStFulFckCLPf9Pce6A\n3/FzSHld/6tKj+RA/Ib23pDYW/QCDfAEbAhNvOqPJtdp77m7PLId+m9puiifM8Fw\nWe3ynOQpjpgHcs7EmsP+3eJ7N/sRoI2aIMHVLLWhLdB4Tj/3evyYgsDIKOFvF7v4\n4fuTeZ1JWvji+zePPOSStrldoo+Kjvhm+gyf1ck/MgZU6JgrhqqvBnqyedEaWQdu\nzgX/u2PnohqZAoIBADBm5LbQB4mC4XVYl8yOThdKZmkr8c7j0UZMZ6WkipDB9uqH\nFZ4GJ2d6ed3Md2JbGioVONlcvee20ywLScyK80BKiq+xZCllaitmxskhZZ2I8ehe\nEMICLXaPmDfFPMiiYRf5/l01nIHx64cZ7Q+gechf8KiYpDaN04r038q4sAF6wJvl\nc31FeERu69DO7gB3ux1Xdd3BlkRS/fifnBAVIYd1LqN/S8J9U/vtwTcrRVC6q73P\nHByQjqdzbaxL8tm4+OLdyE9QUX5q7YovbvqZrszvX2cg9Lk5xwi72FLLxqTywr+j\nT4VDgNKMuDf9IUeGgZY1/lyP3rXxXy40ti/+COkCggEBAL2NTHEmXtYFpPpOu29u\nIJhvg0LOnAnzhHdRZBQ+KsfgzhYtRUOAKP6E472qJLzpha6+37pbEcqa1Okvx7Ja\nt49yE51jtw4VcfL4/n19t/Z997uLAUMg2KWYjL0eQKevXGBrY2Nrj+GYpgpc9uFS\nA2xB8Sg0nfqBBzjH4CfD7pvUkHhbl4LUrpv5pedfxK9zz6Y2fSdnf0elfJKQ5JFV\nTz041+jvfQ4LgIoVOJ2ngJWCrJjNuirR+Ml3PTZKJehz/ffI+BO/OyqEFaRIFze5\nHEETF0q3iI0U1Z6cKH1Vg2il8AXkOuUb4vyymx2uZChagZZXj6N9RQ0RSl+ZbsIc\n05ECggEAXaUFwG4ZSe1xN+BdDOj9pdaY691mqeFUDcvUOPubfdozqG2KptmF10zf\nPslKdESF11wWaQnZ5qEdiU9L1EiVcR+PzHucmn/2byH6WEAeA1GKMwOv8jHsS5Mj\nSGXULU+AwrgBraekubuwBH0TSNaxFG4LXJs3mUYOnEaB/MpVyZQpy1xCDGxyLoOu\nKQCBSgLTrjY+oiu/BzMIir5BAA9xu4SXOzdb08J259XwRj1PJji8ugagkwaXX6FO\n2qpBjgTygDuwCMKRfhuklPOT7XeDhOD30CuZwQd/HZaqhtBxPPMdowlKWTOpbKYK\n95DmJkLdn/IY5jwuGTOAfBT3oPewPw==\n-----END PRIVATE KEY-----\n",
            "public_key_fingerprint_md5": "02:39:79:92:91:fd:10:0b:6d:f3:c2:1b:f3:15:37:e3",
            "public_key_fingerprint_sha256": "SHA256:88p0e+LmV0i2NcPrRLN/4w7cYIyP+hjsIHzaFG2AjOY",
            "public_key_openssh": "ssh-rsa AAAAB3NzaC1yc2EAAAADAQABAAACAQCc789zSrusB1X8shTa/H1tjjjd6HWFdkq7S1RdpoeFulxLhajzuQ5zDLiVfDksMJkOUFXpu3qBSTxxDAOkif2lX9gAZw7AB1cDu7TbTBsJS9Ha1PV+3AJemGrC++4+V/gI36kWWydTvB69JQcsifNwV2LrMWKQHygiMjzfknwOG7DTYfoh1MXqU6eq1GnTxbdB9zbVngSUFvBfEP7rO7KrzMxdwL9AzA6KrcapHIuDPphQMLNBsd4FjDJyVHzouHRSlGK2V9qZ9rz4v3xVfRUT4YQHTxj7CTnYTxBO9/OjXzmte2ev78tYoMtO4ATcu9d08YkCGDO9odxdijNvoreMUk7uyUlDkx7KjAdIcKEQhiFmHpNm4mwqtP+2a68/YAySmGDGJCk9qVwzDu8DhOtRIDqelcw6Pi0B2DeQUFjfjhdMscyQNpvWYcXp0cZ9UrmOsc95NFq9uI9krWWkbm/wgq3KES+lgLQqGnrkTiDveGJgA0zkrZUCLfe0d/5s7t4BECiKwjLyHkOsBAghYFakOn0E2ERzMDciJHILkRVOGsuz5GHnAWzaG/6YToZpi2/UHYW3Y3yZKoHe2R1WOP+1hW2DpLqrn8hCHK7MbO/D3+uR9xML0m7WgMjWhueN2gnBvrJC75u7lk1eZk8MPtsykueacYc1jIbMYuC5yhjZrw==\n",
            "public_key_pem": "-----BEGIN PUBLIC KEY-----\nMIICIjANBgkqhkiG9w0BAQEFAAOCAg8AMIICCgKCAgEAnO/Pc0q7rAdV/LIU2vx9\nbY443eh1hXZKu0tUXaaHhbpcS4Wo87kOcwy4lXw5LDCZDlBV6bt6gUk8cQwDpIn9\npV/YAGcOwAdXA7u020wbCUvR2tT1ftwCXphqwvvuPlf4CN+pFlsnU7wevSUHLInz\ncFdi6zFikB8oIjI835J8Dhuw02H6IdTF6lOnqtRp08W3Qfc21Z4ElBbwXxD+6zuy\nq8zMXcC/QMwOiq3GqRyLgz6YUDCzQbHeBYwyclR86Lh0UpRitlfamfa8+L98VX0V\nE+GEB08Y+wk52E8QTvfzo185rXtnr+/LWKDLTuAE3LvXdPGJAhgzvaHcXYozb6K3\njFJO7slJQ5MeyowHSHChEIYhZh6TZuJsKrT/tmuvP2AMkphgxiQpPalcMw7vA4Tr\nUSA6npXMOj4tAdg3kFBY344XTLHMkDab1mHF6dHGfVK5jrHPeTRavbiPZK1lpG5v\n8IKtyhEvpYC0Khp65E4g73hiYANM5K2VAi33tHf+bO7eARAoisIy8h5DrAQIIWBW\npDp9BNhEczA3IiRyC5EVThrLs+Rh5wFs2hv+mE6GaYtv1B2Ft2N8mSqB3tkdVjj/\ntYVtg6S6q5/IQhyuzGzvw9/rkfcTC9Ju1oDI1obnjdoJwb6yQu+bu5ZNXmZPDD7b\nMpLnmnGHNYyGzGLgucoY2a8CAwEAAQ==\n-----END PUBLIC KEY-----\n",
            "rsa_bits": 4096
          },
          "sensitive_attributes": [
            [
              {
                "type": "get_attr",
                "value": "private_key_openssh"
              }
            ],
            [
              {
                "type": "get_attr",
                "value": "private_key_pem_pkcs8"
              }
            ],
            [
              {
                "type": "get_attr",
                "value": "private_key_pem"
              }
            ]
          ]
        }
      ]
    },
    {
      "module": "module.iam",
      "mode": "data",
      "type": "aws_caller_identity",
      "name": "current",
      "provider": "provider[\"registry.terraform.io/hashicorp/aws\"]",
      "instances": [
        {
          "schema_version": 0,
          "attributes": {
            "account_id": "243558588266",
            "arn": "arn:aws:iam::243558588266:user/ada",
            "id": "243558588266",
            "user_id": "AIDATRNJZD5VFIAFWMKJK"
          },
          "sensitive_attributes": []
        }
      ]
    },
    {
      "module": "module.iam",
      "mode": "managed",
      "type": "aws_iam_instance_profile",
      "name": "ec2_ssm_profile",
      "provider": "provider[\"registry.terraform.io/hashicorp/aws\"]",
      "instances": [
        {
          "schema_version": 0,
          "attributes": {
            "arn": "arn:aws:iam::243558588266:instance-profile/ec2_ssm_profile",
            "create_date": "2024-12-11T11:27:08Z",
            "id": "ec2_ssm_profile",
            "name": "ec2_ssm_profile",
            "name_prefix": "",
            "path": "/",
            "role": "ec2_ssm_role",
            "tags": null,
            "tags_all": {},
            "unique_id": "AIPATRNJZD5VL3JRVQE7Z"
          },
          "sensitive_attributes": [],
          "private": "bnVsbA==",
          "dependencies": [
            "module.iam.aws_iam_role.ec2_ssm_role"
          ]
        }
      ]
    },
    {
      "module": "module.iam",
      "mode": "managed",
      "type": "aws_iam_policy",
      "name": "lambda_policy",
      "provider": "provider[\"registry.terraform.io/hashicorp/aws\"]",
      "instances": [
        {
          "schema_version": 0,
          "attributes": {
            "arn": "arn:aws:iam::243558588266:policy/lambda_policy",
            "attachment_count": 0,
            "description": "IAM policy for Lambda function",
            "id": "arn:aws:iam::243558588266:policy/lambda_policy",
            "name": "lambda_policy",
            "name_prefix": "",
            "path": "/",
            "policy": "{\"Statement\":[{\"Action\":[\"s3:PutObject\",\"s3:GetObject\",\"s3:ListBucket\"],\"Effect\":\"Allow\",\"Resource\":[\"arn:aws:s3:::my-s3-bucket\",\"arn:aws:s3:::my-s3-bucket/*\"]},{\"Action\":[\"sns:Publish\"],\"Effect\":\"Allow\",\"Resource\":\"arn:aws:sns:us-east-1:243558588266:my-sns-topic\"},{\"Action\":[\"sqs:SendMessage\",\"sqs:ReceiveMessage\",\"sqs:DeleteMessage\"],\"Effect\":\"Allow\",\"Resource\":\"arn:aws:sqs:us-east-1:243558588266:my-sqs-queue\"},{\"Action\":[\"rds:DescribeDBInstances\",\"rds:DescribeDBClusters\",\"rds-data:*\"],\"Effect\":\"Allow\",\"Resource\":\"*\"}],\"Version\":\"2012-10-17\"}",
            "policy_id": "ANPATRNJZD5VKP22BGGV5",
            "tags": null,
            "tags_all": {}
          },
          "sensitive_attributes": [],
          "private": "bnVsbA=="
        }
      ]
    },
    {
      "module": "module.iam",
      "mode": "managed",
      "type": "aws_iam_policy",
      "name": "secrets_manager_access",
      "provider": "provider[\"registry.terraform.io/hashicorp/aws\"]",
      "instances": [
        {
          "schema_version": 0,
          "attributes": {
            "arn": "arn:aws:iam::243558588266:policy/SecretsManagerAccessPolicy",
            "attachment_count": 0,
            "description": "IAM policy for accessing Secrets Manager",
            "id": "arn:aws:iam::243558588266:policy/SecretsManagerAccessPolicy",
            "name": "SecretsManagerAccessPolicy",
            "name_prefix": "",
            "path": "/",
            "policy": "{\"Statement\":[{\"Action\":[\"secretsmanager:GetSecretValue\"],\"Effect\":\"Allow\",\"Resource\":\"arn:aws:secretsmanager:region:243558588266:secret:secret-name\"}],\"Version\":\"2012-10-17\"}",
            "policy_id": "ANPATRNJZD5VG5AZLY5WQ",
            "tags": null,
            "tags_all": {}
          },
          "sensitive_attributes": [],
          "private": "bnVsbA=="
        }
      ]
    },
    {
      "module": "module.iam",
      "mode": "managed",
      "type": "aws_iam_policy",
      "name": "ssm_secrets_policy",
      "provider": "provider[\"registry.terraform.io/hashicorp/aws\"]",
      "instances": [
        {
          "schema_version": 0,
          "attributes": {
            "arn": "arn:aws:iam::243558588266:policy/SSMSecretsAccess",
            "attachment_count": 0,
            "description": "Policy to allow access to Secrets Manager",
            "id": "arn:aws:iam::243558588266:policy/SSMSecretsAccess",
            "name": "SSMSecretsAccess",
            "name_prefix": "",
            "path": "/",
            "policy": "{\"Statement\":[{\"Action\":[\"secretsmanager:GetSecretValue\"],\"Effect\":\"Allow\",\"Resource\":\"arn:aws:secretsmanager:us-east-1:243558588266:secret:my-rds-secret\"}],\"Version\":\"2012-10-17\"}",
            "policy_id": "ANPATRNJZD5VPQQ5XACWY",
            "tags": null,
            "tags_all": {}
          },
          "sensitive_attributes": [],
          "private": "bnVsbA=="
        }
      ]
    },
    {
      "module": "module.iam",
      "mode": "managed",
      "type": "aws_iam_role",
      "name": "ec2_ssm_role",
      "provider": "provider[\"registry.terraform.io/hashicorp/aws\"]",
      "instances": [
        {
          "schema_version": 0,
          "attributes": {
            "arn": "arn:aws:iam::243558588266:role/ec2_ssm_role",
            "assume_role_policy": "{\"Statement\":[{\"Action\":\"sts:AssumeRole\",\"Effect\":\"Allow\",\"Principal\":{\"Service\":\"ec2.amazonaws.com\"}}],\"Version\":\"2012-10-17\"}",
            "create_date": "2024-12-11T11:27:08Z",
            "description": "",
            "force_detach_policies": false,
            "id": "ec2_ssm_role",
            "inline_policy": [],
            "managed_policy_arns": [],
            "max_session_duration": 3600,
            "name": "ec2_ssm_role",
            "name_prefix": "",
            "path": "/",
            "permissions_boundary": "",
            "tags": null,
            "tags_all": {},
            "unique_id": "AROATRNJZD5VAIQ74F4V7"
          },
          "sensitive_attributes": [],
          "private": "bnVsbA=="
        }
      ]
    },
    {
      "module": "module.iam",
      "mode": "managed",
      "type": "aws_iam_role",
      "name": "lambda_role",
      "provider": "provider[\"registry.terraform.io/hashicorp/aws\"]",
      "instances": [
        {
          "schema_version": 0,
          "attributes": {
            "arn": "arn:aws:iam::243558588266:role/lambda_execution_role_84f911c1",
            "assume_role_policy": "{\"Statement\":[{\"Action\":\"sts:AssumeRole\",\"Effect\":\"Allow\",\"Principal\":{\"Service\":\"lambda.amazonaws.com\"},\"Sid\":\"\"}],\"Version\":\"2012-10-17\"}",
            "create_date": "2024-12-11T11:27:07Z",
            "description": "",
            "force_detach_policies": false,
            "id": "lambda_execution_role_84f911c1",
            "inline_policy": [],
            "managed_policy_arns": [],
            "max_session_duration": 3600,
            "name": "lambda_execution_role_84f911c1",
            "name_prefix": "",
            "path": "/",
            "permissions_boundary": "",
            "tags": null,
            "tags_all": {},
            "unique_id": "AROATRNJZD5VJDI6TIB6K"
          },
          "sensitive_attributes": [],
          "private": "bnVsbA==",
          "dependencies": [
            "module.iam.random_id.unique_id"
          ]
        }
      ]
    },
    {
      "module": "module.iam",
      "mode": "managed",
      "type": "aws_iam_role_policy_attachment",
      "name": "attach_ssm_secrets_policy",
      "provider": "provider[\"registry.terraform.io/hashicorp/aws\"]",
      "instances": [
        {
          "schema_version": 0,
          "attributes": {
            "id": "ec2_ssm_role-20241211112603878700000008",
            "policy_arn": "arn:aws:iam::243558588266:policy/SSMSecretsAccess",
            "role": "ec2_ssm_role"
          },
          "sensitive_attributes": [],
          "private": "bnVsbA==",
          "dependencies": [
            "module.iam.aws_iam_policy.ssm_secrets_policy",
            "module.iam.aws_iam_role.ec2_ssm_role"
          ]
        }
      ]
    },
    {
      "module": "module.iam",
      "mode": "managed",
      "type": "aws_iam_role_policy_attachment",
      "name": "lambda_role_policy_attachment",
      "provider": "provider[\"registry.terraform.io/hashicorp/aws\"]",
      "instances": [
        {
          "schema_version": 0,
          "attributes": {
            "id": "lambda_execution_role_84f911c1-20241211112603494100000004",
            "policy_arn": "arn:aws:iam::aws:policy/service-role/AWSLambdaBasicExecutionRole",
            "role": "lambda_execution_role_84f911c1"
          },
          "sensitive_attributes": [],
          "private": "bnVsbA==",
          "dependencies": [
            "module.iam.aws_iam_role.lambda_role",
            "module.iam.random_id.unique_id"
          ]
        }
      ]
    },
    {
      "module": "module.iam",
      "mode": "managed",
      "type": "aws_iam_role_policy_attachment",
      "name": "lambda_secrets_manager_access",
      "provider": "provider[\"registry.terraform.io/hashicorp/aws\"]",
      "instances": [
        {
          "schema_version": 0,
          "attributes": {
            "id": "lambda_execution_role_84f911c1-20241211112603623400000005",
            "policy_arn": "arn:aws:iam::aws:policy/SecretsManagerReadWrite",
            "role": "lambda_execution_role_84f911c1"
          },
          "sensitive_attributes": [],
          "private": "bnVsbA==",
          "dependencies": [
            "module.iam.aws_iam_role.lambda_role",
            "module.iam.random_id.unique_id"
          ]
        }
      ]
    },
    {
      "module": "module.iam",
      "mode": "managed",
      "type": "random_id",
      "name": "unique_id",
      "provider": "provider[\"registry.terraform.io/hashicorp/random\"]",
      "instances": [
        {
          "schema_version": 0,
          "attributes": {
            "b64_std": "hPkRwQ==",
            "b64_url": "hPkRwQ",
            "byte_length": 4,
            "dec": "2230915521",
            "hex": "84f911c1",
            "id": "hPkRwQ",
            "keepers": null,
            "prefix": null
          },
          "sensitive_attributes": []
        }
      ]
    },
    {
      "module": "module.iam",
      "mode": "managed",
      "type": "random_string",
      "name": "suffix",
      "provider": "provider[\"registry.terraform.io/hashicorp/random\"]",
      "instances": [
        {
          "schema_version": 2,
          "attributes": {
            "id": "yme1yt",
            "keepers": null,
            "length": 6,
            "lower": true,
            "min_lower": 0,
            "min_numeric": 0,
            "min_special": 0,
            "min_upper": 0,
            "number": true,
            "numeric": true,
            "override_special": null,
            "result": "yme1yt",
            "special": false,
            "upper": false
          },
          "sensitive_attributes": []
        }
      ]
    },
    {
      "module": "module.lambda",
      "mode": "managed",
      "type": "aws_iam_role",
      "name": "lambda_role",
      "provider": "provider[\"registry.terraform.io/hashicorp/aws\"]",
      "instances": [
        {
          "schema_version": 0,
          "attributes": {
            "arn": "arn:aws:iam::243558588266:role/lambda_execution_role_8be610f4",
            "assume_role_policy": "{\"Statement\":[{\"Action\":\"sts:AssumeRole\",\"Effect\":\"Allow\",\"Principal\":{\"Service\":\"lambda.amazonaws.com\"},\"Sid\":\"\"}],\"Version\":\"2012-10-17\"}",
            "create_date": "2024-12-11T11:27:08Z",
            "description": "",
            "force_detach_policies": false,
            "id": "lambda_execution_role_8be610f4",
            "inline_policy": [],
            "managed_policy_arns": [],
            "max_session_duration": 3600,
            "name": "lambda_execution_role_8be610f4",
            "name_prefix": "",
            "path": "/",
            "permissions_boundary": "",
            "tags": null,
            "tags_all": {},
            "unique_id": "AROATRNJZD5VCJKHUXB7U"
          },
          "sensitive_attributes": [],
          "private": "bnVsbA==",
          "dependencies": [
            "module.lambda.random_id.unique_id"
          ]
        }
      ]
    },
    {
      "module": "module.lambda",
      "mode": "managed",
      "type": "aws_iam_role_policy_attachment",
      "name": "lambda_role_policy_attachment",
      "provider": "provider[\"registry.terraform.io/hashicorp/aws\"]",
      "instances": [
        {
          "schema_version": 0,
          "attributes": {
            "id": "lambda_execution_role_8be610f4-20241211112603708100000007",
            "policy_arn": "arn:aws:iam::aws:policy/service-role/AWSLambdaBasicExecutionRole",
            "role": "lambda_execution_role_8be610f4"
          },
          "sensitive_attributes": [],
          "private": "bnVsbA==",
          "dependencies": [
            "module.lambda.aws_iam_role.lambda_role",
            "module.lambda.random_id.unique_id"
          ]
        }
      ]
    },
    {
      "module": "module.lambda",
      "mode": "managed",
      "type": "aws_iam_role_policy_attachment",
      "name": "lambda_secrets_manager_access",
      "provider": "provider[\"registry.terraform.io/hashicorp/aws\"]",
      "instances": [
        {
          "schema_version": 0,
          "attributes": {
            "id": "lambda_execution_role_8be610f4-20241211112603655000000006",
            "policy_arn": "arn:aws:iam::aws:policy/SecretsManagerReadWrite",
            "role": "lambda_execution_role_8be610f4"
          },
          "sensitive_attributes": [],
          "private": "bnVsbA==",
          "dependencies": [
            "module.lambda.aws_iam_role.lambda_role",
            "module.lambda.random_id.unique_id"
          ]
        }
      ]
    },
    {
      "module": "module.lambda",
      "mode": "managed",
      "type": "aws_lambda_layer_version",
      "name": "lambda_code_layer",
      "provider": "provider[\"registry.terraform.io/hashicorp/aws\"]",
      "instances": [
        {
          "schema_version": 0,
          "attributes": {
            "arn": "arn:aws:lambda:us-east-1:243558588266:layer:lambda-code-layer:7",
            "code_sha256": "Zn3Lxo0dHIKRnBTA5YvuGkP4GWtiyrVWwipsP3C1mls=",
            "compatible_architectures": null,
            "compatible_runtimes": [
              "python3.8"
            ],
            "created_date": "2024-12-11T11:27:16.280+0000",
            "description": "A layer for Lambda code",
            "filename": null,
            "id": "arn:aws:lambda:us-east-1:243558588266:layer:lambda-code-layer:7",
            "layer_arn": "arn:aws:lambda:us-east-1:243558588266:layer:lambda-code-layer",
            "layer_name": "lambda-code-layer",
            "license_info": "",
            "s3_bucket": "thebucketabxdwn4q1182001",
            "s3_key": "lambda.zip",
            "s3_object_version": null,
            "signing_job_arn": "",
            "signing_profile_version_arn": "",
            "skip_destroy": false,
            "source_code_hash": "",
            "source_code_size": 1451,
            "version": "7"
          },
          "sensitive_attributes": [],
          "private": "bnVsbA==",
          "dependencies": [
            "module.lambda.aws_s3_object.lambda_zip",
            "module.s3.aws_s3_bucket.my_bucket",
            "module.s3.random_string.bucket_suffix"
          ]
        }
      ]
    },
    {
      "module": "module.lambda",
      "mode": "managed",
      "type": "aws_lambda_layer_version",
      "name": "pandas_layer",
      "provider": "provider[\"registry.terraform.io/hashicorp/aws\"]",
      "instances": [
        {
          "schema_version": 0,
          "attributes": {
            "arn": "arn:aws:lambda:us-east-1:243558588266:layer:pandas-layer:7",
            "code_sha256": "9dQiFoi2XnoN53O5pTK+ae2fLirsCEXwfYMxOUPB6i0=",
            "compatible_architectures": null,
            "compatible_runtimes": [
              "python3.8"
            ],
            "created_date": "2024-12-11T11:27:28.174+0000",
            "description": "A layer that includes pandas library",
            "filename": null,
            "id": "arn:aws:lambda:us-east-1:243558588266:layer:pandas-layer:7",
            "layer_arn": "arn:aws:lambda:us-east-1:243558588266:layer:pandas-layer",
            "layer_name": "pandas-layer",
            "license_info": "",
            "s3_bucket": "thebucketabxdwn4q1182001",
            "s3_key": "pandas_layer.zip",
            "s3_object_version": null,
            "signing_job_arn": "",
            "signing_profile_version_arn": "",
            "skip_destroy": false,
            "source_code_hash": "",
            "source_code_size": 41025538,
            "version": "7"
          },
          "sensitive_attributes": [],
          "private": "bnVsbA==",
          "dependencies": [
            "module.lambda.aws_s3_object.pandas_layer_zip",
            "module.s3.aws_s3_bucket.my_bucket",
            "module.s3.random_string.bucket_suffix"
          ]
        }
      ]
    },
    {
      "module": "module.lambda",
      "mode": "managed",
      "type": "aws_s3_object",
      "name": "lambda_zip",
      "provider": "provider[\"registry.terraform.io/hashicorp/aws\"]",
      "instances": [
        {
          "schema_version": 0,
          "attributes": {
            "acl": null,
            "arn": "arn:aws:s3:::thebucketabxdwn4q1182001/lambda.zip",
            "bucket": "thebucketabxdwn4q1182001",
            "bucket_key_enabled": false,
            "cache_control": "",
            "checksum_algorithm": null,
            "checksum_crc32": "",
            "checksum_crc32c": "",
            "checksum_sha1": "",
            "checksum_sha256": "",
            "content": null,
            "content_base64": null,
            "content_disposition": "",
            "content_encoding": "",
            "content_language": "",
            "content_type": "application/octet-stream",
            "etag": "8e8969984d3061aafecc4512b802cf57",
            "force_destroy": false,
            "id": "lambda.zip",
            "key": "lambda.zip",
            "kms_key_id": null,
            "metadata": null,
            "object_lock_legal_hold_status": "",
            "object_lock_mode": "",
            "object_lock_retain_until_date": "",
            "override_provider": [],
            "server_side_encryption": "AES256",
            "source": "lambda.zip",
            "source_hash": null,
            "storage_class": "STANDARD",
            "tags": null,
            "tags_all": {},
            "version_id": "",
            "website_redirect": ""
          },
          "sensitive_attributes": [],
          "private": "bnVsbA==",
          "dependencies": [
            "module.s3.aws_s3_bucket.my_bucket",
            "module.s3.random_string.bucket_suffix"
          ]
        }
      ]
    },
    {
      "module": "module.lambda",
      "mode": "managed",
      "type": "aws_s3_object",
      "name": "pandas_layer_zip",
      "provider": "provider[\"registry.terraform.io/hashicorp/aws\"]",
      "instances": [
        {
          "schema_version": 0,
          "attributes": {
            "acl": null,
            "arn": "arn:aws:s3:::thebucketabxdwn4q1182001/pandas_layer.zip",
            "bucket": "thebucketabxdwn4q1182001",
            "bucket_key_enabled": false,
            "cache_control": "",
            "checksum_algorithm": null,
            "checksum_crc32": "",
            "checksum_crc32c": "",
            "checksum_sha1": "",
            "checksum_sha256": "",
            "content": null,
            "content_base64": null,
            "content_disposition": "",
            "content_encoding": "",
            "content_language": "",
            "content_type": "binary/octet-stream",
            "etag": "cf15cb5f59e754e42567a5556e974b4d-8",
            "force_destroy": false,
            "id": "pandas_layer.zip",
            "key": "pandas_layer.zip",
            "kms_key_id": null,
            "metadata": null,
            "object_lock_legal_hold_status": "",
            "object_lock_mode": "",
            "object_lock_retain_until_date": "",
            "override_provider": [],
            "server_side_encryption": "AES256",
            "source": "pandas_layer.zip",
            "source_hash": null,
            "storage_class": "STANDARD",
            "tags": null,
            "tags_all": {},
            "version_id": "",
            "website_redirect": ""
          },
          "sensitive_attributes": [],
          "private": "bnVsbA==",
          "dependencies": [
            "module.s3.aws_s3_bucket.my_bucket",
            "module.s3.random_string.bucket_suffix"
          ]
        }
      ]
    },
    {
      "module": "module.lambda",
      "mode": "managed",
      "type": "random_id",
      "name": "unique_id",
      "provider": "provider[\"registry.terraform.io/hashicorp/random\"]",
      "instances": [
        {
          "schema_version": 0,
          "attributes": {
            "b64_std": "i+YQ9A==",
            "b64_url": "i-YQ9A",
            "byte_length": 4,
            "dec": "2347110644",
            "hex": "8be610f4",
            "id": "i-YQ9A",
            "keepers": null,
            "prefix": null
          },
          "sensitive_attributes": []
        }
      ]
    },
    {
      "module": "module.rds",
      "mode": "managed",
      "type": "aws_security_group",
      "name": "rds_sg",
      "provider": "provider[\"registry.terraform.io/hashicorp/aws\"]",
      "instances": [
        {
          "schema_version": 1,
          "attributes": {
            "arn": "arn:aws:ec2:us-east-1:243558588266:security-group/sg-07f4e6c5fb1b4e9ad",
            "description": "Allow inbound traffic for MySQL",
            "egress": [
              {
                "cidr_blocks": [
                  "0.0.0.0/0"
                ],
                "description": "",
                "from_port": 0,
                "ipv6_cidr_blocks": [],
                "prefix_list_ids": [],
                "protocol": "-1",
                "security_groups": [],
                "self": false,
                "to_port": 0
              }
            ],
            "id": "sg-07f4e6c5fb1b4e9ad",
            "ingress": [
              {
                "cidr_blocks": [
                  "0.0.0.0/0"
                ],
                "description": "",
                "from_port": 3306,
                "ipv6_cidr_blocks": [],
                "prefix_list_ids": [],
                "protocol": "tcp",
                "security_groups": [],
                "self": false,
                "to_port": 3306
              }
            ],
            "name": "rds_security_group",
            "name_prefix": "",
            "owner_id": "243558588266",
            "revoke_rules_on_delete": false,
            "tags": {
              "Name": "RDS Security Group"
            },
            "tags_all": {
              "Name": "RDS Security Group"
            },
            "timeouts": null,
            "vpc_id": "vpc-0c1daf08995698303"
          },
          "sensitive_attributes": [],
          "private": "eyJlMmJmYjczMC1lY2FhLTExZTYtOGY4OC0zNDM2M2JjN2M0YzAiOnsiY3JlYXRlIjo2MDAwMDAwMDAwMDAsImRlbGV0ZSI6OTAwMDAwMDAwMDAwfSwic2NoZW1hX3ZlcnNpb24iOiIxIn0=",
          "dependencies": [
            "module.vpc.aws_vpc.main"
          ]
        }
      ]
    },
    {
      "module": "module.rds",
      "mode": "managed",
      "type": "random_password",
      "name": "rds_password",
      "provider": "provider[\"registry.terraform.io/hashicorp/random\"]",
      "instances": [
        {
          "schema_version": 3,
          "attributes": {
            "bcrypt_hash": "$2a$10$Avg1InuA/g03OPnl9WaOheeA/acIcDb8tiXERNR1cXXFTj/pe.Sem",
            "id": "none",
            "keepers": null,
            "length": 16,
            "lower": true,
            "min_lower": 0,
            "min_numeric": 0,
            "min_special": 0,
            "min_upper": 0,
            "number": true,
            "numeric": true,
            "override_special": "!#$%\u0026*()-_=+[]{}:?",
            "result": "bh+1JdXi]e)3M0LQ",
            "special": true,
            "upper": true
          },
          "sensitive_attributes": [
            [
              {
                "type": "get_attr",
                "value": "bcrypt_hash"
              }
            ],
            [
              {
                "type": "get_attr",
                "value": "result"
              }
            ]
          ]
        }
      ]
    },
    {
      "module": "module.s3",
      "mode": "managed",
      "type": "aws_s3_bucket",
      "name": "my_bucket",
      "provider": "provider[\"registry.terraform.io/hashicorp/aws\"]",
      "instances": [
        {
          "schema_version": 0,
          "attributes": {
            "acceleration_status": "",
            "acl": null,
            "arn": "arn:aws:s3:::thebucketabxdwn4q1182001",
            "bucket": "thebucketabxdwn4q1182001",
            "bucket_domain_name": "thebucketabxdwn4q1182001.s3.amazonaws.com",
            "bucket_prefix": "",
            "bucket_regional_domain_name": "thebucketabxdwn4q1182001.s3.us-east-1.amazonaws.com",
            "cors_rule": [],
            "force_destroy": true,
            "grant": [
              {
                "id": "50c1dc3e3fa85e4677510b6f4081e736c972f8a0dde79603bf686ddedaf8272b",
                "permissions": [
                  "FULL_CONTROL"
                ],
                "type": "CanonicalUser",
                "uri": ""
              }
            ],
            "hosted_zone_id": "Z3AQBSTGFYJSTF",
            "id": "thebucketabxdwn4q1182001",
            "lifecycle_rule": [],
            "logging": [],
            "object_lock_configuration": [],
            "object_lock_enabled": false,
            "policy": "",
            "region": "us-east-1",
            "replication_configuration": [],
            "request_payer": "BucketOwner",
            "server_side_encryption_configuration": [
              {
                "rule": [
                  {
                    "apply_server_side_encryption_by_default": [
                      {
                        "kms_master_key_id": "",
                        "sse_algorithm": "AES256"
                      }
                    ],
                    "bucket_key_enabled": false
                  }
                ]
              }
            ],
            "tags": null,
            "tags_all": {},
            "timeouts": null,
            "versioning": [
              {
                "enabled": false,
                "mfa_delete": false
              }
            ],
            "website": [],
            "website_domain": null,
            "website_endpoint": null
          },
          "sensitive_attributes": [],
          "private": "eyJlMmJmYjczMC1lY2FhLTExZTYtOGY4OC0zNDM2M2JjN2M0YzAiOnsiY3JlYXRlIjoxMjAwMDAwMDAwMDAwLCJkZWxldGUiOjM2MDAwMDAwMDAwMDAsInJlYWQiOjEyMDAwMDAwMDAwMDAsInVwZGF0ZSI6MTIwMDAwMDAwMDAwMH19",
          "dependencies": [
            "module.s3.random_string.bucket_suffix"
          ]
        }
      ]
    },
    {
      "module": "module.s3",
      "mode": "managed",
      "type": "random_string",
      "name": "bucket_suffix",
      "provider": "provider[\"registry.terraform.io/hashicorp/random\"]",
      "instances": [
        {
          "schema_version": 2,
          "attributes": {
            "id": "abxdwn4q",
            "keepers": null,
            "length": 8,
            "lower": true,
            "min_lower": 0,
            "min_numeric": 0,
            "min_special": 0,
            "min_upper": 0,
            "number": true,
            "numeric": true,
            "override_special": null,
            "result": "abxdwn4q",
            "special": false,
            "upper": false
          },
          "sensitive_attributes": []
        }
      ]
    },
    {
      "module": "module.secrets_manager",
      "mode": "managed",
      "type": "aws_secretsmanager_secret",
      "name": "rds_credentials",
      "provider": "provider[\"registry.terraform.io/hashicorp/aws\"]",
      "instances": [
        {
          "schema_version": 0,
          "attributes": {
            "arn": "arn:aws:secretsmanager:us-east-1:243558588266:secret:rds_credentials_mw210b-xl14ke",
            "description": "",
            "force_overwrite_replica_secret": false,
            "id": "arn:aws:secretsmanager:us-east-1:243558588266:secret:rds_credentials_mw210b-xl14ke",
            "kms_key_id": "",
            "name": "rds_credentials_mw210b",
            "name_prefix": "",
            "policy": "",
            "recovery_window_in_days": 30,
            "replica": [],
            "tags": null,
            "tags_all": {}
          },
          "sensitive_attributes": [],
          "private": "bnVsbA==",
          "dependencies": [
            "module.secrets_manager.random_string.suffix"
          ]
        }
      ]
    },
    {
      "module": "module.secrets_manager",
      "mode": "managed",
      "type": "aws_secretsmanager_secret",
      "name": "rds_password",
      "provider": "provider[\"registry.terraform.io/hashicorp/aws\"]",
      "instances": [
        {
          "schema_version": 0,
          "attributes": {
            "arn": "arn:aws:secretsmanager:us-east-1:243558588266:secret:rds_password_mw210b-kd6vxa",
            "description": "",
            "force_overwrite_replica_secret": false,
            "id": "arn:aws:secretsmanager:us-east-1:243558588266:secret:rds_password_mw210b-kd6vxa",
            "kms_key_id": "",
            "name": "rds_password_mw210b",
            "name_prefix": "",
            "policy": "",
            "recovery_window_in_days": 30,
            "replica": [],
            "tags": null,
            "tags_all": {}
          },
          "sensitive_attributes": [],
          "private": "bnVsbA==",
          "dependencies": [
            "module.secrets_manager.random_string.suffix"
          ]
        }
      ]
    },
    {
      "module": "module.secrets_manager",
      "mode": "managed",
      "type": "aws_secretsmanager_secret_version",
      "name": "rds_password_version",
      "provider": "provider[\"registry.terraform.io/hashicorp/aws\"]",
      "instances": [
        {
          "schema_version": 0,
          "attributes": {
            "arn": "arn:aws:secretsmanager:us-east-1:243558588266:secret:rds_password_mw210b-kd6vxa",
            "id": "arn:aws:secretsmanager:us-east-1:243558588266:secret:rds_password_mw210b-kd6vxa|terraform-20241211112603276300000003",
            "secret_binary": "",
            "secret_id": "arn:aws:secretsmanager:us-east-1:243558588266:secret:rds_password_mw210b-kd6vxa",
            "secret_string": "{\"password\":\"\",\"username\":\"admin\"}",
            "version_id": "terraform-20241211112603276300000003",
            "version_stages": [
              "AWSCURRENT"
            ]
          },
          "sensitive_attributes": [
            [
              {
                "type": "get_attr",
                "value": "secret_binary"
              }
            ],
            [
              {
                "type": "get_attr",
                "value": "secret_string"
              }
            ]
          ],
          "private": "bnVsbA==",
          "dependencies": [
            "module.secrets_manager.aws_secretsmanager_secret.rds_password",
            "module.secrets_manager.random_string.suffix"
          ]
        }
      ]
    },
    {
      "module": "module.secrets_manager",
      "mode": "managed",
      "type": "random_string",
      "name": "suffix",
      "provider": "provider[\"registry.terraform.io/hashicorp/random\"]",
      "instances": [
        {
          "schema_version": 2,
          "attributes": {
            "id": "mw210b",
            "keepers": null,
            "length": 6,
            "lower": true,
            "min_lower": 0,
            "min_numeric": 0,
            "min_special": 0,
            "min_upper": 0,
            "number": true,
            "numeric": true,
            "override_special": null,
            "result": "mw210b",
            "special": false,
            "upper": false
          },
          "sensitive_attributes": []
        }
      ]
    },
    {
      "module": "module.sns",
      "mode": "managed",
      "type": "aws_sns_topic",
      "name": "data_notification",
      "provider": "provider[\"registry.terraform.io/hashicorp/aws\"]",
      "instances": [
        {
          "schema_version": 0,
          "attributes": {
            "application_failure_feedback_role_arn": "",
            "application_success_feedback_role_arn": "",
            "application_success_feedback_sample_rate": 0,
            "archive_policy": "",
            "arn": "arn:aws:sns:us-east-1:243558588266:data-notification-topic",
            "beginning_archive_time": "",
            "content_based_deduplication": false,
            "delivery_policy": "",
            "display_name": "",
            "fifo_topic": false,
            "firehose_failure_feedback_role_arn": "",
            "firehose_success_feedback_role_arn": "",
            "firehose_success_feedback_sample_rate": 0,
            "http_failure_feedback_role_arn": "",
            "http_success_feedback_role_arn": "",
            "http_success_feedback_sample_rate": 0,
            "id": "arn:aws:sns:us-east-1:243558588266:data-notification-topic",
            "kms_master_key_id": "",
            "lambda_failure_feedback_role_arn": "",
            "lambda_success_feedback_role_arn": "",
            "lambda_success_feedback_sample_rate": 0,
            "name": "data-notification-topic",
            "name_prefix": "",
            "owner": "243558588266",
            "policy": "{\"Id\":\"__default_policy_ID\",\"Statement\":[{\"Action\":[\"SNS:GetTopicAttributes\",\"SNS:SetTopicAttributes\",\"SNS:AddPermission\",\"SNS:RemovePermission\",\"SNS:DeleteTopic\",\"SNS:Subscribe\",\"SNS:ListSubscriptionsByTopic\",\"SNS:Publish\"],\"Condition\":{\"StringEquals\":{\"AWS:SourceOwner\":\"243558588266\"}},\"Effect\":\"Allow\",\"Principal\":{\"AWS\":\"*\"},\"Resource\":\"arn:aws:sns:us-east-1:243558588266:data-notification-topic\",\"Sid\":\"__default_statement_ID\"}],\"Version\":\"2008-10-17\"}",
            "signature_version": 0,
            "sqs_failure_feedback_role_arn": "",
            "sqs_success_feedback_role_arn": "",
            "sqs_success_feedback_sample_rate": 0,
            "tags": null,
            "tags_all": {},
            "tracing_config": ""
          },
          "sensitive_attributes": [],
          "private": "bnVsbA=="
        }
      ]
    },
    {
      "module": "module.sns",
      "mode": "managed",
      "type": "aws_sns_topic_subscription",
      "name": "email-subscription",
      "provider": "provider[\"registry.terraform.io/hashicorp/aws\"]",
      "instances": [
        {
          "schema_version": 0,
          "attributes": {
            "arn": "arn:aws:sns:us-east-1:243558588266:data-notification-topic:5ab5a559-4de1-403e-b26a-e5a992988fd9",
            "confirmation_timeout_in_minutes": 1,
            "confirmation_was_authenticated": false,
            "delivery_policy": "",
            "endpoint": "vapeprosper@gmail.com",
            "endpoint_auto_confirms": false,
            "filter_policy": "",
            "filter_policy_scope": "",
            "id": "arn:aws:sns:us-east-1:243558588266:data-notification-topic:5ab5a559-4de1-403e-b26a-e5a992988fd9",
            "owner_id": "243558588266",
            "pending_confirmation": true,
            "protocol": "email",
            "raw_message_delivery": false,
            "redrive_policy": "",
            "replay_policy": "",
            "subscription_role_arn": "",
            "topic_arn": "arn:aws:sns:us-east-1:243558588266:data-notification-topic"
          },
          "sensitive_attributes": [],
          "private": "bnVsbA==",
          "dependencies": [
            "module.sns.aws_sns_topic.data_notification"
          ]
        }
      ]
    },
    {
      "module": "module.sqs",
      "mode": "managed",
      "type": "aws_sqs_queue",
      "name": "my_queue",
      "provider": "provider[\"registry.terraform.io/hashicorp/aws\"]",
      "instances": [
        {
          "schema_version": 0,
          "attributes": {
            "arn": "arn:aws:sqs:us-east-1:243558588266:data-processing-queue",
            "content_based_deduplication": false,
            "deduplication_scope": "",
            "delay_seconds": 0,
            "fifo_queue": false,
            "fifo_throughput_limit": "",
            "id": "https://sqs.us-east-1.amazonaws.com/243558588266/data-processing-queue",
            "kms_data_key_reuse_period_seconds": 300,
            "kms_master_key_id": "",
            "max_message_size": 262144,
            "message_retention_seconds": 345600,
            "name": "data-processing-queue",
            "name_prefix": "",
            "policy": "",
            "receive_wait_time_seconds": 0,
            "redrive_allow_policy": "",
            "redrive_policy": "",
            "sqs_managed_sse_enabled": true,
            "tags": null,
            "tags_all": {},
            "url": "https://sqs.us-east-1.amazonaws.com/243558588266/data-processing-queue",
            "visibility_timeout_seconds": 30
          },
          "sensitive_attributes": [],
          "private": "bnVsbA=="
        }
      ]
    },
    {
      "module": "module.vpc",
      "mode": "data",
      "type": "aws_availability_zones",
      "name": "available",
      "provider": "provider[\"registry.terraform.io/hashicorp/aws\"]",
      "instances": [
        {
          "schema_version": 0,
          "attributes": {
            "all_availability_zones": null,
            "exclude_names": null,
            "exclude_zone_ids": null,
            "filter": null,
            "group_names": [
              "us-east-1"
            ],
            "id": "us-east-1",
            "names": [
              "us-east-1a",
              "us-east-1b",
              "us-east-1c",
              "us-east-1d",
              "us-east-1e",
              "us-east-1f"
            ],
            "state": "available",
            "timeouts": null,
            "zone_ids": [
              "use1-az4",
              "use1-az6",
              "use1-az1",
              "use1-az2",
              "use1-az3",
              "use1-az5"
            ]
          },
          "sensitive_attributes": []
        }
      ]
    },
    {
      "module": "module.vpc",
      "mode": "managed",
      "type": "aws_db_subnet_group",
      "name": "rds_subnet_group",
      "provider": "provider[\"registry.terraform.io/hashicorp/aws\"]",
      "instances": [
        {
          "schema_version": 0,
          "attributes": {
            "arn": "arn:aws:rds:us-east-1:243558588266:subgrp:rds-subnet-group",
            "description": "Managed by Terraform",
            "id": "rds-subnet-group",
            "name": "rds-subnet-group",
            "name_prefix": "",
            "subnet_ids": [
              "subnet-0543199fb4a580f5c",
              "subnet-0c09f3e8bb28d1d18"
            ],
            "supported_network_types": [
              "IPV4"
            ],
            "tags": {
              "Name": "RDS Subnet Group"
            },
            "tags_all": {
              "Name": "RDS Subnet Group"
            },
            "vpc_id": "vpc-0c1daf08995698303"
          },
          "sensitive_attributes": [],
          "private": "bnVsbA==",
          "dependencies": [
            "module.vpc.aws_subnet.private",
            "module.vpc.aws_vpc.main",
            "module.vpc.data.aws_availability_zones.available"
          ]
        }
      ]
    },
    {
      "module": "module.vpc",
      "mode": "managed",
      "type": "aws_eip",
      "name": "nat",
      "provider": "provider[\"registry.terraform.io/hashicorp/aws\"]",
      "instances": [
        {
          "index_key": 0,
          "schema_version": 0,
          "attributes": {
            "address": null,
            "allocation_id": "eipalloc-02a0475c8bb8190ed",
            "arn": "arn:aws:ec2:us-east-1:243558588266:elastic-ip/eipalloc-02a0475c8bb8190ed",
            "associate_with_private_ip": null,
            "association_id": "",
            "carrier_ip": "",
            "customer_owned_ip": "",
            "customer_owned_ipv4_pool": "",
            "domain": "vpc",
            "id": "eipalloc-02a0475c8bb8190ed",
            "instance": "",
            "ipam_pool_id": null,
            "network_border_group": "us-east-1",
            "network_interface": "",
            "private_dns": null,
            "private_ip": "",
            "ptr_record": "",
            "public_dns": "ec2-44-198-90-224.compute-1.amazonaws.com",
            "public_ip": "44.198.90.224",
            "public_ipv4_pool": "amazon",
            "tags": null,
            "tags_all": {},
            "timeouts": null,
            "vpc": true
          },
          "sensitive_attributes": [],
          "private": "eyJlMmJmYjczMC1lY2FhLTExZTYtOGY4OC0zNDM2M2JjN2M0YzAiOnsiZGVsZXRlIjoxODAwMDAwMDAwMDAsInJlYWQiOjkwMDAwMDAwMDAwMCwidXBkYXRlIjozMDAwMDAwMDAwMDB9fQ=="
        },
        {
          "index_key": 1,
          "schema_version": 0,
          "attributes": {
            "address": null,
            "allocation_id": "eipalloc-031b2cc8253a20d58",
            "arn": "arn:aws:ec2:us-east-1:243558588266:elastic-ip/eipalloc-031b2cc8253a20d58",
            "associate_with_private_ip": null,
            "association_id": "",
            "carrier_ip": "",
            "customer_owned_ip": "",
            "customer_owned_ipv4_pool": "",
            "domain": "vpc",
            "id": "eipalloc-031b2cc8253a20d58",
            "instance": "",
            "ipam_pool_id": null,
            "network_border_group": "us-east-1",
            "network_interface": "",
            "private_dns": null,
            "private_ip": "",
            "ptr_record": "",
            "public_dns": "ec2-54-173-201-222.compute-1.amazonaws.com",
            "public_ip": "54.173.201.222",
            "public_ipv4_pool": "amazon",
            "tags": null,
            "tags_all": {},
            "timeouts": null,
            "vpc": true
          },
          "sensitive_attributes": [],
          "private": "eyJlMmJmYjczMC1lY2FhLTExZTYtOGY4OC0zNDM2M2JjN2M0YzAiOnsiZGVsZXRlIjoxODAwMDAwMDAwMDAsInJlYWQiOjkwMDAwMDAwMDAwMCwidXBkYXRlIjozMDAwMDAwMDAwMDB9fQ=="
        }
      ]
    },
    {
      "module": "module.vpc",
      "mode": "managed",
      "type": "aws_internet_gateway",
      "name": "gw",
      "provider": "provider[\"registry.terraform.io/hashicorp/aws\"]",
      "instances": [
        {
          "schema_version": 0,
          "attributes": {
            "arn": "arn:aws:ec2:us-east-1:243558588266:internet-gateway/igw-0768c82344134934e",
            "id": "igw-0768c82344134934e",
            "owner_id": "243558588266",
            "tags": {
              "Name": "main-vpc-1182001-igw"
            },
            "tags_all": {
              "Name": "main-vpc-1182001-igw"
            },
            "timeouts": null,
            "vpc_id": "vpc-0c1daf08995698303"
          },
          "sensitive_attributes": [],
          "private": "eyJlMmJmYjczMC1lY2FhLTExZTYtOGY4OC0zNDM2M2JjN2M0YzAiOnsiY3JlYXRlIjoxMjAwMDAwMDAwMDAwLCJkZWxldGUiOjEyMDAwMDAwMDAwMDAsInVwZGF0ZSI6MTIwMDAwMDAwMDAwMH19",
          "dependencies": [
            "module.vpc.aws_vpc.main"
          ]
        }
      ]
    },
    {
      "module": "module.vpc",
      "mode": "managed",
      "type": "aws_nat_gateway",
      "name": "nat",
      "provider": "provider[\"registry.terraform.io/hashicorp/aws\"]",
      "instances": [
        {
          "index_key": 0,
          "schema_version": 0,
          "attributes": {
            "allocation_id": "eipalloc-02a0475c8bb8190ed",
            "association_id": "eipassoc-0dfd19c84adefe80b",
            "connectivity_type": "public",
            "id": "nat-0fcb00a76e9c4be7a",
            "network_interface_id": "eni-03d67efbd8de34c50",
            "private_ip": "10.0.0.119",
            "public_ip": "44.198.90.224",
            "secondary_allocation_ids": null,
            "secondary_private_ip_address_count": 0,
            "secondary_private_ip_addresses": [],
            "subnet_id": "subnet-07a4fabf446a2df5a",
            "tags": {
              "Name": "NAT Gateway 1"
            },
            "tags_all": {
              "Name": "NAT Gateway 1"
            },
            "timeouts": null
          },
          "sensitive_attributes": [],
          "private": "eyJlMmJmYjczMC1lY2FhLTExZTYtOGY4OC0zNDM2M2JjN2M0YzAiOnsiY3JlYXRlIjo2MDAwMDAwMDAwMDAsImRlbGV0ZSI6MTgwMDAwMDAwMDAwMCwidXBkYXRlIjo2MDAwMDAwMDAwMDB9fQ==",
          "dependencies": [
            "module.vpc.aws_eip.nat",
            "module.vpc.aws_subnet.public",
            "module.vpc.aws_vpc.main",
            "module.vpc.data.aws_availability_zones.available"
          ]
        },
        {
          "index_key": 1,
          "schema_version": 0,
          "attributes": {
            "allocation_id": "eipalloc-031b2cc8253a20d58",
            "association_id": "eipassoc-03a12da5348addbd5",
            "connectivity_type": "public",
            "id": "nat-0d0ca491eff0cb27e",
            "network_interface_id": "eni-0093e0bbb55a3b6b1",
            "private_ip": "10.0.1.53",
            "public_ip": "54.173.201.222",
            "secondary_allocation_ids": null,
            "secondary_private_ip_address_count": 0,
            "secondary_private_ip_addresses": [],
            "subnet_id": "subnet-008653bcee0a945f7",
            "tags": {
              "Name": "NAT Gateway 2"
            },
            "tags_all": {
              "Name": "NAT Gateway 2"
            },
            "timeouts": null
          },
          "sensitive_attributes": [],
          "private": "eyJlMmJmYjczMC1lY2FhLTExZTYtOGY4OC0zNDM2M2JjN2M0YzAiOnsiY3JlYXRlIjo2MDAwMDAwMDAwMDAsImRlbGV0ZSI6MTgwMDAwMDAwMDAwMCwidXBkYXRlIjo2MDAwMDAwMDAwMDB9fQ==",
          "dependencies": [
            "module.vpc.aws_eip.nat",
            "module.vpc.aws_subnet.public",
            "module.vpc.aws_vpc.main",
            "module.vpc.data.aws_availability_zones.available"
          ]
        }
      ]
    },
    {
      "module": "module.vpc",
      "mode": "managed",
      "type": "aws_route_table",
      "name": "private",
      "provider": "provider[\"registry.terraform.io/hashicorp/aws\"]",
      "instances": [
        {
          "index_key": 0,
          "schema_version": 0,
          "attributes": {
            "arn": "arn:aws:ec2:us-east-1:243558588266:route-table/rtb-0087319941c04b8cc",
            "id": "rtb-0087319941c04b8cc",
            "owner_id": "243558588266",
            "propagating_vgws": [],
            "route": [
              {
                "carrier_gateway_id": "",
                "cidr_block": "0.0.0.0/0",
                "core_network_arn": "",
                "destination_prefix_list_id": "",
                "egress_only_gateway_id": "",
                "gateway_id": "",
                "ipv6_cidr_block": "",
                "local_gateway_id": "",
                "nat_gateway_id": "nat-0fcb00a76e9c4be7a",
                "network_interface_id": "",
                "transit_gateway_id": "",
                "vpc_endpoint_id": "",
                "vpc_peering_connection_id": ""
              }
            ],
            "tags": {
              "Name": "Private Route Table 1"
            },
            "tags_all": {
              "Name": "Private Route Table 1"
            },
            "timeouts": null,
            "vpc_id": "vpc-0c1daf08995698303"
          },
          "sensitive_attributes": [],
          "private": "eyJlMmJmYjczMC1lY2FhLTExZTYtOGY4OC0zNDM2M2JjN2M0YzAiOnsiY3JlYXRlIjozMDAwMDAwMDAwMDAsImRlbGV0ZSI6MzAwMDAwMDAwMDAwLCJ1cGRhdGUiOjEyMDAwMDAwMDAwMH19",
          "dependencies": [
            "module.vpc.aws_eip.nat",
            "module.vpc.aws_nat_gateway.nat",
            "module.vpc.aws_subnet.public",
            "module.vpc.aws_vpc.main",
            "module.vpc.data.aws_availability_zones.available"
          ]
        },
        {
          "index_key": 1,
          "schema_version": 0,
          "attributes": {
            "arn": "arn:aws:ec2:us-east-1:243558588266:route-table/rtb-0050dfe61f7c05e3c",
            "id": "rtb-0050dfe61f7c05e3c",
            "owner_id": "243558588266",
            "propagating_vgws": [],
            "route": [
              {
                "carrier_gateway_id": "",
                "cidr_block": "0.0.0.0/0",
                "core_network_arn": "",
                "destination_prefix_list_id": "",
                "egress_only_gateway_id": "",
                "gateway_id": "",
                "ipv6_cidr_block": "",
                "local_gateway_id": "",
                "nat_gateway_id": "nat-0d0ca491eff0cb27e",
                "network_interface_id": "",
                "transit_gateway_id": "",
                "vpc_endpoint_id": "",
                "vpc_peering_connection_id": ""
              }
            ],
            "tags": {
              "Name": "Private Route Table 2"
            },
            "tags_all": {
              "Name": "Private Route Table 2"
            },
            "timeouts": null,
            "vpc_id": "vpc-0c1daf08995698303"
          },
          "sensitive_attributes": [],
          "private": "eyJlMmJmYjczMC1lY2FhLTExZTYtOGY4OC0zNDM2M2JjN2M0YzAiOnsiY3JlYXRlIjozMDAwMDAwMDAwMDAsImRlbGV0ZSI6MzAwMDAwMDAwMDAwLCJ1cGRhdGUiOjEyMDAwMDAwMDAwMH19",
          "dependencies": [
            "module.vpc.aws_eip.nat",
            "module.vpc.aws_nat_gateway.nat",
            "module.vpc.aws_subnet.public",
            "module.vpc.aws_vpc.main",
            "module.vpc.data.aws_availability_zones.available"
          ]
        }
      ]
    },
    {
      "module": "module.vpc",
      "mode": "managed",
      "type": "aws_route_table",
      "name": "public",
      "provider": "provider[\"registry.terraform.io/hashicorp/aws\"]",
      "instances": [
        {
          "schema_version": 0,
          "attributes": {
            "arn": "arn:aws:ec2:us-east-1:243558588266:route-table/rtb-044518515a4b1ec65",
            "id": "rtb-044518515a4b1ec65",
            "owner_id": "243558588266",
            "propagating_vgws": [],
            "route": [
              {
                "carrier_gateway_id": "",
                "cidr_block": "0.0.0.0/0",
                "core_network_arn": "",
                "destination_prefix_list_id": "",
                "egress_only_gateway_id": "",
                "gateway_id": "igw-0768c82344134934e",
                "ipv6_cidr_block": "",
                "local_gateway_id": "",
                "nat_gateway_id": "",
                "network_interface_id": "",
                "transit_gateway_id": "",
                "vpc_endpoint_id": "",
                "vpc_peering_connection_id": ""
              }
            ],
            "tags": {
              "Name": "Public Route Table"
            },
            "tags_all": {
              "Name": "Public Route Table"
            },
            "timeouts": null,
            "vpc_id": "vpc-0c1daf08995698303"
          },
          "sensitive_attributes": [],
          "private": "eyJlMmJmYjczMC1lY2FhLTExZTYtOGY4OC0zNDM2M2JjN2M0YzAiOnsiY3JlYXRlIjozMDAwMDAwMDAwMDAsImRlbGV0ZSI6MzAwMDAwMDAwMDAwLCJ1cGRhdGUiOjEyMDAwMDAwMDAwMH19",
          "dependencies": [
            "module.vpc.aws_internet_gateway.gw",
            "module.vpc.aws_vpc.main"
          ]
        }
      ]
    },
    {
      "module": "module.vpc",
      "mode": "managed",
      "type": "aws_route_table_association",
      "name": "private",
      "provider": "provider[\"registry.terraform.io/hashicorp/aws\"]",
      "instances": [
        {
          "index_key": 0,
          "schema_version": 0,
          "attributes": {
            "gateway_id": "",
            "id": "rtbassoc-080ba1b09ad77418e",
            "route_table_id": "rtb-0087319941c04b8cc",
            "subnet_id": "subnet-0543199fb4a580f5c",
            "timeouts": null
          },
          "sensitive_attributes": [],
          "private": "eyJlMmJmYjczMC1lY2FhLTExZTYtOGY4OC0zNDM2M2JjN2M0YzAiOnsiY3JlYXRlIjozMDAwMDAwMDAwMDAsImRlbGV0ZSI6MzAwMDAwMDAwMDAwLCJ1cGRhdGUiOjEyMDAwMDAwMDAwMH19",
          "dependencies": [
            "module.vpc.aws_eip.nat",
            "module.vpc.aws_nat_gateway.nat",
            "module.vpc.aws_route_table.private",
            "module.vpc.aws_subnet.private",
            "module.vpc.aws_subnet.public",
            "module.vpc.aws_vpc.main",
            "module.vpc.data.aws_availability_zones.available"
          ]
        },
        {
          "index_key": 1,
          "schema_version": 0,
          "attributes": {
            "gateway_id": "",
            "id": "rtbassoc-049cb5f8bdc311b7a",
            "route_table_id": "rtb-0050dfe61f7c05e3c",
            "subnet_id": "subnet-0c09f3e8bb28d1d18",
            "timeouts": null
          },
          "sensitive_attributes": [],
          "private": "eyJlMmJmYjczMC1lY2FhLTExZTYtOGY4OC0zNDM2M2JjN2M0YzAiOnsiY3JlYXRlIjozMDAwMDAwMDAwMDAsImRlbGV0ZSI6MzAwMDAwMDAwMDAwLCJ1cGRhdGUiOjEyMDAwMDAwMDAwMH19",
          "dependencies": [
            "module.vpc.aws_eip.nat",
            "module.vpc.aws_nat_gateway.nat",
            "module.vpc.aws_route_table.private",
            "module.vpc.aws_subnet.private",
            "module.vpc.aws_subnet.public",
            "module.vpc.aws_vpc.main",
            "module.vpc.data.aws_availability_zones.available"
          ]
        }
      ]
    },
    {
      "module": "module.vpc",
      "mode": "managed",
      "type": "aws_route_table_association",
      "name": "public",
      "provider": "provider[\"registry.terraform.io/hashicorp/aws\"]",
      "instances": [
        {
          "index_key": 0,
          "schema_version": 0,
          "attributes": {
            "gateway_id": "",
            "id": "rtbassoc-0072b5e43714e4ba7",
            "route_table_id": "rtb-044518515a4b1ec65",
            "subnet_id": "subnet-07a4fabf446a2df5a",
            "timeouts": null
          },
          "sensitive_attributes": [],
          "private": "eyJlMmJmYjczMC1lY2FhLTExZTYtOGY4OC0zNDM2M2JjN2M0YzAiOnsiY3JlYXRlIjozMDAwMDAwMDAwMDAsImRlbGV0ZSI6MzAwMDAwMDAwMDAwLCJ1cGRhdGUiOjEyMDAwMDAwMDAwMH19",
          "dependencies": [
            "module.vpc.aws_internet_gateway.gw",
            "module.vpc.aws_route_table.public",
            "module.vpc.aws_subnet.public",
            "module.vpc.aws_vpc.main",
            "module.vpc.data.aws_availability_zones.available"
          ]
        },
        {
          "index_key": 1,
          "schema_version": 0,
          "attributes": {
            "gateway_id": "",
            "id": "rtbassoc-034bea19a37b7f7ad",
            "route_table_id": "rtb-044518515a4b1ec65",
            "subnet_id": "subnet-008653bcee0a945f7",
            "timeouts": null
          },
          "sensitive_attributes": [],
          "private": "eyJlMmJmYjczMC1lY2FhLTExZTYtOGY4OC0zNDM2M2JjN2M0YzAiOnsiY3JlYXRlIjozMDAwMDAwMDAwMDAsImRlbGV0ZSI6MzAwMDAwMDAwMDAwLCJ1cGRhdGUiOjEyMDAwMDAwMDAwMH19",
          "dependencies": [
            "module.vpc.aws_internet_gateway.gw",
            "module.vpc.aws_route_table.public",
            "module.vpc.aws_subnet.public",
            "module.vpc.aws_vpc.main",
            "module.vpc.data.aws_availability_zones.available"
          ]
        }
      ]
    },
    {
      "module": "module.vpc",
      "mode": "managed",
      "type": "aws_subnet",
      "name": "private",
      "provider": "provider[\"registry.terraform.io/hashicorp/aws\"]",
      "instances": [
        {
          "index_key": 0,
          "schema_version": 1,
          "attributes": {
            "arn": "arn:aws:ec2:us-east-1:243558588266:subnet/subnet-0543199fb4a580f5c",
            "assign_ipv6_address_on_creation": false,
            "availability_zone": "us-east-1a",
            "availability_zone_id": "use1-az4",
            "cidr_block": "10.0.10.0/24",
            "customer_owned_ipv4_pool": "",
            "enable_dns64": false,
            "enable_lni_at_device_index": 0,
            "enable_resource_name_dns_a_record_on_launch": false,
            "enable_resource_name_dns_aaaa_record_on_launch": false,
            "id": "subnet-0543199fb4a580f5c",
            "ipv6_cidr_block": "",
            "ipv6_cidr_block_association_id": "",
            "ipv6_native": false,
            "map_customer_owned_ip_on_launch": false,
            "map_public_ip_on_launch": false,
            "outpost_arn": "",
            "owner_id": "243558588266",
            "private_dns_hostname_type_on_launch": "ip-name",
            "tags": {
              "Name": "Private Subnet 1"
            },
            "tags_all": {
              "Name": "Private Subnet 1"
            },
            "timeouts": null,
            "vpc_id": "vpc-0c1daf08995698303"
          },
          "sensitive_attributes": [],
          "private": "eyJlMmJmYjczMC1lY2FhLTExZTYtOGY4OC0zNDM2M2JjN2M0YzAiOnsiY3JlYXRlIjo2MDAwMDAwMDAwMDAsImRlbGV0ZSI6MTIwMDAwMDAwMDAwMH0sInNjaGVtYV92ZXJzaW9uIjoiMSJ9",
          "dependencies": [
            "module.vpc.aws_vpc.main",
            "module.vpc.data.aws_availability_zones.available"
          ]
        },
        {
          "index_key": 1,
          "schema_version": 1,
          "attributes": {
            "arn": "arn:aws:ec2:us-east-1:243558588266:subnet/subnet-0c09f3e8bb28d1d18",
            "assign_ipv6_address_on_creation": false,
            "availability_zone": "us-east-1b",
            "availability_zone_id": "use1-az6",
            "cidr_block": "10.0.11.0/24",
            "customer_owned_ipv4_pool": "",
            "enable_dns64": false,
            "enable_lni_at_device_index": 0,
            "enable_resource_name_dns_a_record_on_launch": false,
            "enable_resource_name_dns_aaaa_record_on_launch": false,
            "id": "subnet-0c09f3e8bb28d1d18",
            "ipv6_cidr_block": "",
            "ipv6_cidr_block_association_id": "",
            "ipv6_native": false,
            "map_customer_owned_ip_on_launch": false,
            "map_public_ip_on_launch": false,
            "outpost_arn": "",
            "owner_id": "243558588266",
            "private_dns_hostname_type_on_launch": "ip-name",
            "tags": {
              "Name": "Private Subnet 2"
            },
            "tags_all": {
              "Name": "Private Subnet 2"
            },
            "timeouts": null,
            "vpc_id": "vpc-0c1daf08995698303"
          },
          "sensitive_attributes": [],
          "private": "eyJlMmJmYjczMC1lY2FhLTExZTYtOGY4OC0zNDM2M2JjN2M0YzAiOnsiY3JlYXRlIjo2MDAwMDAwMDAwMDAsImRlbGV0ZSI6MTIwMDAwMDAwMDAwMH0sInNjaGVtYV92ZXJzaW9uIjoiMSJ9",
          "dependencies": [
            "module.vpc.aws_vpc.main",
            "module.vpc.data.aws_availability_zones.available"
          ]
        }
      ]
    },
    {
      "module": "module.vpc",
      "mode": "managed",
      "type": "aws_subnet",
      "name": "public",
      "provider": "provider[\"registry.terraform.io/hashicorp/aws\"]",
      "instances": [
        {
          "index_key": 0,
          "schema_version": 1,
          "attributes": {
            "arn": "arn:aws:ec2:us-east-1:243558588266:subnet/subnet-07a4fabf446a2df5a",
            "assign_ipv6_address_on_creation": false,
            "availability_zone": "us-east-1a",
            "availability_zone_id": "use1-az4",
            "cidr_block": "10.0.0.0/24",
            "customer_owned_ipv4_pool": "",
            "enable_dns64": false,
            "enable_lni_at_device_index": 0,
            "enable_resource_name_dns_a_record_on_launch": false,
            "enable_resource_name_dns_aaaa_record_on_launch": false,
            "id": "subnet-07a4fabf446a2df5a",
            "ipv6_cidr_block": "",
            "ipv6_cidr_block_association_id": "",
            "ipv6_native": false,
            "map_customer_owned_ip_on_launch": false,
            "map_public_ip_on_launch": true,
            "outpost_arn": "",
            "owner_id": "243558588266",
            "private_dns_hostname_type_on_launch": "ip-name",
            "tags": {
              "Name": "Public Subnet 1"
            },
            "tags_all": {
              "Name": "Public Subnet 1"
            },
            "timeouts": null,
            "vpc_id": "vpc-0c1daf08995698303"
          },
          "sensitive_attributes": [],
          "private": "eyJlMmJmYjczMC1lY2FhLTExZTYtOGY4OC0zNDM2M2JjN2M0YzAiOnsiY3JlYXRlIjo2MDAwMDAwMDAwMDAsImRlbGV0ZSI6MTIwMDAwMDAwMDAwMH0sInNjaGVtYV92ZXJzaW9uIjoiMSJ9",
          "dependencies": [
            "module.vpc.aws_vpc.main",
            "module.vpc.data.aws_availability_zones.available"
          ]
        },
        {
          "index_key": 1,
          "schema_version": 1,
          "attributes": {
            "arn": "arn:aws:ec2:us-east-1:243558588266:subnet/subnet-008653bcee0a945f7",
            "assign_ipv6_address_on_creation": false,
            "availability_zone": "us-east-1b",
            "availability_zone_id": "use1-az6",
            "cidr_block": "10.0.1.0/24",
            "customer_owned_ipv4_pool": "",
            "enable_dns64": false,
            "enable_lni_at_device_index": 0,
            "enable_resource_name_dns_a_record_on_launch": false,
            "enable_resource_name_dns_aaaa_record_on_launch": false,
            "id": "subnet-008653bcee0a945f7",
            "ipv6_cidr_block": "",
            "ipv6_cidr_block_association_id": "",
            "ipv6_native": false,
            "map_customer_owned_ip_on_launch": false,
            "map_public_ip_on_launch": true,
            "outpost_arn": "",
            "owner_id": "243558588266",
            "private_dns_hostname_type_on_launch": "ip-name",
            "tags": {
              "Name": "Public Subnet 2"
            },
            "tags_all": {
              "Name": "Public Subnet 2"
            },
            "timeouts": null,
            "vpc_id": "vpc-0c1daf08995698303"
          },
          "sensitive_attributes": [],
          "private": "eyJlMmJmYjczMC1lY2FhLTExZTYtOGY4OC0zNDM2M2JjN2M0YzAiOnsiY3JlYXRlIjo2MDAwMDAwMDAwMDAsImRlbGV0ZSI6MTIwMDAwMDAwMDAwMH0sInNjaGVtYV92ZXJzaW9uIjoiMSJ9",
          "dependencies": [
            "module.vpc.aws_vpc.main",
            "module.vpc.data.aws_availability_zones.available"
          ]
        }
      ]
    },
    {
      "module": "module.vpc",
      "mode": "managed",
      "type": "aws_vpc",
      "name": "main",
      "provider": "provider[\"registry.terraform.io/hashicorp/aws\"]",
      "instances": [
        {
          "schema_version": 1,
          "attributes": {
            "arn": "arn:aws:ec2:us-east-1:243558588266:vpc/vpc-0c1daf08995698303",
            "assign_generated_ipv6_cidr_block": false,
            "cidr_block": "10.0.0.0/16",
            "default_network_acl_id": "acl-0e12e473b56ed7a15",
            "default_route_table_id": "rtb-094abbbf98c5f8199",
            "default_security_group_id": "sg-00452d00fc4c75b86",
            "dhcp_options_id": "dopt-05df1535f8874b120",
            "enable_dns_hostnames": false,
            "enable_dns_support": true,
            "enable_network_address_usage_metrics": false,
            "id": "vpc-0c1daf08995698303",
            "instance_tenancy": "default",
            "ipv4_ipam_pool_id": null,
            "ipv4_netmask_length": null,
            "ipv6_association_id": "",
            "ipv6_cidr_block": "",
            "ipv6_cidr_block_network_border_group": "",
            "ipv6_ipam_pool_id": "",
            "ipv6_netmask_length": 0,
            "main_route_table_id": "rtb-094abbbf98c5f8199",
            "owner_id": "243558588266",
            "tags": {
              "Name": "main-vpc-1182001"
            },
            "tags_all": {
              "Name": "main-vpc-1182001"
            }
          },
          "sensitive_attributes": [],
          "private": "eyJzY2hlbWFfdmVyc2lvbiI6IjEifQ=="
        }
      ]
    }
  ],
  "check_results": null
}
