{
  "version": 4,
  "terraform_version": "1.10.0",
  "serial": 1217,
  "lineage": "8ba07c4a-ff91-9c32-3a6f-7dab6ac9edf3",
  "outputs": {
    "ec2_instance_id": {
      "value": "i-0cbdbb6c13ca2412d",
      "type": "string"
    },
    "ec2_public_ip": {
      "value": "52.90.132.37",
      "type": "string"
    },
    "lambda_function_name": {
      "value": "Lambda_process_s3_files",
      "type": "string"
    },
    "private_subnets": {
      "value": [
        "subnet-0f376380d3b24847c",
        "subnet-0ce913162075987f1"
      ],
      "type": [
        "tuple",
        [
          "string",
          "string"
        ]
      ]
    },
    "public_subnets": {
      "value": [
        "subnet-0a1c281677b88c5fd",
        "subnet-00b4180219fe22896"
      ],
      "type": [
        "tuple",
        [
          "string",
          "string"
        ]
      ]
    },
    "rds_endpoint": {
      "value": "terraform-20241209234340540400000001.cubztwhxubed.us-east-1.rds.amazonaws.com:3306",
      "type": "string"
    },
    "rds_port": {
      "value": 3306,
      "type": "number"
    },
    "rds_secret_arn": {
      "value": "arn:aws:secretsmanager:us-east-1:243558588266:secret:rds_credentials_p39kgj-jf7tIQ",
      "type": "string"
    },
    "rds_subnet_group": {
      "value": "rds-subnet-group",
      "type": "string"
    },
    "s3_bucket_arn": {
      "value": "arn:aws:s3:::thebucketc8lm15gt1182001",
      "type": "string"
    },
    "s3_bucket_name": {
      "value": "thebucketc8lm15gt1182001",
      "type": "string"
    },
    "sns_topic_arn": {
      "value": "arn:aws:sns:us-east-1:243558588266:data-notification-topic",
      "type": "string"
    },
    "sqs_queue_url": {
      "value": "https://sqs.us-east-1.amazonaws.com/243558588266/data-processing-queue",
      "type": "string"
    },
    "vpc_id": {
      "value": "vpc-0ac41470c4785841b",
      "type": "string"
    }
  },
  "resources": [
    {
      "module": "module.ec2",
      "mode": "managed",
      "type": "aws_instance",
      "name": "web",
      "provider": "provider[\"registry.terraform.io/hashicorp/aws\"]",
      "instances": [
        {
          "schema_version": 1,
          "attributes": {
            "ami": "ami-0453ec754f44f9a4a",
            "arn": "arn:aws:ec2:us-east-1:243558588266:instance/i-0cbdbb6c13ca2412d",
            "associate_public_ip_address": true,
            "availability_zone": "us-east-1a",
            "capacity_reservation_specification": [
              {
                "capacity_reservation_preference": "open",
                "capacity_reservation_target": []
              }
            ],
            "cpu_core_count": 1,
            "cpu_options": [
              {
                "amd_sev_snp": "",
                "core_count": 1,
                "threads_per_core": 1
              }
            ],
            "cpu_threads_per_core": 1,
            "credit_specification": [
              {
                "cpu_credits": "standard"
              }
            ],
            "disable_api_stop": false,
            "disable_api_termination": false,
            "ebs_block_device": [],
            "ebs_optimized": false,
            "enclave_options": [
              {
                "enabled": false
              }
            ],
            "ephemeral_block_device": [],
            "get_password_data": false,
            "hibernation": false,
            "host_id": "",
            "host_resource_group_arn": null,
            "iam_instance_profile": "ec2_ssm_profile",
            "id": "i-0cbdbb6c13ca2412d",
            "instance_initiated_shutdown_behavior": "stop",
            "instance_lifecycle": "",
            "instance_market_options": [],
            "instance_state": "running",
            "instance_type": "t2.micro",
            "ipv6_address_count": 0,
            "ipv6_addresses": [],
            "key_name": "my-ssh-key",
            "launch_template": [],
            "maintenance_options": [
              {
                "auto_recovery": "default"
              }
            ],
            "metadata_options": [
              {
                "http_endpoint": "enabled",
                "http_protocol_ipv6": "disabled",
                "http_put_response_hop_limit": 2,
                "http_tokens": "required",
                "instance_metadata_tags": "disabled"
              }
            ],
            "monitoring": false,
            "network_interface": [],
            "outpost_arn": "",
            "password_data": "",
            "placement_group": "",
            "placement_partition_number": 0,
            "primary_network_interface_id": "eni-041c15ae1df379434",
            "private_dns": "ip-10-0-0-42.ec2.internal",
            "private_dns_name_options": [
              {
                "enable_resource_name_dns_a_record": false,
                "enable_resource_name_dns_aaaa_record": false,
                "hostname_type": "ip-name"
              }
            ],
            "private_ip": "10.0.0.42",
            "public_dns": "",
            "public_ip": "52.90.132.37",
            "root_block_device": [
              {
                "delete_on_termination": true,
                "device_name": "/dev/xvda",
                "encrypted": false,
                "iops": 3000,
                "kms_key_id": "",
                "tags": {},
                "tags_all": {},
                "throughput": 125,
                "volume_id": "vol-069ad2f8ac2039cdd",
                "volume_size": 8,
                "volume_type": "gp3"
              }
            ],
            "secondary_private_ips": [],
            "security_groups": [],
            "source_dest_check": true,
            "spot_instance_request_id": "",
            "subnet_id": "subnet-0a1c281677b88c5fd",
            "tags": {
              "Name": "Web Server with HTTPie"
            },
            "tags_all": {
              "Name": "Web Server with HTTPie"
            },
            "tenancy": "default",
            "timeouts": null,
            "user_data": "98ef8bd84e06271313231ea985d04060a162dfc5",
            "user_data_base64": null,
            "user_data_replace_on_change": false,
            "volume_tags": null,
            "vpc_security_group_ids": [
              "sg-05ab8d0bda5b2aba6"
            ]
          },
          "sensitive_attributes": [],
          "private": "eyJlMmJmYjczMC1lY2FhLTExZTYtOGY4OC0zNDM2M2JjN2M0YzAiOnsiY3JlYXRlIjo2MDAwMDAwMDAwMDAsImRlbGV0ZSI6MTIwMDAwMDAwMDAwMCwicmVhZCI6OTAwMDAwMDAwMDAwLCJ1cGRhdGUiOjYwMDAwMDAwMDAwMH0sInNjaGVtYV92ZXJzaW9uIjoiMSJ9",
          "dependencies": [
            "module.ec2.aws_key_pair.ssh",
            "module.ec2.aws_security_group.web",
            "module.ec2.tls_private_key.ssh",
            "module.iam.aws_iam_instance_profile.ec2_ssm_profile",
            "module.iam.aws_iam_role.ec2_ssm_role",
            "module.vpc.aws_subnet.public",
            "module.vpc.aws_vpc.main",
            "module.vpc.data.aws_availability_zones.available"
          ]
        }
      ]
    },
    {
      "module": "module.ec2",
      "mode": "managed",
      "type": "aws_key_pair",
      "name": "ssh",
      "provider": "provider[\"registry.terraform.io/hashicorp/aws\"]",
      "instances": [
        {
          "schema_version": 1,
          "attributes": {
            "arn": "arn:aws:ec2:us-east-1:243558588266:key-pair/my-ssh-key",
            "fingerprint": "9b:d0:cf:5c:30:6c:04:a4:ea:f9:c4:cf:90:15:9d:20",
            "id": "my-ssh-key",
            "key_name": "my-ssh-key",
            "key_name_prefix": "",
            "key_pair_id": "key-0b52841abaa4dd733",
            "key_type": "rsa",
            "public_key": "ssh-rsa AAAAB3NzaC1yc2EAAAADAQABAAACAQCnBmel91o6awbeEUtTyEtfPOYz9YBGLehDDVM2GbdyjhEZbMgEm3I7pPllY4dmIbqV4SoS+6icR41Ta236C2qd0Ol/BuARahUUNGA/mP52cGeyjdqU1+JczpruxOlLhzmm8GlcqPjYwWM3kd02UM7LqlX36YdIE5Fru1QZRVgMb1+SFn3gTOtO1T9Wk+fo5P7bKEy8EWrUJfk4x99OPIMbrxSfFaAsbEg0YipXXCIqiC4H7M0Nd+K4obooYkyiG8c7JwCj+zHLxayVZrIMpj2gBrjiELml5gUZ2JtC4lzR6TD+KXF/wiVT3pfH6WC0EwxIsEvaP4z9m2epsCmm7R4xMFPDbzPyHtJ78xn/pMat7ATGUZ2iB+v4/mSTWK/+9Qqqp+SwB0Dac+s6X1SzWh3+UgFeBIHiSUCH1h0wcfD50sIu3TZ4K4rUklJj5jJjk/7o4HD9BtbRwNExXhZqQEp6JbPcvBXCf7HaVVegtI1QggmxeHfN5MzDHns9R9hgHpDpMbYHJgMzalT/3ufBuGhKPHLRPuJyUIbmmjpSH4TFolspmNom8f7sB8ikBFlRS3gCtxII8hNvvYwl6uW0yUjriOMY+3dEEtoYSfTjuBgqFIzZ9pIPdmUfZNyNx+upuSXvJFBCvkGDIdjyTTFQi+gvHGyfj7V/+RQ8MJlLyEFXIQ==",
            "tags": null,
            "tags_all": {}
          },
          "sensitive_attributes": [],
          "private": "eyJzY2hlbWFfdmVyc2lvbiI6IjEifQ==",
          "dependencies": [
            "module.ec2.tls_private_key.ssh"
          ]
        }
      ]
    },
    {
      "module": "module.ec2",
      "mode": "managed",
      "type": "aws_security_group",
      "name": "web",
      "provider": "provider[\"registry.terraform.io/hashicorp/aws\"]",
      "instances": [
        {
          "schema_version": 1,
          "attributes": {
            "arn": "arn:aws:ec2:us-east-1:243558588266:security-group/sg-05ab8d0bda5b2aba6",
            "description": "Allow SSH and HTTP inbound traffic",
            "egress": [
              {
                "cidr_blocks": [
                  "0.0.0.0/0"
                ],
                "description": "",
                "from_port": 0,
                "ipv6_cidr_blocks": [],
                "prefix_list_ids": [],
                "protocol": "-1",
                "security_groups": [],
                "self": false,
                "to_port": 0
              }
            ],
            "id": "sg-05ab8d0bda5b2aba6",
            "ingress": [
              {
                "cidr_blocks": [
                  "0.0.0.0/0"
                ],
                "description": "HTTP from anywhere",
                "from_port": 80,
                "ipv6_cidr_blocks": [],
                "prefix_list_ids": [],
                "protocol": "tcp",
                "security_groups": [],
                "self": false,
                "to_port": 80
              },
              {
                "cidr_blocks": [
                  "0.0.0.0/0"
                ],
                "description": "SSH from anywhere",
                "from_port": 22,
                "ipv6_cidr_blocks": [],
                "prefix_list_ids": [],
                "protocol": "tcp",
                "security_groups": [],
                "self": false,
                "to_port": 22
              }
            ],
            "name": "allow-ssh-and-http",
            "name_prefix": "",
            "owner_id": "243558588266",
            "revoke_rules_on_delete": false,
            "tags": {
              "Name": "web-sg"
            },
            "tags_all": {
              "Name": "web-sg"
            },
            "timeouts": null,
            "vpc_id": "vpc-0ac41470c4785841b"
          },
          "sensitive_attributes": [],
          "private": "eyJlMmJmYjczMC1lY2FhLTExZTYtOGY4OC0zNDM2M2JjN2M0YzAiOnsiY3JlYXRlIjo2MDAwMDAwMDAwMDAsImRlbGV0ZSI6OTAwMDAwMDAwMDAwfSwic2NoZW1hX3ZlcnNpb24iOiIxIn0=",
          "dependencies": [
            "module.vpc.aws_vpc.main"
          ]
        }
      ]
    },
    {
      "module": "module.ec2",
      "mode": "managed",
      "type": "local_file",
      "name": "private_key_pem",
      "provider": "provider[\"registry.terraform.io/hashicorp/local\"]",
      "instances": [
        {
          "schema_version": 0,
          "attributes": {
            "content": "-----BEGIN RSA PRIVATE KEY-----\nMIIJKAIBAAKCAgEApwZnpfdaOmsG3hFLU8hLXzzmM/WARi3oQw1TNhm3co4RGWzI\nBJtyO6T5ZWOHZiG6leEqEvuonEeNU2tt+gtqndDpfwbgEWoVFDRgP5j+dnBnso3a\nlNfiXM6a7sTpS4c5pvBpXKj42MFjN5HdNlDOy6pV9+mHSBORa7tUGUVYDG9fkhZ9\n4EzrTtU/VpPn6OT+2yhMvBFq1CX5OMffTjyDG68UnxWgLGxINGIqV1wiKoguB+zN\nDXfiuKG6KGJMohvHOycAo/sxy8WslWayDKY9oAa44hC5peYFGdibQuJc0ekw/ilx\nf8IlU96Xx+lgtBMMSLBL2j+M/ZtnqbAppu0eMTBTw28z8h7Se/MZ/6TGrewExlGd\nogfr+P5kk1iv/vUKqqfksAdA2nPrOl9Us1od/lIBXgSB4klAh9YdMHHw+dLCLt02\neCuK1JJSY+YyY5P+6OBw/QbW0cDRMV4WakBKeiWz3LwVwn+x2lVXoLSNUIIJsXh3\nzeTMwx57PUfYYB6Q6TG2ByYDM2pU/97nwbhoSjxy0T7iclCG5po6Uh+ExaJbKZja\nJvH+7AfIpARZUUt4ArcSCPITb72MJerltMlI64jjGPt3RBLaGEn047gYKhSM2faS\nD3ZlH2Tcjcfrqbkl7yRQQr5BgyHY8k0xUIvoLxxsn4+1f/kUPDCZS8hBVyECAwEA\nAQKCAgEAjawEHKWLlgOURqZ6s20waW75gFcb3+sumDlkPH5huTxBysQXgLjtkyPj\nGxnqDjpLzre3fXSS10Rl3r1AApjObWB3vfRx+LN3f7TRcwBtzr6XZr+mCRx49+mT\nRzYlAJiJ0U0YwazdrtWSN990uI6gaeZolykxQ3S9o5i4w9qqzZlmgj6rtKbp7Os6\nl1BLpKMgfXpYZCmN6LbxBzWZ9v2i48eFAU9RlnyeXjhp28HdhSAPk09LusHWwG8F\nvR1sDRDs1ALIK091NHfOZMc//TTBDszE45P2NH7AEuVFBN2Gh9J5aQx0Jj7idJpZ\nOgt9qCCECd/n5w6Co9a+fhNbsShts0JGcpOoACbcm+hRm2bJl0eduhondv2DoxPk\nyYGr/qZ9+AwHfAcXXk+GKJlbkUEYeaNcohdG824U4iSIkU/9QadUYbtXBOgIaD3A\nFRx7Cb/4o94wCKViUl+WVHw1AoE9eRqe0ryVU8L/Jx9RnD80jNtgBW3TTNore2fo\nhNeW2yBiM8o53xIVwCwy171ekRFedQG6UUDqCVQkH0OEthLjicJIFwY8lDLIwiB7\nwzZZvSLY9q09jw6ilBPnMmQqrRenvHFQBCs8VrjjUegSywtNMaJQYGgIGdMZd4/L\ntlV8zsUE+s0uhyrdke1DNYOpd5D6vAxoFRtPVFIQEgIaLCn6ntUCggEBANech6xv\n9xKGKdftiEM7/U26cevW9yX4G4NNnra1bUkFHC+FWhNHrMtaT+3ND6g1AK7aQ47N\no4NPWE7RgFd79GIpXUyEizyIMfBwVinroiOuO+q0kiqpGZoUeE+fYTY4InEVNASW\nPVWQtlvLAhb5h7EB5aRyFOmiHsivU8taM4VQHmf33QxcSj5TJWUTbVrF7eugVmYA\nYA4kJ7ABaYPrT+aeFdOUJiJQ2RK+xnBDM5wpmZF2ma3Mo+JJVN7NsAjJHo0/2ALx\nTf+Q2G4bPJbAykwrsjc0tEwKz/rbtw1R6TDMPa+2rvt3GH7No6LzxYlL+waIXevt\nhiBPGW7m+0Qb1C8CggEBAMZP8+L0FBsQR2GC9oeQA2RIakqWufcADW6/j3L8F4VJ\n9JreIsXA4wWj4lhZAjkxzPclcFRK/6m70bowefBOtRgmFpp8pFPO3d0zk3bNHd7G\nOrpgBNaqkXQ541WqBDnJWSDNLxv5hTDSPRW+ZRetNtciCHh2ZBYQbSPC1hfbMSEL\nwe4jtoS15k/yRQV+zvdnq3u7cdHkGeJ/ila1L+rAVGNCUHPCFZyEHu8sB00iRYIS\nwuuW5HuQYUVYg9t7EQ0NfnDJuUDqRcIwGL18FoCsS3sFVmfi01L5YYVHXgQI71Ya\nl9qxEkrVveQWeKyq3Y6NbNb16RWDs1fxDjUSCsrXpa8CggEAW+Te/mOKDl8YHmui\nk+VRhHteaoHoPEqOj1vZtU2GEoUXCjnvth/qSZFoV5X6glp0vBFSkd6bPi/nF1C7\nPo4aDmxK0336SgZSIoP+dUd0h3iPGO11DrGbs8vdqzHmoNEz/LZowTu3UGypDF5t\nuZUIfCyuz3O/7gOm0ynGsPj01HDdRLqjf80l54JQgc/R38pUKQThTgAC8IQAVkeD\nzTHRkBz4eIC/8Ag9PHwK33YE3R3t0c2WmjiJ8LwIbB2GVXhCiTkYu8hU0gPN+r+p\nByeMEQLepiDUZ0SEeAqE7ixnEuE5uVZHJe4Qhprmj2EOZAH6L0KXpSJK9CJCWL4h\ngVnLCQKCAQBisEsoeFrBFRrQtgHFeK+XakorEFM/TjFhGcdja3yxAhrOLxmS2+ie\nV+4+FR18JQJhQ6pg6GnOp/847wLfyetpNxssijak1l+mwxHxnyXsRS3Yrgv6YCu+\ncUhmyxMLRt4p6rI087mKkDWB6pwYakTOTst0V0Z7jHUjxMQSXyxVy6oYvoEIDhWt\nV11t3KtWh6rZCnEcCK2w/9NyTvynkErukoPC96UVnNJgJ8MCabm5f2itIQxXSYR+\npAwKX3YezsZLjre4TF2mw5SsR2JTamqtr/xN+p07v4r+boOk8mVYric/17rIrxGu\nvlgTZXyYglzVpM73u/C2JOnzEyV3yFVVAoIBAHEM5LoYdQ6AL68qGonGgOCeVUE3\nxyI0kKas79qWkmRXWlXDiinUGyZwXCa7YpaBmB6F0E6FVy2RDzkbmkMW6EDFC7YC\nucs4wmGRutczBKXY3BW5YA5UqmOWXBZWtC7tNq/1J+uTsIRxyXKM0E7gDS4Ei8j5\nzcVBMecD8rPe7JD0jIWFa+CC9VcBI99tbBSq/9SIIQ0Y02oRMxcMnqESlqmXEBEX\nU+8t5g6VlSUHELmYDZMOCwFxDlIIj+0nVkNeXU9WLY80/3mJ0P9ZrWUsOgGwxQco\nhySgQeKUpQkRW9UTmVP120F+wr2Hk13ylKQx2JT93DKoB+JKHie82t4ZL1w=\n-----END RSA PRIVATE KEY-----\n",
            "content_base64": null,
            "content_base64sha256": "KANaxaNwP8/IDM2Jr7MANowNgfWDsjad82upXGqRNMA=",
            "content_base64sha512": "AyGL1JaEqDBlUqfWAWVVOOfuGMinTMEQY5Pou3RFawULjnPGECWUksMwyBLYbyIMDvFqE9FwxJsGWg0mg5b9XQ==",
            "content_md5": "1b323cca854a48abdda046092c608f7e",
            "content_sha1": "f2a859c51f920b0750146c7d5a3ab19c0ca18e95",
            "content_sha256": "28035ac5a3703fcfc80ccd89afb300368c0d81f583b2369df36ba95c6a9134c0",
            "content_sha512": "03218bd49684a8306552a7d601655538e7ee18c8a74cc1106393e8bb74456b050b8e73c610259492c330c812d86f220c0ef16a13d170c49b065a0d268396fd5d",
            "directory_permission": "0777",
            "file_permission": "400",
            "filename": "modules/ec2/my-ssh-key.pem",
            "id": "f2a859c51f920b0750146c7d5a3ab19c0ca18e95",
            "sensitive_content": null,
            "source": null
          },
          "sensitive_attributes": [
            [
              {
                "type": "get_attr",
                "value": "sensitive_content"
              }
            ],
            [
              {
                "type": "get_attr",
                "value": "content"
              }
            ]
          ],
          "dependencies": [
            "module.ec2.tls_private_key.ssh"
          ]
        }
      ]
    },
    {
      "module": "module.ec2",
      "mode": "managed",
      "type": "tls_private_key",
      "name": "ssh",
      "provider": "provider[\"registry.terraform.io/hashicorp/tls\"]",
      "instances": [
        {
          "schema_version": 1,
          "attributes": {
            "algorithm": "RSA",
            "ecdsa_curve": "P224",
            "id": "f1c80686a08a6960fea857d0f82cda9b4d1fb99d",
            "private_key_openssh": "-----BEGIN OPENSSH PRIVATE KEY-----\nb3BlbnNzaC1rZXktdjEAAAAABG5vbmUAAAAEbm9uZQAAAAAAAAABAAACFwAAAAdz\nc2gtcnNhAAAAAwEAAQAAAgEApwZnpfdaOmsG3hFLU8hLXzzmM/WARi3oQw1TNhm3\nco4RGWzIBJtyO6T5ZWOHZiG6leEqEvuonEeNU2tt+gtqndDpfwbgEWoVFDRgP5j+\ndnBnso3alNfiXM6a7sTpS4c5pvBpXKj42MFjN5HdNlDOy6pV9+mHSBORa7tUGUVY\nDG9fkhZ94EzrTtU/VpPn6OT+2yhMvBFq1CX5OMffTjyDG68UnxWgLGxINGIqV1wi\nKoguB+zNDXfiuKG6KGJMohvHOycAo/sxy8WslWayDKY9oAa44hC5peYFGdibQuJc\n0ekw/ilxf8IlU96Xx+lgtBMMSLBL2j+M/ZtnqbAppu0eMTBTw28z8h7Se/MZ/6TG\nrewExlGdogfr+P5kk1iv/vUKqqfksAdA2nPrOl9Us1od/lIBXgSB4klAh9YdMHHw\n+dLCLt02eCuK1JJSY+YyY5P+6OBw/QbW0cDRMV4WakBKeiWz3LwVwn+x2lVXoLSN\nUIIJsXh3zeTMwx57PUfYYB6Q6TG2ByYDM2pU/97nwbhoSjxy0T7iclCG5po6Uh+E\nxaJbKZjaJvH+7AfIpARZUUt4ArcSCPITb72MJerltMlI64jjGPt3RBLaGEn047gY\nKhSM2faSD3ZlH2Tcjcfrqbkl7yRQQr5BgyHY8k0xUIvoLxxsn4+1f/kUPDCZS8hB\nVyEAAAc4HGvHmxxrx5sAAAAHc3NoLXJzYQAAAgEApwZnpfdaOmsG3hFLU8hLXzzm\nM/WARi3oQw1TNhm3co4RGWzIBJtyO6T5ZWOHZiG6leEqEvuonEeNU2tt+gtqndDp\nfwbgEWoVFDRgP5j+dnBnso3alNfiXM6a7sTpS4c5pvBpXKj42MFjN5HdNlDOy6pV\n9+mHSBORa7tUGUVYDG9fkhZ94EzrTtU/VpPn6OT+2yhMvBFq1CX5OMffTjyDG68U\nnxWgLGxINGIqV1wiKoguB+zNDXfiuKG6KGJMohvHOycAo/sxy8WslWayDKY9oAa4\n4hC5peYFGdibQuJc0ekw/ilxf8IlU96Xx+lgtBMMSLBL2j+M/ZtnqbAppu0eMTBT\nw28z8h7Se/MZ/6TGrewExlGdogfr+P5kk1iv/vUKqqfksAdA2nPrOl9Us1od/lIB\nXgSB4klAh9YdMHHw+dLCLt02eCuK1JJSY+YyY5P+6OBw/QbW0cDRMV4WakBKeiWz\n3LwVwn+x2lVXoLSNUIIJsXh3zeTMwx57PUfYYB6Q6TG2ByYDM2pU/97nwbhoSjxy\n0T7iclCG5po6Uh+ExaJbKZjaJvH+7AfIpARZUUt4ArcSCPITb72MJerltMlI64jj\nGPt3RBLaGEn047gYKhSM2faSD3ZlH2Tcjcfrqbkl7yRQQr5BgyHY8k0xUIvoLxxs\nn4+1f/kUPDCZS8hBVyEAAAADAQABAAACAQCNrAQcpYuWA5RGpnqzbTBpbvmAVxvf\n6y6YOWQ8fmG5PEHKxBeAuO2TI+MbGeoOOkvOt7d9dJLXRGXevUACmM5tYHe99HH4\ns3d/tNFzAG3Ovpdmv6YJHHj36ZNHNiUAmInRTRjBrN2u1ZI333S4jqBp5miXKTFD\ndL2jmLjD2qrNmWaCPqu0puns6zqXUEukoyB9elhkKY3otvEHNZn2/aLjx4UBT1GW\nfJ5eOGnbwd2FIA+TT0u6wdbAbwW9HWwNEOzUAsgrT3U0d85kxz/9NMEOzMTjk/Y0\nfsAS5UUE3YaH0nlpDHQmPuJ0mlk6C32oIIQJ3+fnDoKj1r5+E1uxKG2zQkZyk6gA\nJtyb6FGbZsmXR526Gid2/YOjE+TJgav+pn34DAd8BxdeT4YomVuRQRh5o1yiF0bz\nbhTiJIiRT/1Bp1Rhu1cE6AhoPcAVHHsJv/ij3jAIpWJSX5ZUfDUCgT15Gp7SvJVT\nwv8nH1GcPzSM22AFbdNM2it7Z+iE15bbIGIzyjnfEhXALDLXvV6REV51AbpRQOoJ\nVCQfQ4S2EuOJwkgXBjyUMsjCIHvDNlm9Itj2rT2PDqKUE+cyZCqtF6e8cVAEKzxW\nuONR6BLLC00xolBgaAgZ0xl3j8u2VXzOxQT6zS6HKt2R7UM1g6l3kPq8DGgVG09U\nUhASAhosKfqe1QAAAQBxDOS6GHUOgC+vKhqJxoDgnlVBN8ciNJCmrO/alpJkV1pV\nw4op1BsmcFwmu2KWgZgehdBOhVctkQ85G5pDFuhAxQu2ArnLOMJhkbrXMwSl2NwV\nuWAOVKpjllwWVrQu7Tav9Sfrk7CEcclyjNBO4A0uBIvI+c3FQTHnA/Kz3uyQ9IyF\nhWvggvVXASPfbWwUqv/UiCENGNNqETMXDJ6hEpaplxARF1PvLeYOlZUlBxC5mA2T\nDgsBcQ5SCI/tJ1ZDXl1PVi2PNP95idD/Wa1lLDoBsMUHKIckoEHilKUJEVvVE5lT\n9dtBfsK9h5Nd8pSkMdiU/dwyqAfiSh4nvNreGS9cAAABAQDXnIesb/cShinX7YhD\nO/1NunHr1vcl+BuDTZ62tW1JBRwvhVoTR6zLWk/tzQ+oNQCu2kOOzaODT1hO0YBX\ne/RiKV1MhIs8iDHwcFYp66IjrjvqtJIqqRmaFHhPn2E2OCJxFTQElj1VkLZbywIW\n+YexAeWkchTpoh7Ir1PLWjOFUB5n990MXEo+UyVlE21axe3roFZmAGAOJCewAWmD\n60/mnhXTlCYiUNkSvsZwQzOcKZmRdpmtzKPiSVTezbAIyR6NP9gC8U3/kNhuGzyW\nwMpMK7I3NLRMCs/627cNUekwzD2vtq77dxh+zaOi88WJS/sGiF3r7YYgTxlu5vtE\nG9QvAAABAQDGT/Pi9BQbEEdhgvaHkANkSGpKlrn3AA1uv49y/BeFSfSa3iLFwOMF\no+JYWQI5Mcz3JXBUSv+pu9G6MHnwTrUYJhaafKRTzt3dM5N2zR3exjq6YATWqpF0\nOeNVqgQ5yVkgzS8b+YUw0j0VvmUXrTbXIgh4dmQWEG0jwtYX2zEhC8HuI7aEteZP\n8kUFfs73Z6t7u3HR5Bnif4pWtS/qwFRjQlBzwhWchB7vLAdNIkWCEsLrluR7kGFF\nWIPbexENDX5wyblA6kXCMBi9fBaArEt7BVZn4tNS+WGFR14ECO9WGpfasRJK1b3k\nFnisqt2OjWzW9ekVg7NX8Q41EgrK16WvAAAAAAEC\n-----END OPENSSH PRIVATE KEY-----\n",
            "private_key_pem": "-----BEGIN RSA PRIVATE KEY-----\nMIIJKAIBAAKCAgEApwZnpfdaOmsG3hFLU8hLXzzmM/WARi3oQw1TNhm3co4RGWzI\nBJtyO6T5ZWOHZiG6leEqEvuonEeNU2tt+gtqndDpfwbgEWoVFDRgP5j+dnBnso3a\nlNfiXM6a7sTpS4c5pvBpXKj42MFjN5HdNlDOy6pV9+mHSBORa7tUGUVYDG9fkhZ9\n4EzrTtU/VpPn6OT+2yhMvBFq1CX5OMffTjyDG68UnxWgLGxINGIqV1wiKoguB+zN\nDXfiuKG6KGJMohvHOycAo/sxy8WslWayDKY9oAa44hC5peYFGdibQuJc0ekw/ilx\nf8IlU96Xx+lgtBMMSLBL2j+M/ZtnqbAppu0eMTBTw28z8h7Se/MZ/6TGrewExlGd\nogfr+P5kk1iv/vUKqqfksAdA2nPrOl9Us1od/lIBXgSB4klAh9YdMHHw+dLCLt02\neCuK1JJSY+YyY5P+6OBw/QbW0cDRMV4WakBKeiWz3LwVwn+x2lVXoLSNUIIJsXh3\nzeTMwx57PUfYYB6Q6TG2ByYDM2pU/97nwbhoSjxy0T7iclCG5po6Uh+ExaJbKZja\nJvH+7AfIpARZUUt4ArcSCPITb72MJerltMlI64jjGPt3RBLaGEn047gYKhSM2faS\nD3ZlH2Tcjcfrqbkl7yRQQr5BgyHY8k0xUIvoLxxsn4+1f/kUPDCZS8hBVyECAwEA\nAQKCAgEAjawEHKWLlgOURqZ6s20waW75gFcb3+sumDlkPH5huTxBysQXgLjtkyPj\nGxnqDjpLzre3fXSS10Rl3r1AApjObWB3vfRx+LN3f7TRcwBtzr6XZr+mCRx49+mT\nRzYlAJiJ0U0YwazdrtWSN990uI6gaeZolykxQ3S9o5i4w9qqzZlmgj6rtKbp7Os6\nl1BLpKMgfXpYZCmN6LbxBzWZ9v2i48eFAU9RlnyeXjhp28HdhSAPk09LusHWwG8F\nvR1sDRDs1ALIK091NHfOZMc//TTBDszE45P2NH7AEuVFBN2Gh9J5aQx0Jj7idJpZ\nOgt9qCCECd/n5w6Co9a+fhNbsShts0JGcpOoACbcm+hRm2bJl0eduhondv2DoxPk\nyYGr/qZ9+AwHfAcXXk+GKJlbkUEYeaNcohdG824U4iSIkU/9QadUYbtXBOgIaD3A\nFRx7Cb/4o94wCKViUl+WVHw1AoE9eRqe0ryVU8L/Jx9RnD80jNtgBW3TTNore2fo\nhNeW2yBiM8o53xIVwCwy171ekRFedQG6UUDqCVQkH0OEthLjicJIFwY8lDLIwiB7\nwzZZvSLY9q09jw6ilBPnMmQqrRenvHFQBCs8VrjjUegSywtNMaJQYGgIGdMZd4/L\ntlV8zsUE+s0uhyrdke1DNYOpd5D6vAxoFRtPVFIQEgIaLCn6ntUCggEBANech6xv\n9xKGKdftiEM7/U26cevW9yX4G4NNnra1bUkFHC+FWhNHrMtaT+3ND6g1AK7aQ47N\no4NPWE7RgFd79GIpXUyEizyIMfBwVinroiOuO+q0kiqpGZoUeE+fYTY4InEVNASW\nPVWQtlvLAhb5h7EB5aRyFOmiHsivU8taM4VQHmf33QxcSj5TJWUTbVrF7eugVmYA\nYA4kJ7ABaYPrT+aeFdOUJiJQ2RK+xnBDM5wpmZF2ma3Mo+JJVN7NsAjJHo0/2ALx\nTf+Q2G4bPJbAykwrsjc0tEwKz/rbtw1R6TDMPa+2rvt3GH7No6LzxYlL+waIXevt\nhiBPGW7m+0Qb1C8CggEBAMZP8+L0FBsQR2GC9oeQA2RIakqWufcADW6/j3L8F4VJ\n9JreIsXA4wWj4lhZAjkxzPclcFRK/6m70bowefBOtRgmFpp8pFPO3d0zk3bNHd7G\nOrpgBNaqkXQ541WqBDnJWSDNLxv5hTDSPRW+ZRetNtciCHh2ZBYQbSPC1hfbMSEL\nwe4jtoS15k/yRQV+zvdnq3u7cdHkGeJ/ila1L+rAVGNCUHPCFZyEHu8sB00iRYIS\nwuuW5HuQYUVYg9t7EQ0NfnDJuUDqRcIwGL18FoCsS3sFVmfi01L5YYVHXgQI71Ya\nl9qxEkrVveQWeKyq3Y6NbNb16RWDs1fxDjUSCsrXpa8CggEAW+Te/mOKDl8YHmui\nk+VRhHteaoHoPEqOj1vZtU2GEoUXCjnvth/qSZFoV5X6glp0vBFSkd6bPi/nF1C7\nPo4aDmxK0336SgZSIoP+dUd0h3iPGO11DrGbs8vdqzHmoNEz/LZowTu3UGypDF5t\nuZUIfCyuz3O/7gOm0ynGsPj01HDdRLqjf80l54JQgc/R38pUKQThTgAC8IQAVkeD\nzTHRkBz4eIC/8Ag9PHwK33YE3R3t0c2WmjiJ8LwIbB2GVXhCiTkYu8hU0gPN+r+p\nByeMEQLepiDUZ0SEeAqE7ixnEuE5uVZHJe4Qhprmj2EOZAH6L0KXpSJK9CJCWL4h\ngVnLCQKCAQBisEsoeFrBFRrQtgHFeK+XakorEFM/TjFhGcdja3yxAhrOLxmS2+ie\nV+4+FR18JQJhQ6pg6GnOp/847wLfyetpNxssijak1l+mwxHxnyXsRS3Yrgv6YCu+\ncUhmyxMLRt4p6rI087mKkDWB6pwYakTOTst0V0Z7jHUjxMQSXyxVy6oYvoEIDhWt\nV11t3KtWh6rZCnEcCK2w/9NyTvynkErukoPC96UVnNJgJ8MCabm5f2itIQxXSYR+\npAwKX3YezsZLjre4TF2mw5SsR2JTamqtr/xN+p07v4r+boOk8mVYric/17rIrxGu\nvlgTZXyYglzVpM73u/C2JOnzEyV3yFVVAoIBAHEM5LoYdQ6AL68qGonGgOCeVUE3\nxyI0kKas79qWkmRXWlXDiinUGyZwXCa7YpaBmB6F0E6FVy2RDzkbmkMW6EDFC7YC\nucs4wmGRutczBKXY3BW5YA5UqmOWXBZWtC7tNq/1J+uTsIRxyXKM0E7gDS4Ei8j5\nzcVBMecD8rPe7JD0jIWFa+CC9VcBI99tbBSq/9SIIQ0Y02oRMxcMnqESlqmXEBEX\nU+8t5g6VlSUHELmYDZMOCwFxDlIIj+0nVkNeXU9WLY80/3mJ0P9ZrWUsOgGwxQco\nhySgQeKUpQkRW9UTmVP120F+wr2Hk13ylKQx2JT93DKoB+JKHie82t4ZL1w=\n-----END RSA PRIVATE KEY-----\n",
            "private_key_pem_pkcs8": "-----BEGIN PRIVATE KEY-----\nMIIJQgIBADANBgkqhkiG9w0BAQEFAASCCSwwggkoAgEAAoICAQCnBmel91o6awbe\nEUtTyEtfPOYz9YBGLehDDVM2GbdyjhEZbMgEm3I7pPllY4dmIbqV4SoS+6icR41T\na236C2qd0Ol/BuARahUUNGA/mP52cGeyjdqU1+JczpruxOlLhzmm8GlcqPjYwWM3\nkd02UM7LqlX36YdIE5Fru1QZRVgMb1+SFn3gTOtO1T9Wk+fo5P7bKEy8EWrUJfk4\nx99OPIMbrxSfFaAsbEg0YipXXCIqiC4H7M0Nd+K4obooYkyiG8c7JwCj+zHLxayV\nZrIMpj2gBrjiELml5gUZ2JtC4lzR6TD+KXF/wiVT3pfH6WC0EwxIsEvaP4z9m2ep\nsCmm7R4xMFPDbzPyHtJ78xn/pMat7ATGUZ2iB+v4/mSTWK/+9Qqqp+SwB0Dac+s6\nX1SzWh3+UgFeBIHiSUCH1h0wcfD50sIu3TZ4K4rUklJj5jJjk/7o4HD9BtbRwNEx\nXhZqQEp6JbPcvBXCf7HaVVegtI1QggmxeHfN5MzDHns9R9hgHpDpMbYHJgMzalT/\n3ufBuGhKPHLRPuJyUIbmmjpSH4TFolspmNom8f7sB8ikBFlRS3gCtxII8hNvvYwl\n6uW0yUjriOMY+3dEEtoYSfTjuBgqFIzZ9pIPdmUfZNyNx+upuSXvJFBCvkGDIdjy\nTTFQi+gvHGyfj7V/+RQ8MJlLyEFXIQIDAQABAoICAQCNrAQcpYuWA5RGpnqzbTBp\nbvmAVxvf6y6YOWQ8fmG5PEHKxBeAuO2TI+MbGeoOOkvOt7d9dJLXRGXevUACmM5t\nYHe99HH4s3d/tNFzAG3Ovpdmv6YJHHj36ZNHNiUAmInRTRjBrN2u1ZI333S4jqBp\n5miXKTFDdL2jmLjD2qrNmWaCPqu0puns6zqXUEukoyB9elhkKY3otvEHNZn2/aLj\nx4UBT1GWfJ5eOGnbwd2FIA+TT0u6wdbAbwW9HWwNEOzUAsgrT3U0d85kxz/9NMEO\nzMTjk/Y0fsAS5UUE3YaH0nlpDHQmPuJ0mlk6C32oIIQJ3+fnDoKj1r5+E1uxKG2z\nQkZyk6gAJtyb6FGbZsmXR526Gid2/YOjE+TJgav+pn34DAd8BxdeT4YomVuRQRh5\no1yiF0bzbhTiJIiRT/1Bp1Rhu1cE6AhoPcAVHHsJv/ij3jAIpWJSX5ZUfDUCgT15\nGp7SvJVTwv8nH1GcPzSM22AFbdNM2it7Z+iE15bbIGIzyjnfEhXALDLXvV6REV51\nAbpRQOoJVCQfQ4S2EuOJwkgXBjyUMsjCIHvDNlm9Itj2rT2PDqKUE+cyZCqtF6e8\ncVAEKzxWuONR6BLLC00xolBgaAgZ0xl3j8u2VXzOxQT6zS6HKt2R7UM1g6l3kPq8\nDGgVG09UUhASAhosKfqe1QKCAQEA15yHrG/3EoYp1+2IQzv9Tbpx69b3Jfgbg02e\ntrVtSQUcL4VaE0esy1pP7c0PqDUArtpDjs2jg09YTtGAV3v0YildTISLPIgx8HBW\nKeuiI6476rSSKqkZmhR4T59hNjgicRU0BJY9VZC2W8sCFvmHsQHlpHIU6aIeyK9T\ny1ozhVAeZ/fdDFxKPlMlZRNtWsXt66BWZgBgDiQnsAFpg+tP5p4V05QmIlDZEr7G\ncEMznCmZkXaZrcyj4klU3s2wCMkejT/YAvFN/5DYbhs8lsDKTCuyNzS0TArP+tu3\nDVHpMMw9r7au+3cYfs2jovPFiUv7Bohd6+2GIE8Zbub7RBvULwKCAQEAxk/z4vQU\nGxBHYYL2h5ADZEhqSpa59wANbr+PcvwXhUn0mt4ixcDjBaPiWFkCOTHM9yVwVEr/\nqbvRujB58E61GCYWmnykU87d3TOTds0d3sY6umAE1qqRdDnjVaoEOclZIM0vG/mF\nMNI9Fb5lF6021yIIeHZkFhBtI8LWF9sxIQvB7iO2hLXmT/JFBX7O92ere7tx0eQZ\n4n+KVrUv6sBUY0JQc8IVnIQe7ywHTSJFghLC65bke5BhRViD23sRDQ1+cMm5QOpF\nwjAYvXwWgKxLewVWZ+LTUvlhhUdeBAjvVhqX2rESStW95BZ4rKrdjo1s1vXpFYOz\nV/EONRIKytelrwKCAQBb5N7+Y4oOXxgea6KT5VGEe15qgeg8So6PW9m1TYYShRcK\nOe+2H+pJkWhXlfqCWnS8EVKR3ps+L+cXULs+jhoObErTffpKBlIig/51R3SHeI8Y\n7XUOsZuzy92rMeag0TP8tmjBO7dQbKkMXm25lQh8LK7Pc7/uA6bTKcaw+PTUcN1E\nuqN/zSXnglCBz9HfylQpBOFOAALwhABWR4PNMdGQHPh4gL/wCD08fArfdgTdHe3R\nzZaaOInwvAhsHYZVeEKJORi7yFTSA836v6kHJ4wRAt6mINRnRIR4CoTuLGcS4Tm5\nVkcl7hCGmuaPYQ5kAfovQpelIkr0IkJYviGBWcsJAoIBAGKwSyh4WsEVGtC2AcV4\nr5dqSisQUz9OMWEZx2NrfLECGs4vGZLb6J5X7j4VHXwlAmFDqmDoac6n/zjvAt/J\n62k3GyyKNqTWX6bDEfGfJexFLdiuC/pgK75xSGbLEwtG3inqsjTzuYqQNYHqnBhq\nRM5Oy3RXRnuMdSPExBJfLFXLqhi+gQgOFa1XXW3cq1aHqtkKcRwIrbD/03JO/KeQ\nSu6Sg8L3pRWc0mAnwwJpubl/aK0hDFdJhH6kDApfdh7OxkuOt7hMXabDlKxHYlNq\naq2v/E36nTu/iv5ug6TyZViuJz/XusivEa6+WBNlfJiCXNWkzve78LYk6fMTJXfI\nVVUCggEAcQzkuhh1DoAvryoaicaA4J5VQTfHIjSQpqzv2paSZFdaVcOKKdQbJnBc\nJrtiloGYHoXQToVXLZEPORuaQxboQMULtgK5yzjCYZG61zMEpdjcFblgDlSqY5Zc\nFla0Lu02r/Un65OwhHHJcozQTuANLgSLyPnNxUEx5wPys97skPSMhYVr4IL1VwEj\n321sFKr/1IghDRjTahEzFwyeoRKWqZcQERdT7y3mDpWVJQcQuZgNkw4LAXEOUgiP\n7SdWQ15dT1YtjzT/eYnQ/1mtZSw6AbDFByiHJKBB4pSlCRFb1ROZU/XbQX7CvYeT\nXfKUpDHYlP3cMqgH4koeJ7za3hkvXA==\n-----END PRIVATE KEY-----\n",
            "public_key_fingerprint_md5": "8a:a1:1b:4f:f7:5c:da:a7:ef:54:60:8b:f9:ed:45:29",
            "public_key_fingerprint_sha256": "SHA256:0Tj6vOOSq3AuOXoM75uKGF3P++JAFy7TzFyjAYnE8ec",
            "public_key_openssh": "ssh-rsa AAAAB3NzaC1yc2EAAAADAQABAAACAQCnBmel91o6awbeEUtTyEtfPOYz9YBGLehDDVM2GbdyjhEZbMgEm3I7pPllY4dmIbqV4SoS+6icR41Ta236C2qd0Ol/BuARahUUNGA/mP52cGeyjdqU1+JczpruxOlLhzmm8GlcqPjYwWM3kd02UM7LqlX36YdIE5Fru1QZRVgMb1+SFn3gTOtO1T9Wk+fo5P7bKEy8EWrUJfk4x99OPIMbrxSfFaAsbEg0YipXXCIqiC4H7M0Nd+K4obooYkyiG8c7JwCj+zHLxayVZrIMpj2gBrjiELml5gUZ2JtC4lzR6TD+KXF/wiVT3pfH6WC0EwxIsEvaP4z9m2epsCmm7R4xMFPDbzPyHtJ78xn/pMat7ATGUZ2iB+v4/mSTWK/+9Qqqp+SwB0Dac+s6X1SzWh3+UgFeBIHiSUCH1h0wcfD50sIu3TZ4K4rUklJj5jJjk/7o4HD9BtbRwNExXhZqQEp6JbPcvBXCf7HaVVegtI1QggmxeHfN5MzDHns9R9hgHpDpMbYHJgMzalT/3ufBuGhKPHLRPuJyUIbmmjpSH4TFolspmNom8f7sB8ikBFlRS3gCtxII8hNvvYwl6uW0yUjriOMY+3dEEtoYSfTjuBgqFIzZ9pIPdmUfZNyNx+upuSXvJFBCvkGDIdjyTTFQi+gvHGyfj7V/+RQ8MJlLyEFXIQ==\n",
            "public_key_pem": "-----BEGIN PUBLIC KEY-----\nMIICIjANBgkqhkiG9w0BAQEFAAOCAg8AMIICCgKCAgEApwZnpfdaOmsG3hFLU8hL\nXzzmM/WARi3oQw1TNhm3co4RGWzIBJtyO6T5ZWOHZiG6leEqEvuonEeNU2tt+gtq\nndDpfwbgEWoVFDRgP5j+dnBnso3alNfiXM6a7sTpS4c5pvBpXKj42MFjN5HdNlDO\ny6pV9+mHSBORa7tUGUVYDG9fkhZ94EzrTtU/VpPn6OT+2yhMvBFq1CX5OMffTjyD\nG68UnxWgLGxINGIqV1wiKoguB+zNDXfiuKG6KGJMohvHOycAo/sxy8WslWayDKY9\noAa44hC5peYFGdibQuJc0ekw/ilxf8IlU96Xx+lgtBMMSLBL2j+M/ZtnqbAppu0e\nMTBTw28z8h7Se/MZ/6TGrewExlGdogfr+P5kk1iv/vUKqqfksAdA2nPrOl9Us1od\n/lIBXgSB4klAh9YdMHHw+dLCLt02eCuK1JJSY+YyY5P+6OBw/QbW0cDRMV4WakBK\neiWz3LwVwn+x2lVXoLSNUIIJsXh3zeTMwx57PUfYYB6Q6TG2ByYDM2pU/97nwbho\nSjxy0T7iclCG5po6Uh+ExaJbKZjaJvH+7AfIpARZUUt4ArcSCPITb72MJerltMlI\n64jjGPt3RBLaGEn047gYKhSM2faSD3ZlH2Tcjcfrqbkl7yRQQr5BgyHY8k0xUIvo\nLxxsn4+1f/kUPDCZS8hBVyECAwEAAQ==\n-----END PUBLIC KEY-----\n",
            "rsa_bits": 4096
          },
          "sensitive_attributes": [
            [
              {
                "type": "get_attr",
                "value": "private_key_openssh"
              }
            ],
            [
              {
                "type": "get_attr",
                "value": "private_key_pem"
              }
            ],
            [
              {
                "type": "get_attr",
                "value": "private_key_pem_pkcs8"
              }
            ]
          ]
        }
      ]
    },
    {
      "module": "module.iam",
      "mode": "managed",
      "type": "aws_iam_instance_profile",
      "name": "ec2_ssm_profile",
      "provider": "provider[\"registry.terraform.io/hashicorp/aws\"]",
      "instances": [
        {
          "schema_version": 0,
          "attributes": {
            "arn": "arn:aws:iam::243558588266:instance-profile/ec2_ssm_profile",
            "create_date": "2024-12-09T23:44:38Z",
            "id": "ec2_ssm_profile",
            "name": "ec2_ssm_profile",
            "name_prefix": "",
            "path": "/",
            "role": "ec2_ssm_role",
            "tags": null,
            "tags_all": {},
            "unique_id": "AIPATRNJZD5VLTVGHDSDL"
          },
          "sensitive_attributes": [],
          "private": "bnVsbA==",
          "dependencies": [
            "module.iam.aws_iam_role.ec2_ssm_role"
          ]
        }
      ]
    },
    {
      "module": "module.iam",
      "mode": "managed",
      "type": "aws_iam_policy",
      "name": "lambda_policy",
      "provider": "provider[\"registry.terraform.io/hashicorp/aws\"]",
      "instances": [
        {
          "schema_version": 0,
          "attributes": {
            "arn": "arn:aws:iam::243558588266:policy/lambda_policy",
            "attachment_count": 0,
            "description": "IAM policy for Lambda function",
            "id": "arn:aws:iam::243558588266:policy/lambda_policy",
            "name": "lambda_policy",
            "name_prefix": "",
            "path": "/",
            "policy": "{\"Statement\":[{\"Action\":[\"s3:PutObject\",\"s3:GetObject\",\"s3:ListBucket\"],\"Effect\":\"Allow\",\"Resource\":[\"arn:aws:s3:::my-s3-bucket\",\"arn:aws:s3:::my-s3-bucket/*\"]},{\"Action\":[\"sns:Publish\"],\"Effect\":\"Allow\",\"Resource\":\"arn:aws:sns:us-east-1:243558588266:my-sns-topic\"},{\"Action\":[\"sqs:SendMessage\",\"sqs:ReceiveMessage\",\"sqs:DeleteMessage\"],\"Effect\":\"Allow\",\"Resource\":\"arn:aws:sqs:us-east-1:243558588266:my-sqs-queue\"},{\"Action\":[\"rds:DescribeDBInstances\",\"rds:DescribeDBClusters\",\"rds-data:*\"],\"Effect\":\"Allow\",\"Resource\":\"*\"}],\"Version\":\"2012-10-17\"}",
            "policy_id": "ANPATRNJZD5VAFLGQSUFE",
            "tags": null,
            "tags_all": {}
          },
          "sensitive_attributes": [],
          "private": "bnVsbA=="
        }
      ]
    },
    {
      "module": "module.iam",
      "mode": "managed",
      "type": "aws_iam_policy",
      "name": "secrets_manager_access",
      "provider": "provider[\"registry.terraform.io/hashicorp/aws\"]",
      "instances": [
        {
          "schema_version": 0,
          "attributes": {
            "arn": "arn:aws:iam::243558588266:policy/SecretsManagerAccessPolicy",
            "attachment_count": 0,
            "description": "IAM policy for accessing Secrets Manager",
            "id": "arn:aws:iam::243558588266:policy/SecretsManagerAccessPolicy",
            "name": "SecretsManagerAccessPolicy",
            "name_prefix": "",
            "path": "/",
            "policy": "{\"Statement\":[{\"Action\":[\"secretsmanager:GetSecretValue\"],\"Effect\":\"Allow\",\"Resource\":\"arn:aws:secretsmanager:region:243558588266:secret:secret-name\"}],\"Version\":\"2012-10-17\"}",
            "policy_id": "ANPATRNJZD5VGZIJC3OSL",
            "tags": null,
            "tags_all": {}
          },
          "sensitive_attributes": [],
          "private": "bnVsbA=="
        }
      ]
    },
    {
      "module": "module.iam",
      "mode": "managed",
      "type": "aws_iam_policy",
      "name": "ssm_secrets_policy",
      "provider": "provider[\"registry.terraform.io/hashicorp/aws\"]",
      "instances": [
        {
          "schema_version": 0,
          "attributes": {
            "arn": "arn:aws:iam::243558588266:policy/SSMSecretsAccess",
            "attachment_count": 0,
            "description": "Policy to allow access to Secrets Manager",
            "id": "arn:aws:iam::243558588266:policy/SSMSecretsAccess",
            "name": "SSMSecretsAccess",
            "name_prefix": "",
            "path": "/",
            "policy": "{\"Statement\":[{\"Action\":[\"secretsmanager:GetSecretValue\"],\"Effect\":\"Allow\",\"Resource\":\"arn:aws:secretsmanager:us-east-1:243558588266:secret:my-rds-secret\"}],\"Version\":\"2012-10-17\"}",
            "policy_id": "ANPATRNJZD5VGSQNKSFPX",
            "tags": null,
            "tags_all": {}
          },
          "sensitive_attributes": [],
          "private": "bnVsbA=="
        }
      ]
    },
    {
      "module": "module.iam",
      "mode": "managed",
      "type": "aws_iam_role",
      "name": "ec2_ssm_role",
      "provider": "provider[\"registry.terraform.io/hashicorp/aws\"]",
      "instances": [
        {
          "schema_version": 0,
          "attributes": {
            "arn": "arn:aws:iam::243558588266:role/ec2_ssm_role",
            "assume_role_policy": "{\"Statement\":[{\"Action\":\"sts:AssumeRole\",\"Effect\":\"Allow\",\"Principal\":{\"Service\":\"ec2.amazonaws.com\"}}],\"Version\":\"2012-10-17\"}",
            "create_date": "2024-12-09T23:44:36Z",
            "description": "",
            "force_detach_policies": false,
            "id": "ec2_ssm_role",
            "inline_policy": [],
            "managed_policy_arns": [],
            "max_session_duration": 3600,
            "name": "ec2_ssm_role",
            "name_prefix": "",
            "path": "/",
            "permissions_boundary": "",
            "tags": null,
            "tags_all": {},
            "unique_id": "AROATRNJZD5VDTHP5JB67"
          },
          "sensitive_attributes": [],
          "private": "bnVsbA=="
        }
      ]
    },
    {
      "module": "module.iam",
      "mode": "managed",
      "type": "aws_iam_role",
      "name": "lambda_role",
      "provider": "provider[\"registry.terraform.io/hashicorp/aws\"]",
      "instances": [
        {
          "schema_version": 0,
          "attributes": {
            "arn": "arn:aws:iam::243558588266:role/lambda_execution_role_371639c0",
            "assume_role_policy": "{\"Statement\":[{\"Action\":\"sts:AssumeRole\",\"Effect\":\"Allow\",\"Principal\":{\"Service\":\"lambda.amazonaws.com\"},\"Sid\":\"\"}],\"Version\":\"2012-10-17\"}",
            "create_date": "2024-12-09T23:44:36Z",
            "description": "",
            "force_detach_policies": false,
            "id": "lambda_execution_role_371639c0",
            "inline_policy": [],
            "managed_policy_arns": [],
            "max_session_duration": 3600,
            "name": "lambda_execution_role_371639c0",
            "name_prefix": "",
            "path": "/",
            "permissions_boundary": "",
            "tags": null,
            "tags_all": {},
            "unique_id": "AROATRNJZD5VJDQHDG36B"
          },
          "sensitive_attributes": [],
          "private": "bnVsbA==",
          "dependencies": [
            "module.iam.random_id.unique_id"
          ]
        }
      ]
    },
    {
      "module": "module.iam",
      "mode": "managed",
      "type": "aws_iam_role_policy_attachment",
      "name": "attach_ssm_secrets_policy",
      "provider": "provider[\"registry.terraform.io/hashicorp/aws\"]",
      "instances": [
        {
          "schema_version": 0,
          "attributes": {
            "id": "ec2_ssm_role-20241209234342919700000006",
            "policy_arn": "arn:aws:iam::243558588266:policy/SSMSecretsAccess",
            "role": "ec2_ssm_role"
          },
          "sensitive_attributes": [],
          "private": "bnVsbA==",
          "dependencies": [
            "module.iam.aws_iam_policy.ssm_secrets_policy",
            "module.iam.aws_iam_role.ec2_ssm_role"
          ]
        }
      ]
    },
    {
      "module": "module.iam",
      "mode": "managed",
      "type": "aws_iam_role_policy_attachment",
      "name": "lambda_role_policy_attachment",
      "provider": "provider[\"registry.terraform.io/hashicorp/aws\"]",
      "instances": [
        {
          "schema_version": 0,
          "attributes": {
            "id": "lambda_execution_role_371639c0-20241209234342767200000005",
            "policy_arn": "arn:aws:iam::aws:policy/service-role/AWSLambdaBasicExecutionRole",
            "role": "lambda_execution_role_371639c0"
          },
          "sensitive_attributes": [],
          "private": "bnVsbA==",
          "dependencies": [
            "module.iam.aws_iam_role.lambda_role",
            "module.iam.random_id.unique_id"
          ]
        }
      ]
    },
    {
      "module": "module.iam",
      "mode": "managed",
      "type": "aws_iam_role_policy_attachment",
      "name": "lambda_secrets_manager_access",
      "provider": "provider[\"registry.terraform.io/hashicorp/aws\"]",
      "instances": [
        {
          "schema_version": 0,
          "attributes": {
            "id": "lambda_execution_role_371639c0-20241209234342543900000004",
            "policy_arn": "arn:aws:iam::aws:policy/SecretsManagerReadWrite",
            "role": "lambda_execution_role_371639c0"
          },
          "sensitive_attributes": [],
          "private": "bnVsbA==",
          "dependencies": [
            "module.iam.aws_iam_role.lambda_role",
            "module.iam.random_id.unique_id"
          ]
        }
      ]
    },
    {
      "module": "module.iam",
      "mode": "managed",
      "type": "random_id",
      "name": "unique_id",
      "provider": "provider[\"registry.terraform.io/hashicorp/random\"]",
      "instances": [
        {
          "schema_version": 0,
          "attributes": {
            "b64_std": "NxY5wA==",
            "b64_url": "NxY5wA",
            "byte_length": 4,
            "dec": "924203456",
            "hex": "371639c0",
            "id": "NxY5wA",
            "keepers": null,
            "prefix": null
          },
          "sensitive_attributes": []
        }
      ]
    },
    {
      "module": "module.iam",
      "mode": "managed",
      "type": "random_string",
      "name": "suffix",
      "provider": "provider[\"registry.terraform.io/hashicorp/random\"]",
      "instances": [
        {
          "schema_version": 2,
          "attributes": {
            "id": "xfmmfu",
            "keepers": null,
            "length": 6,
            "lower": true,
            "min_lower": 0,
            "min_numeric": 0,
            "min_special": 0,
            "min_upper": 0,
            "number": true,
            "numeric": true,
            "override_special": null,
            "result": "xfmmfu",
            "special": false,
            "upper": false
          },
          "sensitive_attributes": []
        }
      ]
    },
    {
      "module": "module.lambda",
      "mode": "managed",
      "type": "aws_iam_role",
      "name": "lambda_role",
      "provider": "provider[\"registry.terraform.io/hashicorp/aws\"]",
      "instances": [
        {
          "schema_version": 0,
          "attributes": {
            "arn": "arn:aws:iam::243558588266:role/lambda_execution_role_47dca623",
            "assume_role_policy": "{\"Statement\":[{\"Action\":\"sts:AssumeRole\",\"Effect\":\"Allow\",\"Principal\":{\"Service\":\"lambda.amazonaws.com\"},\"Sid\":\"\"}],\"Version\":\"2012-10-17\"}",
            "create_date": "2024-12-09T23:44:36Z",
            "description": "",
            "force_detach_policies": false,
            "id": "lambda_execution_role_47dca623",
            "inline_policy": [],
            "managed_policy_arns": [],
            "max_session_duration": 3600,
            "name": "lambda_execution_role_47dca623",
            "name_prefix": "",
            "path": "/",
            "permissions_boundary": "",
            "tags": null,
            "tags_all": {},
            "unique_id": "AROATRNJZD5VIHT3CNFYN"
          },
          "sensitive_attributes": [],
          "private": "bnVsbA==",
          "dependencies": [
            "module.lambda.random_id.unique_id"
          ]
        }
      ]
    },
    {
      "module": "module.lambda",
      "mode": "managed",
      "type": "aws_iam_role_policy_attachment",
      "name": "lambda_role_policy_attachment",
      "provider": "provider[\"registry.terraform.io/hashicorp/aws\"]",
      "instances": [
        {
          "schema_version": 0,
          "attributes": {
            "id": "lambda_execution_role_47dca623-20241209234343005200000008",
            "policy_arn": "arn:aws:iam::aws:policy/service-role/AWSLambdaBasicExecutionRole",
            "role": "lambda_execution_role_47dca623"
          },
          "sensitive_attributes": [],
          "private": "bnVsbA==",
          "dependencies": [
            "module.lambda.aws_iam_role.lambda_role",
            "module.lambda.random_id.unique_id"
          ]
        }
      ]
    },
    {
      "module": "module.lambda",
      "mode": "managed",
      "type": "aws_iam_role_policy_attachment",
      "name": "lambda_secrets_manager_access",
      "provider": "provider[\"registry.terraform.io/hashicorp/aws\"]",
      "instances": [
        {
          "schema_version": 0,
          "attributes": {
            "id": "lambda_execution_role_47dca623-20241209234342938100000007",
            "policy_arn": "arn:aws:iam::aws:policy/SecretsManagerReadWrite",
            "role": "lambda_execution_role_47dca623"
          },
          "sensitive_attributes": [],
          "private": "bnVsbA==",
          "dependencies": [
            "module.lambda.aws_iam_role.lambda_role",
            "module.lambda.random_id.unique_id"
          ]
        }
      ]
    },
    {
      "module": "module.lambda",
      "mode": "managed",
      "type": "aws_lambda_function",
      "name": "my_lambda",
      "provider": "provider[\"registry.terraform.io/hashicorp/aws\"]",
      "instances": [
        {
          "schema_version": 0,
          "attributes": {
            "architectures": [
              "x86_64"
            ],
            "arn": "arn:aws:lambda:us-east-1:243558588266:function:Lambda_process_s3_files",
            "code_sha256": "Zn3Lxo0dHIKRnBTA5YvuGkP4GWtiyrVWwipsP3C1mls=",
            "code_signing_config_arn": "",
            "dead_letter_config": [],
            "description": "",
            "environment": [
              {
                "variables": {
                  "RDS_DBNAME": "",
                  "RDS_ENDPOINT": "terraform-20241209234340540400000001.cubztwhxubed.us-east-1.rds.amazonaws.com:3306",
                  "RDS_PASSWORD": "",
                  "RDS_PORT": "3306",
                  "RDS_USER": ""
                }
              }
            ],
            "ephemeral_storage": [
              {
                "size": 512
              }
            ],
            "file_system_config": [],
            "filename": null,
            "function_name": "Lambda_process_s3_files",
            "handler": "lambda_function.lambda_handler",
            "id": "Lambda_process_s3_files",
            "image_config": [],
            "image_uri": "",
            "invoke_arn": "arn:aws:apigateway:us-east-1:lambda:path/2015-03-31/functions/arn:aws:lambda:us-east-1:243558588266:function:Lambda_process_s3_files/invocations",
            "kms_key_arn": "",
            "last_modified": "2024-12-09T23:49:05.592+0000",
            "layers": [
              "arn:aws:lambda:us-east-1:243558588266:layer:pandas-layer:5",
              "arn:aws:lambda:us-east-1:243558588266:layer:lambda-code-layer:5"
            ],
            "logging_config": [
              {
                "application_log_level": "",
                "log_format": "Text",
                "log_group": "/aws/lambda/Lambda_process_s3_files",
                "system_log_level": ""
              }
            ],
            "memory_size": 128,
            "package_type": "Zip",
            "publish": false,
            "qualified_arn": "arn:aws:lambda:us-east-1:243558588266:function:Lambda_process_s3_files:$LATEST",
            "qualified_invoke_arn": "arn:aws:apigateway:us-east-1:lambda:path/2015-03-31/functions/arn:aws:lambda:us-east-1:243558588266:function:Lambda_process_s3_files:$LATEST/invocations",
            "replace_security_groups_on_destroy": null,
            "replacement_security_group_ids": null,
            "reserved_concurrent_executions": -1,
            "role": "arn:aws:iam::243558588266:role/lambda_execution_role_371639c0",
            "runtime": "python3.8",
            "s3_bucket": "thebucketc8lm15gt1182001",
            "s3_key": "lambda.zip",
            "s3_object_version": null,
            "signing_job_arn": "",
            "signing_profile_version_arn": "",
            "skip_destroy": false,
            "snap_start": [],
            "source_code_hash": "",
            "source_code_size": 1451,
            "tags": null,
            "tags_all": {},
            "timeout": 3,
            "timeouts": null,
            "tracing_config": [
              {
                "mode": "PassThrough"
              }
            ],
            "version": "$LATEST",
            "vpc_config": []
          },
          "sensitive_attributes": [
            [
              {
                "type": "get_attr",
                "value": "environment"
              },
              {
                "type": "index",
                "value": {
                  "value": 0,
                  "type": "number"
                }
              },
              {
                "type": "get_attr",
                "value": "variables"
              },
              {
                "type": "index",
                "value": {
                  "value": "RDS_PASSWORD",
                  "type": "string"
                }
              }
            ]
          ],
          "private": "eyJlMmJmYjczMC1lY2FhLTExZTYtOGY4OC0zNDM2M2JjN2M0YzAiOnsiY3JlYXRlIjo2MDAwMDAwMDAwMDAsImRlbGV0ZSI6NjAwMDAwMDAwMDAwLCJ1cGRhdGUiOjYwMDAwMDAwMDAwMH19",
          "dependencies": [
            "module.iam.aws_iam_role.lambda_role",
            "module.iam.random_id.unique_id",
            "module.lambda.aws_lambda_layer_version.lambda_code_layer",
            "module.lambda.aws_lambda_layer_version.pandas_layer",
            "module.lambda.aws_s3_object.lambda_zip",
            "module.lambda.aws_s3_object.pandas_layer_zip",
            "module.rds.aws_db_instance.default",
            "module.rds.random_password.rds_password",
            "module.s3.aws_s3_bucket.my_bucket",
            "module.s3.random_string.bucket_suffix"
          ]
        }
      ]
    },
    {
      "module": "module.lambda",
      "mode": "managed",
      "type": "aws_lambda_layer_version",
      "name": "lambda_code_layer",
      "provider": "provider[\"registry.terraform.io/hashicorp/aws\"]",
      "instances": [
        {
          "schema_version": 0,
          "attributes": {
            "arn": "arn:aws:lambda:us-east-1:243558588266:layer:lambda-code-layer:5",
            "code_sha256": "Zn3Lxo0dHIKRnBTA5YvuGkP4GWtiyrVWwipsP3C1mls=",
            "compatible_architectures": null,
            "compatible_runtimes": [
              "python3.8"
            ],
            "created_date": "2024-12-09T23:44:43.443+0000",
            "description": "A layer for Lambda code",
            "filename": null,
            "id": "arn:aws:lambda:us-east-1:243558588266:layer:lambda-code-layer:5",
            "layer_arn": "arn:aws:lambda:us-east-1:243558588266:layer:lambda-code-layer",
            "layer_name": "lambda-code-layer",
            "license_info": "",
            "s3_bucket": "thebucketc8lm15gt1182001",
            "s3_key": "lambda.zip",
            "s3_object_version": null,
            "signing_job_arn": "",
            "signing_profile_version_arn": "",
            "skip_destroy": false,
            "source_code_hash": "",
            "source_code_size": 1451,
            "version": "5"
          },
          "sensitive_attributes": [],
          "private": "bnVsbA==",
          "dependencies": [
            "module.lambda.aws_s3_object.lambda_zip",
            "module.s3.aws_s3_bucket.my_bucket",
            "module.s3.random_string.bucket_suffix"
          ]
        }
      ]
    },
    {
      "module": "module.lambda",
      "mode": "managed",
      "type": "aws_lambda_layer_version",
      "name": "pandas_layer",
      "provider": "provider[\"registry.terraform.io/hashicorp/aws\"]",
      "instances": [
        {
          "schema_version": 0,
          "attributes": {
            "arn": "arn:aws:lambda:us-east-1:243558588266:layer:pandas-layer:5",
            "code_sha256": "9dQiFoi2XnoN53O5pTK+ae2fLirsCEXwfYMxOUPB6i0=",
            "compatible_architectures": null,
            "compatible_runtimes": [
              "python3.8"
            ],
            "created_date": "2024-12-09T23:44:54.670+0000",
            "description": "A layer that includes pandas library",
            "filename": null,
            "id": "arn:aws:lambda:us-east-1:243558588266:layer:pandas-layer:5",
            "layer_arn": "arn:aws:lambda:us-east-1:243558588266:layer:pandas-layer",
            "layer_name": "pandas-layer",
            "license_info": "",
            "s3_bucket": "thebucketc8lm15gt1182001",
            "s3_key": "pandas_layer.zip",
            "s3_object_version": null,
            "signing_job_arn": "",
            "signing_profile_version_arn": "",
            "skip_destroy": false,
            "source_code_hash": "",
            "source_code_size": 41025538,
            "version": "5"
          },
          "sensitive_attributes": [],
          "private": "bnVsbA==",
          "dependencies": [
            "module.lambda.aws_s3_object.pandas_layer_zip",
            "module.s3.aws_s3_bucket.my_bucket",
            "module.s3.random_string.bucket_suffix"
          ]
        }
      ]
    },
    {
      "module": "module.lambda",
      "mode": "managed",
      "type": "aws_lambda_permission",
      "name": "s3_trigger",
      "provider": "provider[\"registry.terraform.io/hashicorp/aws\"]",
      "instances": [
        {
          "schema_version": 0,
          "attributes": {
            "action": "lambda:InvokeFunction",
            "event_source_token": null,
            "function_name": "Lambda_process_s3_files",
            "function_url_auth_type": null,
            "id": "AllowS3Invoke",
            "principal": "s3.amazonaws.com",
            "principal_org_id": null,
            "qualifier": "",
            "source_account": null,
            "source_arn": "arn:aws:s3:::thebucketc8lm15gt1182001",
            "statement_id": "AllowS3Invoke",
            "statement_id_prefix": ""
          },
          "sensitive_attributes": [],
          "private": "bnVsbA==",
          "dependencies": [
            "module.iam.aws_iam_role.lambda_role",
            "module.iam.random_id.unique_id",
            "module.lambda.aws_lambda_function.my_lambda",
            "module.lambda.aws_lambda_layer_version.lambda_code_layer",
            "module.lambda.aws_lambda_layer_version.pandas_layer",
            "module.lambda.aws_s3_object.lambda_zip",
            "module.lambda.aws_s3_object.pandas_layer_zip",
            "module.rds.aws_db_instance.default",
            "module.rds.random_password.rds_password",
            "module.s3.aws_s3_bucket.my_bucket",
            "module.s3.random_string.bucket_suffix"
          ]
        }
      ]
    },
    {
      "module": "module.lambda",
      "mode": "managed",
      "type": "aws_s3_bucket_notification",
      "name": "bucket_notification",
      "provider": "provider[\"registry.terraform.io/hashicorp/aws\"]",
      "instances": [
        {
          "schema_version": 0,
          "attributes": {
            "bucket": "thebucketc8lm15gt1182001",
            "eventbridge": false,
            "id": "thebucketc8lm15gt1182001",
            "lambda_function": [
              {
                "events": [
                  "s3:ObjectCreated:*"
                ],
                "filter_prefix": "",
                "filter_suffix": "",
                "id": "tf-s3-lambda-20241209234817149300000010",
                "lambda_function_arn": "arn:aws:lambda:us-east-1:243558588266:function:Lambda_process_s3_files"
              }
            ],
            "queue": [],
            "topic": []
          },
          "sensitive_attributes": [],
          "private": "bnVsbA==",
          "dependencies": [
            "module.iam.aws_iam_role.lambda_role",
            "module.iam.random_id.unique_id",
            "module.lambda.aws_lambda_function.my_lambda",
            "module.lambda.aws_lambda_layer_version.lambda_code_layer",
            "module.lambda.aws_lambda_layer_version.pandas_layer",
            "module.lambda.aws_lambda_permission.s3_trigger",
            "module.lambda.aws_s3_object.lambda_zip",
            "module.lambda.aws_s3_object.pandas_layer_zip",
            "module.rds.aws_db_instance.default",
            "module.rds.random_password.rds_password",
            "module.s3.aws_s3_bucket.my_bucket",
            "module.s3.random_string.bucket_suffix"
          ]
        }
      ]
    },
    {
      "module": "module.lambda",
      "mode": "managed",
      "type": "aws_s3_object",
      "name": "lambda_zip",
      "provider": "provider[\"registry.terraform.io/hashicorp/aws\"]",
      "instances": [
        {
          "schema_version": 0,
          "attributes": {
            "acl": null,
            "arn": "arn:aws:s3:::thebucketc8lm15gt1182001/lambda.zip",
            "bucket": "thebucketc8lm15gt1182001",
            "bucket_key_enabled": false,
            "cache_control": "",
            "checksum_algorithm": null,
            "checksum_crc32": "",
            "checksum_crc32c": "",
            "checksum_sha1": "",
            "checksum_sha256": "",
            "content": null,
            "content_base64": null,
            "content_disposition": "",
            "content_encoding": "",
            "content_language": "",
            "content_type": "application/octet-stream",
            "etag": "8e8969984d3061aafecc4512b802cf57",
            "force_destroy": false,
            "id": "lambda.zip",
            "key": "lambda.zip",
            "kms_key_id": null,
            "metadata": null,
            "object_lock_legal_hold_status": "",
            "object_lock_mode": "",
            "object_lock_retain_until_date": "",
            "override_provider": [],
            "server_side_encryption": "AES256",
            "source": "lambda.zip",
            "source_hash": null,
            "storage_class": "STANDARD",
            "tags": null,
            "tags_all": {},
            "version_id": "",
            "website_redirect": ""
          },
          "sensitive_attributes": [],
          "private": "bnVsbA==",
          "dependencies": [
            "module.s3.aws_s3_bucket.my_bucket",
            "module.s3.random_string.bucket_suffix"
          ]
        }
      ]
    },
    {
      "module": "module.lambda",
      "mode": "managed",
      "type": "aws_s3_object",
      "name": "pandas_layer_zip",
      "provider": "provider[\"registry.terraform.io/hashicorp/aws\"]",
      "instances": [
        {
          "schema_version": 0,
          "attributes": {
            "acl": null,
            "arn": "arn:aws:s3:::thebucketc8lm15gt1182001/pandas_layer.zip",
            "bucket": "thebucketc8lm15gt1182001",
            "bucket_key_enabled": false,
            "cache_control": "",
            "checksum_algorithm": null,
            "checksum_crc32": "",
            "checksum_crc32c": "",
            "checksum_sha1": "",
            "checksum_sha256": "",
            "content": null,
            "content_base64": null,
            "content_disposition": "",
            "content_encoding": "",
            "content_language": "",
            "content_type": "binary/octet-stream",
            "etag": "cf15cb5f59e754e42567a5556e974b4d-8",
            "force_destroy": false,
            "id": "pandas_layer.zip",
            "key": "pandas_layer.zip",
            "kms_key_id": null,
            "metadata": null,
            "object_lock_legal_hold_status": "",
            "object_lock_mode": "",
            "object_lock_retain_until_date": "",
            "override_provider": [],
            "server_side_encryption": "AES256",
            "source": "pandas_layer.zip",
            "source_hash": null,
            "storage_class": "STANDARD",
            "tags": null,
            "tags_all": {},
            "version_id": "",
            "website_redirect": ""
          },
          "sensitive_attributes": [],
          "private": "bnVsbA==",
          "dependencies": [
            "module.s3.aws_s3_bucket.my_bucket",
            "module.s3.random_string.bucket_suffix"
          ]
        }
      ]
    },
    {
      "module": "module.lambda",
      "mode": "managed",
      "type": "random_id",
      "name": "unique_id",
      "provider": "provider[\"registry.terraform.io/hashicorp/random\"]",
      "instances": [
        {
          "schema_version": 0,
          "attributes": {
            "b64_std": "R9ymIw==",
            "b64_url": "R9ymIw",
            "byte_length": 4,
            "dec": "1205642787",
            "hex": "47dca623",
            "id": "R9ymIw",
            "keepers": null,
            "prefix": null
          },
          "sensitive_attributes": []
        }
      ]
    },
    {
      "module": "module.rds",
      "mode": "managed",
      "type": "aws_db_instance",
      "name": "default",
      "provider": "provider[\"registry.terraform.io/hashicorp/aws\"]",
      "instances": [
        {
          "schema_version": 2,
          "attributes": {
            "address": "terraform-20241209234340540400000001.cubztwhxubed.us-east-1.rds.amazonaws.com",
            "allocated_storage": 10,
            "allow_major_version_upgrade": null,
            "apply_immediately": false,
            "arn": "arn:aws:rds:us-east-1:243558588266:db:terraform-20241209234340540400000001",
            "auto_minor_version_upgrade": true,
            "availability_zone": "us-east-1a",
            "backup_retention_period": 0,
            "backup_target": "region",
            "backup_window": "08:13-08:43",
            "blue_green_update": [],
            "ca_cert_identifier": "rds-ca-rsa2048-g1",
            "character_set_name": "",
            "copy_tags_to_snapshot": false,
            "custom_iam_instance_profile": "",
            "customer_owned_ip_enabled": false,
            "db_name": "meudb1182001",
            "db_subnet_group_name": "default",
            "dedicated_log_volume": false,
            "delete_automated_backups": true,
            "deletion_protection": false,
            "domain": "",
            "domain_auth_secret_arn": "",
            "domain_dns_ips": null,
            "domain_fqdn": "",
            "domain_iam_role_name": "",
            "domain_ou": "",
            "enabled_cloudwatch_logs_exports": null,
            "endpoint": "terraform-20241209234340540400000001.cubztwhxubed.us-east-1.rds.amazonaws.com:3306",
            "engine": "mysql",
            "engine_lifecycle_support": "open-source-rds-extended-support",
            "engine_version": "5.7",
            "engine_version_actual": "5.7.44-rds.20240808",
            "final_snapshot_identifier": null,
            "hosted_zone_id": "Z2R2ITUGPM61AM",
            "iam_database_authentication_enabled": false,
            "id": "db-G7PSFTODWGOVGVJAXTCSNIGI7M",
            "identifier": "terraform-20241209234340540400000001",
            "identifier_prefix": "terraform-",
            "instance_class": "db.t3.micro",
            "iops": 0,
            "kms_key_id": "",
            "latest_restorable_time": "",
            "license_model": "general-public-license",
            "listener_endpoint": [],
            "maintenance_window": "fri:07:03-fri:07:33",
            "manage_master_user_password": null,
            "master_user_secret": [],
            "master_user_secret_kms_key_id": null,
            "max_allocated_storage": 0,
            "monitoring_interval": 0,
            "monitoring_role_arn": "",
            "multi_az": false,
            "nchar_character_set_name": "",
            "network_type": "IPV4",
            "option_group_name": "default:mysql-5-7",
            "parameter_group_name": "default.mysql5.7",
            "password": "n8EElvF)d!N}r)hB",
            "performance_insights_enabled": false,
            "performance_insights_kms_key_id": "",
            "performance_insights_retention_period": 0,
            "port": 3306,
            "publicly_accessible": false,
            "replica_mode": "",
            "replicas": [],
            "replicate_source_db": "",
            "resource_id": "db-G7PSFTODWGOVGVJAXTCSNIGI7M",
            "restore_to_point_in_time": [],
            "s3_import": [],
            "skip_final_snapshot": true,
            "snapshot_identifier": null,
            "status": "available",
            "storage_encrypted": false,
            "storage_throughput": 0,
            "storage_type": "gp2",
            "tags": null,
            "tags_all": {},
            "timeouts": null,
            "timezone": "",
            "upgrade_storage_config": null,
            "username": "admin",
            "vpc_security_group_ids": [
              "sg-0b9ca93f4919f2238"
            ]
          },
          "sensitive_attributes": [
            [
              {
                "type": "get_attr",
                "value": "password"
              }
            ]
          ],
          "private": "eyJlMmJmYjczMC1lY2FhLTExZTYtOGY4OC0zNDM2M2JjN2M0YzAiOnsiY3JlYXRlIjoyNDAwMDAwMDAwMDAwLCJkZWxldGUiOjM2MDAwMDAwMDAwMDAsInVwZGF0ZSI6NDgwMDAwMDAwMDAwMH0sInNjaGVtYV92ZXJzaW9uIjoiMiJ9",
          "dependencies": [
            "module.rds.random_password.rds_password"
          ]
        }
      ]
    },
    {
      "module": "module.rds",
      "mode": "managed",
      "type": "random_password",
      "name": "rds_password",
      "provider": "provider[\"registry.terraform.io/hashicorp/random\"]",
      "instances": [
        {
          "schema_version": 3,
          "attributes": {
            "bcrypt_hash": "$2a$10$goetfZTAPxHvvf9CUrSWOO21h.BloBmvbD7m9rqPvNkVwEc.f/gxO",
            "id": "none",
            "keepers": null,
            "length": 16,
            "lower": true,
            "min_lower": 0,
            "min_numeric": 0,
            "min_special": 0,
            "min_upper": 0,
            "number": true,
            "numeric": true,
            "override_special": "!#$%\u0026*()-_=+[]{}:?",
            "result": "n8EElvF)d!N}r)hB",
            "special": true,
            "upper": true
          },
          "sensitive_attributes": [
            [
              {
                "type": "get_attr",
                "value": "result"
              }
            ],
            [
              {
                "type": "get_attr",
                "value": "bcrypt_hash"
              }
            ]
          ]
        }
      ]
    },
    {
      "module": "module.s3",
      "mode": "managed",
      "type": "aws_s3_bucket",
      "name": "my_bucket",
      "provider": "provider[\"registry.terraform.io/hashicorp/aws\"]",
      "instances": [
        {
          "schema_version": 0,
          "attributes": {
            "acceleration_status": "",
            "acl": null,
            "arn": "arn:aws:s3:::thebucketc8lm15gt1182001",
            "bucket": "thebucketc8lm15gt1182001",
            "bucket_domain_name": "thebucketc8lm15gt1182001.s3.amazonaws.com",
            "bucket_prefix": "",
            "bucket_regional_domain_name": "thebucketc8lm15gt1182001.s3.us-east-1.amazonaws.com",
            "cors_rule": [],
            "force_destroy": true,
            "grant": [
              {
                "id": "50c1dc3e3fa85e4677510b6f4081e736c972f8a0dde79603bf686ddedaf8272b",
                "permissions": [
                  "FULL_CONTROL"
                ],
                "type": "CanonicalUser",
                "uri": ""
              }
            ],
            "hosted_zone_id": "Z3AQBSTGFYJSTF",
            "id": "thebucketc8lm15gt1182001",
            "lifecycle_rule": [],
            "logging": [],
            "object_lock_configuration": [],
            "object_lock_enabled": false,
            "policy": "",
            "region": "us-east-1",
            "replication_configuration": [],
            "request_payer": "BucketOwner",
            "server_side_encryption_configuration": [
              {
                "rule": [
                  {
                    "apply_server_side_encryption_by_default": [
                      {
                        "kms_master_key_id": "",
                        "sse_algorithm": "AES256"
                      }
                    ],
                    "bucket_key_enabled": false
                  }
                ]
              }
            ],
            "tags": null,
            "tags_all": {},
            "timeouts": null,
            "versioning": [
              {
                "enabled": false,
                "mfa_delete": false
              }
            ],
            "website": [],
            "website_domain": null,
            "website_endpoint": null
          },
          "sensitive_attributes": [],
          "private": "eyJlMmJmYjczMC1lY2FhLTExZTYtOGY4OC0zNDM2M2JjN2M0YzAiOnsiY3JlYXRlIjoxMjAwMDAwMDAwMDAwLCJkZWxldGUiOjM2MDAwMDAwMDAwMDAsInJlYWQiOjEyMDAwMDAwMDAwMDAsInVwZGF0ZSI6MTIwMDAwMDAwMDAwMH19",
          "dependencies": [
            "module.s3.random_string.bucket_suffix"
          ]
        }
      ]
    },
    {
      "module": "module.s3",
      "mode": "managed",
      "type": "random_string",
      "name": "bucket_suffix",
      "provider": "provider[\"registry.terraform.io/hashicorp/random\"]",
      "instances": [
        {
          "schema_version": 2,
          "attributes": {
            "id": "c8lm15gt",
            "keepers": null,
            "length": 8,
            "lower": true,
            "min_lower": 0,
            "min_numeric": 0,
            "min_special": 0,
            "min_upper": 0,
            "number": true,
            "numeric": true,
            "override_special": null,
            "result": "c8lm15gt",
            "special": false,
            "upper": false
          },
          "sensitive_attributes": []
        }
      ]
    },
    {
      "module": "module.secrets_manager",
      "mode": "managed",
      "type": "aws_secretsmanager_secret",
      "name": "rds_credentials",
      "provider": "provider[\"registry.terraform.io/hashicorp/aws\"]",
      "instances": [
        {
          "schema_version": 0,
          "attributes": {
            "arn": "arn:aws:secretsmanager:us-east-1:243558588266:secret:rds_credentials_p39kgj-jf7tIQ",
            "description": "",
            "force_overwrite_replica_secret": false,
            "id": "arn:aws:secretsmanager:us-east-1:243558588266:secret:rds_credentials_p39kgj-jf7tIQ",
            "kms_key_id": "",
            "name": "rds_credentials_p39kgj",
            "name_prefix": "",
            "policy": "",
            "recovery_window_in_days": 30,
            "replica": [],
            "tags": null,
            "tags_all": {}
          },
          "sensitive_attributes": [],
          "private": "bnVsbA==",
          "dependencies": [
            "module.secrets_manager.random_string.suffix"
          ]
        }
      ]
    },
    {
      "module": "module.secrets_manager",
      "mode": "managed",
      "type": "aws_secretsmanager_secret",
      "name": "rds_password",
      "provider": "provider[\"registry.terraform.io/hashicorp/aws\"]",
      "instances": [
        {
          "schema_version": 0,
          "attributes": {
            "arn": "arn:aws:secretsmanager:us-east-1:243558588266:secret:rds_password_p39kgj-AqjTLU",
            "description": "",
            "force_overwrite_replica_secret": false,
            "id": "arn:aws:secretsmanager:us-east-1:243558588266:secret:rds_password_p39kgj-AqjTLU",
            "kms_key_id": "",
            "name": "rds_password_p39kgj",
            "name_prefix": "",
            "policy": "",
            "recovery_window_in_days": 30,
            "replica": [],
            "tags": null,
            "tags_all": {}
          },
          "sensitive_attributes": [],
          "private": "bnVsbA==",
          "dependencies": [
            "module.secrets_manager.random_string.suffix"
          ]
        }
      ]
    },
    {
      "module": "module.secrets_manager",
      "mode": "managed",
      "type": "aws_secretsmanager_secret_version",
      "name": "rds_password_version",
      "provider": "provider[\"registry.terraform.io/hashicorp/aws\"]",
      "instances": [
        {
          "schema_version": 0,
          "attributes": {
            "arn": "arn:aws:secretsmanager:us-east-1:243558588266:secret:rds_password_p39kgj-AqjTLU",
            "id": "arn:aws:secretsmanager:us-east-1:243558588266:secret:rds_password_p39kgj-AqjTLU|terraform-20241209234343101600000009",
            "secret_binary": "",
            "secret_id": "arn:aws:secretsmanager:us-east-1:243558588266:secret:rds_password_p39kgj-AqjTLU",
            "secret_string": "{\"password\":\"\",\"username\":\"admin\"}",
            "version_id": "terraform-20241209234343101600000009",
            "version_stages": [
              "AWSCURRENT"
            ]
          },
          "sensitive_attributes": [
            [
              {
                "type": "get_attr",
                "value": "secret_string"
              }
            ],
            [
              {
                "type": "get_attr",
                "value": "secret_binary"
              }
            ]
          ],
          "private": "bnVsbA==",
          "dependencies": [
            "module.secrets_manager.aws_secretsmanager_secret.rds_password",
            "module.secrets_manager.random_string.suffix"
          ]
        }
      ]
    },
    {
      "module": "module.secrets_manager",
      "mode": "managed",
      "type": "random_string",
      "name": "suffix",
      "provider": "provider[\"registry.terraform.io/hashicorp/random\"]",
      "instances": [
        {
          "schema_version": 2,
          "attributes": {
            "id": "p39kgj",
            "keepers": null,
            "length": 6,
            "lower": true,
            "min_lower": 0,
            "min_numeric": 0,
            "min_special": 0,
            "min_upper": 0,
            "number": true,
            "numeric": true,
            "override_special": null,
            "result": "p39kgj",
            "special": false,
            "upper": false
          },
          "sensitive_attributes": []
        }
      ]
    },
    {
      "module": "module.sns",
      "mode": "managed",
      "type": "aws_sns_topic",
      "name": "data_notification",
      "provider": "provider[\"registry.terraform.io/hashicorp/aws\"]",
      "instances": [
        {
          "schema_version": 0,
          "attributes": {
            "application_failure_feedback_role_arn": "",
            "application_success_feedback_role_arn": "",
            "application_success_feedback_sample_rate": 0,
            "archive_policy": "",
            "arn": "arn:aws:sns:us-east-1:243558588266:data-notification-topic",
            "beginning_archive_time": "",
            "content_based_deduplication": false,
            "delivery_policy": "",
            "display_name": "",
            "fifo_topic": false,
            "firehose_failure_feedback_role_arn": "",
            "firehose_success_feedback_role_arn": "",
            "firehose_success_feedback_sample_rate": 0,
            "http_failure_feedback_role_arn": "",
            "http_success_feedback_role_arn": "",
            "http_success_feedback_sample_rate": 0,
            "id": "arn:aws:sns:us-east-1:243558588266:data-notification-topic",
            "kms_master_key_id": "",
            "lambda_failure_feedback_role_arn": "",
            "lambda_success_feedback_role_arn": "",
            "lambda_success_feedback_sample_rate": 0,
            "name": "data-notification-topic",
            "name_prefix": "",
            "owner": "243558588266",
            "policy": "{\"Id\":\"__default_policy_ID\",\"Statement\":[{\"Action\":[\"SNS:GetTopicAttributes\",\"SNS:SetTopicAttributes\",\"SNS:AddPermission\",\"SNS:RemovePermission\",\"SNS:DeleteTopic\",\"SNS:Subscribe\",\"SNS:ListSubscriptionsByTopic\",\"SNS:Publish\"],\"Condition\":{\"StringEquals\":{\"AWS:SourceOwner\":\"243558588266\"}},\"Effect\":\"Allow\",\"Principal\":{\"AWS\":\"*\"},\"Resource\":\"arn:aws:sns:us-east-1:243558588266:data-notification-topic\",\"Sid\":\"__default_statement_ID\"}],\"Version\":\"2008-10-17\"}",
            "signature_version": 0,
            "sqs_failure_feedback_role_arn": "",
            "sqs_success_feedback_role_arn": "",
            "sqs_success_feedback_sample_rate": 0,
            "tags": null,
            "tags_all": {},
            "tracing_config": ""
          },
          "sensitive_attributes": [],
          "private": "bnVsbA=="
        }
      ]
    },
    {
      "module": "module.sns",
      "mode": "managed",
      "type": "aws_sns_topic_subscription",
      "name": "email-subscription",
      "provider": "provider[\"registry.terraform.io/hashicorp/aws\"]",
      "instances": [
        {
          "schema_version": 0,
          "attributes": {
            "arn": "arn:aws:sns:us-east-1:243558588266:data-notification-topic:788419ae-ae83-4c7b-a153-bd20e6f1835f",
            "confirmation_timeout_in_minutes": 1,
            "confirmation_was_authenticated": false,
            "delivery_policy": "",
            "endpoint": "vapeprosper@gmail.com",
            "endpoint_auto_confirms": false,
            "filter_policy": "",
            "filter_policy_scope": "",
            "id": "arn:aws:sns:us-east-1:243558588266:data-notification-topic:788419ae-ae83-4c7b-a153-bd20e6f1835f",
            "owner_id": "243558588266",
            "pending_confirmation": true,
            "protocol": "email",
            "raw_message_delivery": false,
            "redrive_policy": "",
            "replay_policy": "",
            "subscription_role_arn": "",
            "topic_arn": "arn:aws:sns:us-east-1:243558588266:data-notification-topic"
          },
          "sensitive_attributes": [],
          "private": "bnVsbA==",
          "dependencies": [
            "module.sns.aws_sns_topic.data_notification"
          ]
        }
      ]
    },
    {
      "module": "module.sqs",
      "mode": "managed",
      "type": "aws_sqs_queue",
      "name": "my_queue",
      "provider": "provider[\"registry.terraform.io/hashicorp/aws\"]",
      "instances": [
        {
          "schema_version": 0,
          "attributes": {
            "arn": "arn:aws:sqs:us-east-1:243558588266:data-processing-queue",
            "content_based_deduplication": false,
            "deduplication_scope": "",
            "delay_seconds": 0,
            "fifo_queue": false,
            "fifo_throughput_limit": "",
            "id": "https://sqs.us-east-1.amazonaws.com/243558588266/data-processing-queue",
            "kms_data_key_reuse_period_seconds": 300,
            "kms_master_key_id": "",
            "max_message_size": 262144,
            "message_retention_seconds": 345600,
            "name": "data-processing-queue",
            "name_prefix": "",
            "policy": "",
            "receive_wait_time_seconds": 0,
            "redrive_allow_policy": "",
            "redrive_policy": "",
            "sqs_managed_sse_enabled": true,
            "tags": null,
            "tags_all": {},
            "url": "https://sqs.us-east-1.amazonaws.com/243558588266/data-processing-queue",
            "visibility_timeout_seconds": 30
          },
          "sensitive_attributes": [],
          "private": "bnVsbA=="
        }
      ]
    },
    {
      "module": "module.vpc",
      "mode": "data",
      "type": "aws_availability_zones",
      "name": "available",
      "provider": "provider[\"registry.terraform.io/hashicorp/aws\"]",
      "instances": [
        {
          "schema_version": 0,
          "attributes": {
            "all_availability_zones": null,
            "exclude_names": null,
            "exclude_zone_ids": null,
            "filter": null,
            "group_names": [
              "us-east-1"
            ],
            "id": "us-east-1",
            "names": [
              "us-east-1a",
              "us-east-1b",
              "us-east-1c",
              "us-east-1d",
              "us-east-1e",
              "us-east-1f"
            ],
            "state": "available",
            "timeouts": null,
            "zone_ids": [
              "use1-az4",
              "use1-az6",
              "use1-az1",
              "use1-az2",
              "use1-az3",
              "use1-az5"
            ]
          },
          "sensitive_attributes": []
        }
      ]
    },
    {
      "module": "module.vpc",
      "mode": "managed",
      "type": "aws_db_subnet_group",
      "name": "rds_subnet_group",
      "provider": "provider[\"registry.terraform.io/hashicorp/aws\"]",
      "instances": [
        {
          "schema_version": 0,
          "attributes": {
            "arn": "arn:aws:rds:us-east-1:243558588266:subgrp:rds-subnet-group",
            "description": "Managed by Terraform",
            "id": "rds-subnet-group",
            "name": "rds-subnet-group",
            "name_prefix": "",
            "subnet_ids": [
              "subnet-0ce913162075987f1",
              "subnet-0f376380d3b24847c"
            ],
            "supported_network_types": [
              "IPV4"
            ],
            "tags": {
              "Name": "RDS Subnet Group"
            },
            "tags_all": {
              "Name": "RDS Subnet Group"
            },
            "vpc_id": "vpc-0ac41470c4785841b"
          },
          "sensitive_attributes": [],
          "private": "bnVsbA==",
          "dependencies": [
            "module.vpc.aws_subnet.private",
            "module.vpc.aws_vpc.main",
            "module.vpc.data.aws_availability_zones.available"
          ]
        }
      ]
    },
    {
      "module": "module.vpc",
      "mode": "managed",
      "type": "aws_eip",
      "name": "nat",
      "provider": "provider[\"registry.terraform.io/hashicorp/aws\"]",
      "instances": [
        {
          "index_key": 0,
          "schema_version": 0,
          "attributes": {
            "address": null,
            "allocation_id": "eipalloc-017ee9784ba8b4a8e",
            "arn": "arn:aws:ec2:us-east-1:243558588266:elastic-ip/eipalloc-017ee9784ba8b4a8e",
            "associate_with_private_ip": null,
            "association_id": "",
            "carrier_ip": "",
            "customer_owned_ip": "",
            "customer_owned_ipv4_pool": "",
            "domain": "vpc",
            "id": "eipalloc-017ee9784ba8b4a8e",
            "instance": "",
            "ipam_pool_id": null,
            "network_border_group": "us-east-1",
            "network_interface": "",
            "private_dns": null,
            "private_ip": "",
            "ptr_record": "",
            "public_dns": "ec2-44-219-104-94.compute-1.amazonaws.com",
            "public_ip": "44.219.104.94",
            "public_ipv4_pool": "amazon",
            "tags": null,
            "tags_all": {},
            "timeouts": null,
            "vpc": true
          },
          "sensitive_attributes": [],
          "private": "eyJlMmJmYjczMC1lY2FhLTExZTYtOGY4OC0zNDM2M2JjN2M0YzAiOnsiZGVsZXRlIjoxODAwMDAwMDAwMDAsInJlYWQiOjkwMDAwMDAwMDAwMCwidXBkYXRlIjozMDAwMDAwMDAwMDB9fQ=="
        },
        {
          "index_key": 1,
          "schema_version": 0,
          "attributes": {
            "address": null,
            "allocation_id": "eipalloc-020e36cc5bb3f96ef",
            "arn": "arn:aws:ec2:us-east-1:243558588266:elastic-ip/eipalloc-020e36cc5bb3f96ef",
            "associate_with_private_ip": null,
            "association_id": "",
            "carrier_ip": "",
            "customer_owned_ip": "",
            "customer_owned_ipv4_pool": "",
            "domain": "vpc",
            "id": "eipalloc-020e36cc5bb3f96ef",
            "instance": "",
            "ipam_pool_id": null,
            "network_border_group": "us-east-1",
            "network_interface": "",
            "private_dns": null,
            "private_ip": "",
            "ptr_record": "",
            "public_dns": "ec2-44-195-158-165.compute-1.amazonaws.com",
            "public_ip": "44.195.158.165",
            "public_ipv4_pool": "amazon",
            "tags": null,
            "tags_all": {},
            "timeouts": null,
            "vpc": true
          },
          "sensitive_attributes": [],
          "private": "eyJlMmJmYjczMC1lY2FhLTExZTYtOGY4OC0zNDM2M2JjN2M0YzAiOnsiZGVsZXRlIjoxODAwMDAwMDAwMDAsInJlYWQiOjkwMDAwMDAwMDAwMCwidXBkYXRlIjozMDAwMDAwMDAwMDB9fQ=="
        }
      ]
    },
    {
      "module": "module.vpc",
      "mode": "managed",
      "type": "aws_internet_gateway",
      "name": "gw",
      "provider": "provider[\"registry.terraform.io/hashicorp/aws\"]",
      "instances": [
        {
          "schema_version": 0,
          "attributes": {
            "arn": "arn:aws:ec2:us-east-1:243558588266:internet-gateway/igw-0daf3702eabc69784",
            "id": "igw-0daf3702eabc69784",
            "owner_id": "243558588266",
            "tags": {
              "Name": "main-vpc-1182001-igw"
            },
            "tags_all": {
              "Name": "main-vpc-1182001-igw"
            },
            "timeouts": null,
            "vpc_id": "vpc-0ac41470c4785841b"
          },
          "sensitive_attributes": [],
          "private": "eyJlMmJmYjczMC1lY2FhLTExZTYtOGY4OC0zNDM2M2JjN2M0YzAiOnsiY3JlYXRlIjoxMjAwMDAwMDAwMDAwLCJkZWxldGUiOjEyMDAwMDAwMDAwMDAsInVwZGF0ZSI6MTIwMDAwMDAwMDAwMH19",
          "dependencies": [
            "module.vpc.aws_vpc.main"
          ]
        }
      ]
    },
    {
      "module": "module.vpc",
      "mode": "managed",
      "type": "aws_nat_gateway",
      "name": "nat",
      "provider": "provider[\"registry.terraform.io/hashicorp/aws\"]",
      "instances": [
        {
          "index_key": 0,
          "schema_version": 0,
          "attributes": {
            "allocation_id": "eipalloc-017ee9784ba8b4a8e",
            "association_id": "eipassoc-05919bffbb4e26da8",
            "connectivity_type": "public",
            "id": "nat-01cc533c2a2fc2444",
            "network_interface_id": "eni-0bdba8ec9cbc3ea5e",
            "private_ip": "10.0.0.141",
            "public_ip": "44.219.104.94",
            "secondary_allocation_ids": null,
            "secondary_private_ip_address_count": 0,
            "secondary_private_ip_addresses": [],
            "subnet_id": "subnet-0a1c281677b88c5fd",
            "tags": {
              "Name": "NAT Gateway 1"
            },
            "tags_all": {
              "Name": "NAT Gateway 1"
            },
            "timeouts": null
          },
          "sensitive_attributes": [],
          "private": "eyJlMmJmYjczMC1lY2FhLTExZTYtOGY4OC0zNDM2M2JjN2M0YzAiOnsiY3JlYXRlIjo2MDAwMDAwMDAwMDAsImRlbGV0ZSI6MTgwMDAwMDAwMDAwMCwidXBkYXRlIjo2MDAwMDAwMDAwMDB9fQ==",
          "dependencies": [
            "module.vpc.aws_eip.nat",
            "module.vpc.aws_subnet.public",
            "module.vpc.aws_vpc.main",
            "module.vpc.data.aws_availability_zones.available"
          ]
        },
        {
          "index_key": 1,
          "schema_version": 0,
          "attributes": {
            "allocation_id": "eipalloc-020e36cc5bb3f96ef",
            "association_id": "eipassoc-08c203e2ffbd93f18",
            "connectivity_type": "public",
            "id": "nat-02b1133c268167f3f",
            "network_interface_id": "eni-001d94421724f46ed",
            "private_ip": "10.0.1.246",
            "public_ip": "44.195.158.165",
            "secondary_allocation_ids": null,
            "secondary_private_ip_address_count": 0,
            "secondary_private_ip_addresses": [],
            "subnet_id": "subnet-00b4180219fe22896",
            "tags": {
              "Name": "NAT Gateway 2"
            },
            "tags_all": {
              "Name": "NAT Gateway 2"
            },
            "timeouts": null
          },
          "sensitive_attributes": [],
          "private": "eyJlMmJmYjczMC1lY2FhLTExZTYtOGY4OC0zNDM2M2JjN2M0YzAiOnsiY3JlYXRlIjo2MDAwMDAwMDAwMDAsImRlbGV0ZSI6MTgwMDAwMDAwMDAwMCwidXBkYXRlIjo2MDAwMDAwMDAwMDB9fQ==",
          "dependencies": [
            "module.vpc.aws_eip.nat",
            "module.vpc.aws_subnet.public",
            "module.vpc.aws_vpc.main",
            "module.vpc.data.aws_availability_zones.available"
          ]
        }
      ]
    },
    {
      "module": "module.vpc",
      "mode": "managed",
      "type": "aws_route_table",
      "name": "private",
      "provider": "provider[\"registry.terraform.io/hashicorp/aws\"]",
      "instances": [
        {
          "index_key": 0,
          "schema_version": 0,
          "attributes": {
            "arn": "arn:aws:ec2:us-east-1:243558588266:route-table/rtb-034a63c7d8ab9963a",
            "id": "rtb-034a63c7d8ab9963a",
            "owner_id": "243558588266",
            "propagating_vgws": [],
            "route": [
              {
                "carrier_gateway_id": "",
                "cidr_block": "0.0.0.0/0",
                "core_network_arn": "",
                "destination_prefix_list_id": "",
                "egress_only_gateway_id": "",
                "gateway_id": "",
                "ipv6_cidr_block": "",
                "local_gateway_id": "",
                "nat_gateway_id": "nat-01cc533c2a2fc2444",
                "network_interface_id": "",
                "transit_gateway_id": "",
                "vpc_endpoint_id": "",
                "vpc_peering_connection_id": ""
              }
            ],
            "tags": {
              "Name": "Private Route Table 1"
            },
            "tags_all": {
              "Name": "Private Route Table 1"
            },
            "timeouts": null,
            "vpc_id": "vpc-0ac41470c4785841b"
          },
          "sensitive_attributes": [],
          "private": "eyJlMmJmYjczMC1lY2FhLTExZTYtOGY4OC0zNDM2M2JjN2M0YzAiOnsiY3JlYXRlIjozMDAwMDAwMDAwMDAsImRlbGV0ZSI6MzAwMDAwMDAwMDAwLCJ1cGRhdGUiOjEyMDAwMDAwMDAwMH19",
          "dependencies": [
            "module.vpc.aws_eip.nat",
            "module.vpc.aws_nat_gateway.nat",
            "module.vpc.aws_subnet.public",
            "module.vpc.aws_vpc.main",
            "module.vpc.data.aws_availability_zones.available"
          ]
        },
        {
          "index_key": 1,
          "schema_version": 0,
          "attributes": {
            "arn": "arn:aws:ec2:us-east-1:243558588266:route-table/rtb-06fa86077b7fa427a",
            "id": "rtb-06fa86077b7fa427a",
            "owner_id": "243558588266",
            "propagating_vgws": [],
            "route": [
              {
                "carrier_gateway_id": "",
                "cidr_block": "0.0.0.0/0",
                "core_network_arn": "",
                "destination_prefix_list_id": "",
                "egress_only_gateway_id": "",
                "gateway_id": "",
                "ipv6_cidr_block": "",
                "local_gateway_id": "",
                "nat_gateway_id": "nat-02b1133c268167f3f",
                "network_interface_id": "",
                "transit_gateway_id": "",
                "vpc_endpoint_id": "",
                "vpc_peering_connection_id": ""
              }
            ],
            "tags": {
              "Name": "Private Route Table 2"
            },
            "tags_all": {
              "Name": "Private Route Table 2"
            },
            "timeouts": null,
            "vpc_id": "vpc-0ac41470c4785841b"
          },
          "sensitive_attributes": [],
          "private": "eyJlMmJmYjczMC1lY2FhLTExZTYtOGY4OC0zNDM2M2JjN2M0YzAiOnsiY3JlYXRlIjozMDAwMDAwMDAwMDAsImRlbGV0ZSI6MzAwMDAwMDAwMDAwLCJ1cGRhdGUiOjEyMDAwMDAwMDAwMH19",
          "dependencies": [
            "module.vpc.aws_eip.nat",
            "module.vpc.aws_nat_gateway.nat",
            "module.vpc.aws_subnet.public",
            "module.vpc.aws_vpc.main",
            "module.vpc.data.aws_availability_zones.available"
          ]
        }
      ]
    },
    {
      "module": "module.vpc",
      "mode": "managed",
      "type": "aws_route_table",
      "name": "public",
      "provider": "provider[\"registry.terraform.io/hashicorp/aws\"]",
      "instances": [
        {
          "schema_version": 0,
          "attributes": {
            "arn": "arn:aws:ec2:us-east-1:243558588266:route-table/rtb-0f89eef657e987956",
            "id": "rtb-0f89eef657e987956",
            "owner_id": "243558588266",
            "propagating_vgws": [],
            "route": [
              {
                "carrier_gateway_id": "",
                "cidr_block": "0.0.0.0/0",
                "core_network_arn": "",
                "destination_prefix_list_id": "",
                "egress_only_gateway_id": "",
                "gateway_id": "igw-0daf3702eabc69784",
                "ipv6_cidr_block": "",
                "local_gateway_id": "",
                "nat_gateway_id": "",
                "network_interface_id": "",
                "transit_gateway_id": "",
                "vpc_endpoint_id": "",
                "vpc_peering_connection_id": ""
              }
            ],
            "tags": {
              "Name": "Public Route Table"
            },
            "tags_all": {
              "Name": "Public Route Table"
            },
            "timeouts": null,
            "vpc_id": "vpc-0ac41470c4785841b"
          },
          "sensitive_attributes": [],
          "private": "eyJlMmJmYjczMC1lY2FhLTExZTYtOGY4OC0zNDM2M2JjN2M0YzAiOnsiY3JlYXRlIjozMDAwMDAwMDAwMDAsImRlbGV0ZSI6MzAwMDAwMDAwMDAwLCJ1cGRhdGUiOjEyMDAwMDAwMDAwMH19",
          "dependencies": [
            "module.vpc.aws_internet_gateway.gw",
            "module.vpc.aws_vpc.main"
          ]
        }
      ]
    },
    {
      "module": "module.vpc",
      "mode": "managed",
      "type": "aws_route_table_association",
      "name": "private",
      "provider": "provider[\"registry.terraform.io/hashicorp/aws\"]",
      "instances": [
        {
          "index_key": 0,
          "schema_version": 0,
          "attributes": {
            "gateway_id": "",
            "id": "rtbassoc-0f34f441b0904eaab",
            "route_table_id": "rtb-034a63c7d8ab9963a",
            "subnet_id": "subnet-0f376380d3b24847c",
            "timeouts": null
          },
          "sensitive_attributes": [],
          "private": "eyJlMmJmYjczMC1lY2FhLTExZTYtOGY4OC0zNDM2M2JjN2M0YzAiOnsiY3JlYXRlIjozMDAwMDAwMDAwMDAsImRlbGV0ZSI6MzAwMDAwMDAwMDAwLCJ1cGRhdGUiOjEyMDAwMDAwMDAwMH19",
          "dependencies": [
            "module.vpc.aws_eip.nat",
            "module.vpc.aws_nat_gateway.nat",
            "module.vpc.aws_route_table.private",
            "module.vpc.aws_subnet.private",
            "module.vpc.aws_subnet.public",
            "module.vpc.aws_vpc.main",
            "module.vpc.data.aws_availability_zones.available"
          ]
        },
        {
          "index_key": 1,
          "schema_version": 0,
          "attributes": {
            "gateway_id": "",
            "id": "rtbassoc-06d5102cd289b214e",
            "route_table_id": "rtb-06fa86077b7fa427a",
            "subnet_id": "subnet-0ce913162075987f1",
            "timeouts": null
          },
          "sensitive_attributes": [],
          "private": "eyJlMmJmYjczMC1lY2FhLTExZTYtOGY4OC0zNDM2M2JjN2M0YzAiOnsiY3JlYXRlIjozMDAwMDAwMDAwMDAsImRlbGV0ZSI6MzAwMDAwMDAwMDAwLCJ1cGRhdGUiOjEyMDAwMDAwMDAwMH19",
          "dependencies": [
            "module.vpc.aws_eip.nat",
            "module.vpc.aws_nat_gateway.nat",
            "module.vpc.aws_route_table.private",
            "module.vpc.aws_subnet.private",
            "module.vpc.aws_subnet.public",
            "module.vpc.aws_vpc.main",
            "module.vpc.data.aws_availability_zones.available"
          ]
        }
      ]
    },
    {
      "module": "module.vpc",
      "mode": "managed",
      "type": "aws_route_table_association",
      "name": "public",
      "provider": "provider[\"registry.terraform.io/hashicorp/aws\"]",
      "instances": [
        {
          "index_key": 0,
          "schema_version": 0,
          "attributes": {
            "gateway_id": "",
            "id": "rtbassoc-0c7e6c28748dcf4bc",
            "route_table_id": "rtb-0f89eef657e987956",
            "subnet_id": "subnet-0a1c281677b88c5fd",
            "timeouts": null
          },
          "sensitive_attributes": [],
          "private": "eyJlMmJmYjczMC1lY2FhLTExZTYtOGY4OC0zNDM2M2JjN2M0YzAiOnsiY3JlYXRlIjozMDAwMDAwMDAwMDAsImRlbGV0ZSI6MzAwMDAwMDAwMDAwLCJ1cGRhdGUiOjEyMDAwMDAwMDAwMH19",
          "dependencies": [
            "module.vpc.aws_internet_gateway.gw",
            "module.vpc.aws_route_table.public",
            "module.vpc.aws_subnet.public",
            "module.vpc.aws_vpc.main",
            "module.vpc.data.aws_availability_zones.available"
          ]
        },
        {
          "index_key": 1,
          "schema_version": 0,
          "attributes": {
            "gateway_id": "",
            "id": "rtbassoc-008b4d695255ba179",
            "route_table_id": "rtb-0f89eef657e987956",
            "subnet_id": "subnet-00b4180219fe22896",
            "timeouts": null
          },
          "sensitive_attributes": [],
          "private": "eyJlMmJmYjczMC1lY2FhLTExZTYtOGY4OC0zNDM2M2JjN2M0YzAiOnsiY3JlYXRlIjozMDAwMDAwMDAwMDAsImRlbGV0ZSI6MzAwMDAwMDAwMDAwLCJ1cGRhdGUiOjEyMDAwMDAwMDAwMH19",
          "dependencies": [
            "module.vpc.aws_internet_gateway.gw",
            "module.vpc.aws_route_table.public",
            "module.vpc.aws_subnet.public",
            "module.vpc.aws_vpc.main",
            "module.vpc.data.aws_availability_zones.available"
          ]
        }
      ]
    },
    {
      "module": "module.vpc",
      "mode": "managed",
      "type": "aws_subnet",
      "name": "private",
      "provider": "provider[\"registry.terraform.io/hashicorp/aws\"]",
      "instances": [
        {
          "index_key": 0,
          "schema_version": 1,
          "attributes": {
            "arn": "arn:aws:ec2:us-east-1:243558588266:subnet/subnet-0f376380d3b24847c",
            "assign_ipv6_address_on_creation": false,
            "availability_zone": "us-east-1a",
            "availability_zone_id": "use1-az4",
            "cidr_block": "10.0.10.0/24",
            "customer_owned_ipv4_pool": "",
            "enable_dns64": false,
            "enable_lni_at_device_index": 0,
            "enable_resource_name_dns_a_record_on_launch": false,
            "enable_resource_name_dns_aaaa_record_on_launch": false,
            "id": "subnet-0f376380d3b24847c",
            "ipv6_cidr_block": "",
            "ipv6_cidr_block_association_id": "",
            "ipv6_native": false,
            "map_customer_owned_ip_on_launch": false,
            "map_public_ip_on_launch": false,
            "outpost_arn": "",
            "owner_id": "243558588266",
            "private_dns_hostname_type_on_launch": "ip-name",
            "tags": {
              "Name": "Private Subnet 1"
            },
            "tags_all": {
              "Name": "Private Subnet 1"
            },
            "timeouts": null,
            "vpc_id": "vpc-0ac41470c4785841b"
          },
          "sensitive_attributes": [],
          "private": "eyJlMmJmYjczMC1lY2FhLTExZTYtOGY4OC0zNDM2M2JjN2M0YzAiOnsiY3JlYXRlIjo2MDAwMDAwMDAwMDAsImRlbGV0ZSI6MTIwMDAwMDAwMDAwMH0sInNjaGVtYV92ZXJzaW9uIjoiMSJ9",
          "dependencies": [
            "module.vpc.aws_vpc.main",
            "module.vpc.data.aws_availability_zones.available"
          ]
        },
        {
          "index_key": 1,
          "schema_version": 1,
          "attributes": {
            "arn": "arn:aws:ec2:us-east-1:243558588266:subnet/subnet-0ce913162075987f1",
            "assign_ipv6_address_on_creation": false,
            "availability_zone": "us-east-1b",
            "availability_zone_id": "use1-az6",
            "cidr_block": "10.0.11.0/24",
            "customer_owned_ipv4_pool": "",
            "enable_dns64": false,
            "enable_lni_at_device_index": 0,
            "enable_resource_name_dns_a_record_on_launch": false,
            "enable_resource_name_dns_aaaa_record_on_launch": false,
            "id": "subnet-0ce913162075987f1",
            "ipv6_cidr_block": "",
            "ipv6_cidr_block_association_id": "",
            "ipv6_native": false,
            "map_customer_owned_ip_on_launch": false,
            "map_public_ip_on_launch": false,
            "outpost_arn": "",
            "owner_id": "243558588266",
            "private_dns_hostname_type_on_launch": "ip-name",
            "tags": {
              "Name": "Private Subnet 2"
            },
            "tags_all": {
              "Name": "Private Subnet 2"
            },
            "timeouts": null,
            "vpc_id": "vpc-0ac41470c4785841b"
          },
          "sensitive_attributes": [],
          "private": "eyJlMmJmYjczMC1lY2FhLTExZTYtOGY4OC0zNDM2M2JjN2M0YzAiOnsiY3JlYXRlIjo2MDAwMDAwMDAwMDAsImRlbGV0ZSI6MTIwMDAwMDAwMDAwMH0sInNjaGVtYV92ZXJzaW9uIjoiMSJ9",
          "dependencies": [
            "module.vpc.aws_vpc.main",
            "module.vpc.data.aws_availability_zones.available"
          ]
        }
      ]
    },
    {
      "module": "module.vpc",
      "mode": "managed",
      "type": "aws_subnet",
      "name": "public",
      "provider": "provider[\"registry.terraform.io/hashicorp/aws\"]",
      "instances": [
        {
          "index_key": 0,
          "schema_version": 1,
          "attributes": {
            "arn": "arn:aws:ec2:us-east-1:243558588266:subnet/subnet-0a1c281677b88c5fd",
            "assign_ipv6_address_on_creation": false,
            "availability_zone": "us-east-1a",
            "availability_zone_id": "use1-az4",
            "cidr_block": "10.0.0.0/24",
            "customer_owned_ipv4_pool": "",
            "enable_dns64": false,
            "enable_lni_at_device_index": 0,
            "enable_resource_name_dns_a_record_on_launch": false,
            "enable_resource_name_dns_aaaa_record_on_launch": false,
            "id": "subnet-0a1c281677b88c5fd",
            "ipv6_cidr_block": "",
            "ipv6_cidr_block_association_id": "",
            "ipv6_native": false,
            "map_customer_owned_ip_on_launch": false,
            "map_public_ip_on_launch": true,
            "outpost_arn": "",
            "owner_id": "243558588266",
            "private_dns_hostname_type_on_launch": "ip-name",
            "tags": {
              "Name": "Public Subnet 1"
            },
            "tags_all": {
              "Name": "Public Subnet 1"
            },
            "timeouts": null,
            "vpc_id": "vpc-0ac41470c4785841b"
          },
          "sensitive_attributes": [],
          "private": "eyJlMmJmYjczMC1lY2FhLTExZTYtOGY4OC0zNDM2M2JjN2M0YzAiOnsiY3JlYXRlIjo2MDAwMDAwMDAwMDAsImRlbGV0ZSI6MTIwMDAwMDAwMDAwMH0sInNjaGVtYV92ZXJzaW9uIjoiMSJ9",
          "dependencies": [
            "module.vpc.aws_vpc.main",
            "module.vpc.data.aws_availability_zones.available"
          ]
        },
        {
          "index_key": 1,
          "schema_version": 1,
          "attributes": {
            "arn": "arn:aws:ec2:us-east-1:243558588266:subnet/subnet-00b4180219fe22896",
            "assign_ipv6_address_on_creation": false,
            "availability_zone": "us-east-1b",
            "availability_zone_id": "use1-az6",
            "cidr_block": "10.0.1.0/24",
            "customer_owned_ipv4_pool": "",
            "enable_dns64": false,
            "enable_lni_at_device_index": 0,
            "enable_resource_name_dns_a_record_on_launch": false,
            "enable_resource_name_dns_aaaa_record_on_launch": false,
            "id": "subnet-00b4180219fe22896",
            "ipv6_cidr_block": "",
            "ipv6_cidr_block_association_id": "",
            "ipv6_native": false,
            "map_customer_owned_ip_on_launch": false,
            "map_public_ip_on_launch": true,
            "outpost_arn": "",
            "owner_id": "243558588266",
            "private_dns_hostname_type_on_launch": "ip-name",
            "tags": {
              "Name": "Public Subnet 2"
            },
            "tags_all": {
              "Name": "Public Subnet 2"
            },
            "timeouts": null,
            "vpc_id": "vpc-0ac41470c4785841b"
          },
          "sensitive_attributes": [],
          "private": "eyJlMmJmYjczMC1lY2FhLTExZTYtOGY4OC0zNDM2M2JjN2M0YzAiOnsiY3JlYXRlIjo2MDAwMDAwMDAwMDAsImRlbGV0ZSI6MTIwMDAwMDAwMDAwMH0sInNjaGVtYV92ZXJzaW9uIjoiMSJ9",
          "dependencies": [
            "module.vpc.aws_vpc.main",
            "module.vpc.data.aws_availability_zones.available"
          ]
        }
      ]
    },
    {
      "module": "module.vpc",
      "mode": "managed",
      "type": "aws_vpc",
      "name": "main",
      "provider": "provider[\"registry.terraform.io/hashicorp/aws\"]",
      "instances": [
        {
          "schema_version": 1,
          "attributes": {
            "arn": "arn:aws:ec2:us-east-1:243558588266:vpc/vpc-0ac41470c4785841b",
            "assign_generated_ipv6_cidr_block": false,
            "cidr_block": "10.0.0.0/16",
            "default_network_acl_id": "acl-05cc6719fe0dd8462",
            "default_route_table_id": "rtb-0dbbc16df46a3a78f",
            "default_security_group_id": "sg-0894b559a7252d230",
            "dhcp_options_id": "dopt-05df1535f8874b120",
            "enable_dns_hostnames": false,
            "enable_dns_support": true,
            "enable_network_address_usage_metrics": false,
            "id": "vpc-0ac41470c4785841b",
            "instance_tenancy": "default",
            "ipv4_ipam_pool_id": null,
            "ipv4_netmask_length": null,
            "ipv6_association_id": "",
            "ipv6_cidr_block": "",
            "ipv6_cidr_block_network_border_group": "",
            "ipv6_ipam_pool_id": "",
            "ipv6_netmask_length": 0,
            "main_route_table_id": "rtb-0dbbc16df46a3a78f",
            "owner_id": "243558588266",
            "tags": {
              "Name": "main-vpc-1182001"
            },
            "tags_all": {
              "Name": "main-vpc-1182001"
            }
          },
          "sensitive_attributes": [],
          "private": "eyJzY2hlbWFfdmVyc2lvbiI6IjEifQ=="
        }
      ]
    }
  ],
  "check_results": null
}
